// !$*UTF8*$!
{
	archiveVersion = 1;
	classes = {
	};
	objectVersion = 50;
	objects = {

/* Begin PBXBuildFile section */
		7E30B46124C38D91003F3679 /* Atomic.swift in Sources */ = {isa = PBXBuildFile; fileRef = 7E30B46024C38D91003F3679 /* Atomic.swift */; };
		7E37A27424BFF676005BA1DF /* Model.xcdatamodeld in Sources */ = {isa = PBXBuildFile; fileRef = 7E37A27224BFF676005BA1DF /* Model.xcdatamodeld */; };
		7E37A29024BFFFCB005BA1DF /* Project+CoreDataClass.swift in Sources */ = {isa = PBXBuildFile; fileRef = 7E37A28C24BFFFCB005BA1DF /* Project+CoreDataClass.swift */; };
		7E37A29124BFFFCB005BA1DF /* Project+CoreDataProperties.swift in Sources */ = {isa = PBXBuildFile; fileRef = 7E37A28D24BFFFCB005BA1DF /* Project+CoreDataProperties.swift */; };
		7E37A29524C00266005BA1DF /* Model.swift in Sources */ = {isa = PBXBuildFile; fileRef = 7E37A29424C00266005BA1DF /* Model.swift */; };
		7E37A29A24C0293E005BA1DF /* Entry+CoreDataClass.swift in Sources */ = {isa = PBXBuildFile; fileRef = 7E37A29624C0293E005BA1DF /* Entry+CoreDataClass.swift */; };
		7E37A29B24C0293E005BA1DF /* Entry+CoreDataProperties.swift in Sources */ = {isa = PBXBuildFile; fileRef = 7E37A29724C0293E005BA1DF /* Entry+CoreDataProperties.swift */; };
		7E37A29C24C0293E005BA1DF /* Task+CoreDataClass.swift in Sources */ = {isa = PBXBuildFile; fileRef = 7E37A29824C0293E005BA1DF /* Task+CoreDataClass.swift */; };
		7E37A29D24C0293E005BA1DF /* Task+CoreDataProperties.swift in Sources */ = {isa = PBXBuildFile; fileRef = 7E37A29924C0293E005BA1DF /* Task+CoreDataProperties.swift */; };
		7E8C04DE23714F0700A0C3A6 /* AppDelegate.swift in Sources */ = {isa = PBXBuildFile; fileRef = 7E8C04DD23714F0700A0C3A6 /* AppDelegate.swift */; };
		7E8C04E023714F0800A0C3A6 /* Assets.xcassets in Resources */ = {isa = PBXBuildFile; fileRef = 7E8C04DF23714F0800A0C3A6 /* Assets.xcassets */; };
		7E8C04EF23714F0800A0C3A6 /* wtfdidTests.swift in Sources */ = {isa = PBXBuildFile; fileRef = 7E8C04EE23714F0800A0C3A6 /* wtfdidTests.swift */; };
		7E8C04FA23714F0800A0C3A6 /* wtfdidUITests.swift in Sources */ = {isa = PBXBuildFile; fileRef = 7E8C04F923714F0800A0C3A6 /* wtfdidUITests.swift */; };
		7EA1DFC024CA99BF003AD2BC /* ScheduledPtnWindowController.swift in Sources */ = {isa = PBXBuildFile; fileRef = 7EA1DFBE24CA99BF003AD2BC /* ScheduledPtnWindowController.swift */; };
		7EA6E22624BD61FD004B9297 /* MainMenu.xib in Resources */ = {isa = PBXBuildFile; fileRef = 7E8C04E123714F0800A0C3A6 /* MainMenu.xib */; };
		7EA6E22824BD6C5F004B9297 /* TaskAdditionViewController.xib in Resources */ = {isa = PBXBuildFile; fileRef = 7EA6E22724BD6C5F004B9297 /* TaskAdditionViewController.xib */; };
		7EE427AB24C42EBD002C51F3 /* AutoCompletingComboBox.swift in Sources */ = {isa = PBXBuildFile; fileRef = 7EE427AA24C42EBD002C51F3 /* AutoCompletingComboBox.swift */; };
		7EFEE80023B15AA7002928A2 /* MainMenu.swift in Sources */ = {isa = PBXBuildFile; fileRef = 7EFEE7FF23B15AA7002928A2 /* MainMenu.swift */; };
		7EFEE80223B16EA6002928A2 /* TaskAdditionViewController.swift in Sources */ = {isa = PBXBuildFile; fileRef = 7EFEE80123B16EA6002928A2 /* TaskAdditionViewController.swift */; };
/* End PBXBuildFile section */

/* Begin PBXContainerItemProxy section */
		7E8C04EB23714F0800A0C3A6 /* PBXContainerItemProxy */ = {
			isa = PBXContainerItemProxy;
			containerPortal = 7E8C04D223714F0700A0C3A6 /* Project object */;
			proxyType = 1;
			remoteGlobalIDString = 7E8C04D923714F0700A0C3A6;
			remoteInfo = wtfdid;
		};
		7E8C04F623714F0800A0C3A6 /* PBXContainerItemProxy */ = {
			isa = PBXContainerItemProxy;
			containerPortal = 7E8C04D223714F0700A0C3A6 /* Project object */;
			proxyType = 1;
			remoteGlobalIDString = 7E8C04D923714F0700A0C3A6;
			remoteInfo = wtfdid;
		};
/* End PBXContainerItemProxy section */

/* Begin PBXFileReference section */
		7E30B46024C38D91003F3679 /* Atomic.swift */ = {isa = PBXFileReference; lastKnownFileType = sourcecode.swift; path = Atomic.swift; sourceTree = "<group>"; };
		7E37A27324BFF676005BA1DF /* Model.xcdatamodel */ = {isa = PBXFileReference; lastKnownFileType = wrapper.xcdatamodel; path = Model.xcdatamodel; sourceTree = "<group>"; };
		7E37A28C24BFFFCB005BA1DF /* Project+CoreDataClass.swift */ = {isa = PBXFileReference; lastKnownFileType = sourcecode.swift; path = "Project+CoreDataClass.swift"; sourceTree = "<group>"; };
		7E37A28D24BFFFCB005BA1DF /* Project+CoreDataProperties.swift */ = {isa = PBXFileReference; lastKnownFileType = sourcecode.swift; path = "Project+CoreDataProperties.swift"; sourceTree = "<group>"; };
		7E37A29424C00266005BA1DF /* Model.swift */ = {isa = PBXFileReference; lastKnownFileType = sourcecode.swift; path = Model.swift; sourceTree = "<group>"; };
		7E37A29624C0293E005BA1DF /* Entry+CoreDataClass.swift */ = {isa = PBXFileReference; lastKnownFileType = sourcecode.swift; path = "Entry+CoreDataClass.swift"; sourceTree = "<group>"; };
		7E37A29724C0293E005BA1DF /* Entry+CoreDataProperties.swift */ = {isa = PBXFileReference; lastKnownFileType = sourcecode.swift; path = "Entry+CoreDataProperties.swift"; sourceTree = "<group>"; };
		7E37A29824C0293E005BA1DF /* Task+CoreDataClass.swift */ = {isa = PBXFileReference; lastKnownFileType = sourcecode.swift; path = "Task+CoreDataClass.swift"; sourceTree = "<group>"; };
		7E37A29924C0293E005BA1DF /* Task+CoreDataProperties.swift */ = {isa = PBXFileReference; lastKnownFileType = sourcecode.swift; path = "Task+CoreDataProperties.swift"; sourceTree = "<group>"; };
		7E8C04DA23714F0700A0C3A6 /* wtfdid.app */ = {isa = PBXFileReference; explicitFileType = wrapper.application; includeInIndex = 0; path = wtfdid.app; sourceTree = BUILT_PRODUCTS_DIR; };
		7E8C04DD23714F0700A0C3A6 /* AppDelegate.swift */ = {isa = PBXFileReference; lastKnownFileType = sourcecode.swift; path = AppDelegate.swift; sourceTree = "<group>"; };
		7E8C04DF23714F0800A0C3A6 /* Assets.xcassets */ = {isa = PBXFileReference; lastKnownFileType = folder.assetcatalog; path = Assets.xcassets; sourceTree = "<group>"; };
		7E8C04E223714F0800A0C3A6 /* Base */ = {isa = PBXFileReference; lastKnownFileType = file.xib; name = Base; path = Base.lproj/MainMenu.xib; sourceTree = "<group>"; };
		7E8C04E423714F0800A0C3A6 /* Info.plist */ = {isa = PBXFileReference; lastKnownFileType = text.plist.xml; path = Info.plist; sourceTree = "<group>"; };
		7E8C04E523714F0800A0C3A6 /* wtfdid.entitlements */ = {isa = PBXFileReference; lastKnownFileType = text.plist.entitlements; path = wtfdid.entitlements; sourceTree = "<group>"; };
		7E8C04EA23714F0800A0C3A6 /* wtfdidTests.xctest */ = {isa = PBXFileReference; explicitFileType = wrapper.cfbundle; includeInIndex = 0; path = wtfdidTests.xctest; sourceTree = BUILT_PRODUCTS_DIR; };
		7E8C04EE23714F0800A0C3A6 /* wtfdidTests.swift */ = {isa = PBXFileReference; lastKnownFileType = sourcecode.swift; path = wtfdidTests.swift; sourceTree = "<group>"; };
		7E8C04F023714F0800A0C3A6 /* Info.plist */ = {isa = PBXFileReference; lastKnownFileType = text.plist.xml; path = Info.plist; sourceTree = "<group>"; };
		7E8C04F523714F0800A0C3A6 /* wtfdidUITests.xctest */ = {isa = PBXFileReference; explicitFileType = wrapper.cfbundle; includeInIndex = 0; path = wtfdidUITests.xctest; sourceTree = BUILT_PRODUCTS_DIR; };
		7E8C04F923714F0800A0C3A6 /* wtfdidUITests.swift */ = {isa = PBXFileReference; lastKnownFileType = sourcecode.swift; path = wtfdidUITests.swift; sourceTree = "<group>"; };
		7E8C04FB23714F0800A0C3A6 /* Info.plist */ = {isa = PBXFileReference; lastKnownFileType = text.plist.xml; path = Info.plist; sourceTree = "<group>"; };
		7EA1DFBE24CA99BF003AD2BC /* ScheduledPtnWindowController.swift */ = {isa = PBXFileReference; lastKnownFileType = sourcecode.swift; path = ScheduledPtnWindowController.swift; sourceTree = "<group>"; };
		7EA6E22724BD6C5F004B9297 /* TaskAdditionViewController.xib */ = {isa = PBXFileReference; lastKnownFileType = file.xib; path = TaskAdditionViewController.xib; sourceTree = "<group>"; };
		7EE427AA24C42EBD002C51F3 /* AutoCompletingComboBox.swift */ = {isa = PBXFileReference; lastKnownFileType = sourcecode.swift; path = AutoCompletingComboBox.swift; sourceTree = "<group>"; };
		7EFEE7FF23B15AA7002928A2 /* MainMenu.swift */ = {isa = PBXFileReference; lastKnownFileType = sourcecode.swift; path = MainMenu.swift; sourceTree = "<group>"; };
		7EFEE80123B16EA6002928A2 /* TaskAdditionViewController.swift */ = {isa = PBXFileReference; lastKnownFileType = sourcecode.swift; path = TaskAdditionViewController.swift; sourceTree = "<group>"; };
/* End PBXFileReference section */

/* Begin PBXFrameworksBuildPhase section */
		7E8C04D723714F0700A0C3A6 /* Frameworks */ = {
			isa = PBXFrameworksBuildPhase;
			buildActionMask = 2147483647;
			files = (
			);
			runOnlyForDeploymentPostprocessing = 0;
		};
		7E8C04E723714F0800A0C3A6 /* Frameworks */ = {
			isa = PBXFrameworksBuildPhase;
			buildActionMask = 2147483647;
			files = (
			);
			runOnlyForDeploymentPostprocessing = 0;
		};
		7E8C04F223714F0800A0C3A6 /* Frameworks */ = {
			isa = PBXFrameworksBuildPhase;
			buildActionMask = 2147483647;
			files = (
			);
			runOnlyForDeploymentPostprocessing = 0;
		};
/* End PBXFrameworksBuildPhase section */

/* Begin PBXGroup section */
		7E2A11DA24C02D38009B18D2 /* Recovered References */ = {
			isa = PBXGroup;
			children = (
			);
			name = "Recovered References";
			sourceTree = "<group>";
		};
		7E37A27524BFF73E005BA1DF /* model */ = {
			isa = PBXGroup;
			children = (
				7E37A28C24BFFFCB005BA1DF /* Project+CoreDataClass.swift */,
				7E37A28D24BFFFCB005BA1DF /* Project+CoreDataProperties.swift */,
				7E37A29824C0293E005BA1DF /* Task+CoreDataClass.swift */,
				7E37A29924C0293E005BA1DF /* Task+CoreDataProperties.swift */,
				7E37A29624C0293E005BA1DF /* Entry+CoreDataClass.swift */,
				7E37A29724C0293E005BA1DF /* Entry+CoreDataProperties.swift */,
				7E37A27224BFF676005BA1DF /* Model.xcdatamodeld */,
				7E37A29424C00266005BA1DF /* Model.swift */,
			);
			path = model;
			sourceTree = "<group>";
		};
		7E8C04D123714F0700A0C3A6 = {
			isa = PBXGroup;
			children = (
				7E8C04DC23714F0700A0C3A6 /* wtfdid */,
				7E8C04ED23714F0800A0C3A6 /* wtfdidTests */,
				7E8C04F823714F0800A0C3A6 /* wtfdidUITests */,
				7E8C04DB23714F0700A0C3A6 /* Products */,
				7E2A11DA24C02D38009B18D2 /* Recovered References */,
			);
			sourceTree = "<group>";
		};
		7E8C04DB23714F0700A0C3A6 /* Products */ = {
			isa = PBXGroup;
			children = (
				7E8C04DA23714F0700A0C3A6 /* wtfdid.app */,
				7E8C04EA23714F0800A0C3A6 /* wtfdidTests.xctest */,
				7E8C04F523714F0800A0C3A6 /* wtfdidUITests.xctest */,
			);
			name = Products;
			sourceTree = "<group>";
		};
		7E8C04DC23714F0700A0C3A6 /* wtfdid */ = {
			isa = PBXGroup;
			children = (
				7E37A27524BFF73E005BA1DF /* model */,
				7E8C04DD23714F0700A0C3A6 /* AppDelegate.swift */,
				7E8C04DF23714F0800A0C3A6 /* Assets.xcassets */,
				7E8C04E123714F0800A0C3A6 /* MainMenu.xib */,
				7EFEE7FF23B15AA7002928A2 /* MainMenu.swift */,
				7E8C04E423714F0800A0C3A6 /* Info.plist */,
				7E8C04E523714F0800A0C3A6 /* wtfdid.entitlements */,
				7EFEE80123B16EA6002928A2 /* TaskAdditionViewController.swift */,
				7EA6E22724BD6C5F004B9297 /* TaskAdditionViewController.xib */,
				7E30B46024C38D91003F3679 /* Atomic.swift */,
				7EE427AA24C42EBD002C51F3 /* AutoCompletingComboBox.swift */,
				7EA1DFBE24CA99BF003AD2BC /* ScheduledPtnWindowController.swift */,
			);
			path = wtfdid;
			sourceTree = "<group>";
		};
		7E8C04ED23714F0800A0C3A6 /* wtfdidTests */ = {
			isa = PBXGroup;
			children = (
				7E8C04EE23714F0800A0C3A6 /* wtfdidTests.swift */,
				7E8C04F023714F0800A0C3A6 /* Info.plist */,
			);
			path = wtfdidTests;
			sourceTree = "<group>";
		};
		7E8C04F823714F0800A0C3A6 /* wtfdidUITests */ = {
			isa = PBXGroup;
			children = (
				7E8C04F923714F0800A0C3A6 /* wtfdidUITests.swift */,
				7E8C04FB23714F0800A0C3A6 /* Info.plist */,
			);
			path = wtfdidUITests;
			sourceTree = "<group>";
		};
/* End PBXGroup section */

/* Begin PBXNativeTarget section */
		7E8C04D923714F0700A0C3A6 /* wtfdid */ = {
			isa = PBXNativeTarget;
			buildConfigurationList = 7E8C04FE23714F0800A0C3A6 /* Build configuration list for PBXNativeTarget "wtfdid" */;
			buildPhases = (
				7E8C04D623714F0700A0C3A6 /* Sources */,
				7E8C04D723714F0700A0C3A6 /* Frameworks */,
				7E8C04D823714F0700A0C3A6 /* Resources */,
			);
			buildRules = (
			);
			dependencies = (
			);
			name = wtfdid;
			productName = wtfdid;
			productReference = 7E8C04DA23714F0700A0C3A6 /* wtfdid.app */;
			productType = "com.apple.product-type.application";
		};
		7E8C04E923714F0800A0C3A6 /* wtfdidTests */ = {
			isa = PBXNativeTarget;
			buildConfigurationList = 7E8C050123714F0800A0C3A6 /* Build configuration list for PBXNativeTarget "wtfdidTests" */;
			buildPhases = (
				7E8C04E623714F0800A0C3A6 /* Sources */,
				7E8C04E723714F0800A0C3A6 /* Frameworks */,
				7E8C04E823714F0800A0C3A6 /* Resources */,
			);
			buildRules = (
			);
			dependencies = (
				7E8C04EC23714F0800A0C3A6 /* PBXTargetDependency */,
			);
			name = wtfdidTests;
			productName = wtfdidTests;
			productReference = 7E8C04EA23714F0800A0C3A6 /* wtfdidTests.xctest */;
			productType = "com.apple.product-type.bundle.unit-test";
		};
		7E8C04F423714F0800A0C3A6 /* wtfdidUITests */ = {
			isa = PBXNativeTarget;
			buildConfigurationList = 7E8C050423714F0800A0C3A6 /* Build configuration list for PBXNativeTarget "wtfdidUITests" */;
			buildPhases = (
				7E8C04F123714F0800A0C3A6 /* Sources */,
				7E8C04F223714F0800A0C3A6 /* Frameworks */,
				7E8C04F323714F0800A0C3A6 /* Resources */,
			);
			buildRules = (
			);
			dependencies = (
				7E8C04F723714F0800A0C3A6 /* PBXTargetDependency */,
			);
			name = wtfdidUITests;
			productName = wtfdidUITests;
			productReference = 7E8C04F523714F0800A0C3A6 /* wtfdidUITests.xctest */;
			productType = "com.apple.product-type.bundle.ui-testing";
		};
/* End PBXNativeTarget section */

/* Begin PBXProject section */
		7E8C04D223714F0700A0C3A6 /* Project object */ = {
			isa = PBXProject;
			attributes = {
				LastSwiftUpdateCheck = 1120;
				LastUpgradeCheck = 1150;
				ORGANIZATIONNAME = "Yuval Shavit";
				TargetAttributes = {
					7E8C04D923714F0700A0C3A6 = {
						CreatedOnToolsVersion = 11.2;
					};
					7E8C04E923714F0800A0C3A6 = {
						CreatedOnToolsVersion = 11.2;
						TestTargetID = 7E8C04D923714F0700A0C3A6;
					};
					7E8C04F423714F0800A0C3A6 = {
						CreatedOnToolsVersion = 11.2;
						TestTargetID = 7E8C04D923714F0700A0C3A6;
					};
				};
			};
			buildConfigurationList = 7E8C04D523714F0700A0C3A6 /* Build configuration list for PBXProject "wtfdid" */;
			compatibilityVersion = "Xcode 9.3";
			developmentRegion = en;
			hasScannedForEncodings = 0;
			knownRegions = (
				en,
				Base,
			);
			mainGroup = 7E8C04D123714F0700A0C3A6;
			productRefGroup = 7E8C04DB23714F0700A0C3A6 /* Products */;
			projectDirPath = "";
			projectRoot = "";
			targets = (
				7E8C04D923714F0700A0C3A6 /* wtfdid */,
				7E8C04E923714F0800A0C3A6 /* wtfdidTests */,
				7E8C04F423714F0800A0C3A6 /* wtfdidUITests */,
			);
		};
/* End PBXProject section */

/* Begin PBXResourcesBuildPhase section */
		7E8C04D823714F0700A0C3A6 /* Resources */ = {
			isa = PBXResourcesBuildPhase;
			buildActionMask = 2147483647;
			files = (
				7E8C04E023714F0800A0C3A6 /* Assets.xcassets in Resources */,
				7EA6E22824BD6C5F004B9297 /* TaskAdditionViewController.xib in Resources */,
				7EA6E22624BD61FD004B9297 /* MainMenu.xib in Resources */,
			);
			runOnlyForDeploymentPostprocessing = 0;
		};
		7E8C04E823714F0800A0C3A6 /* Resources */ = {
			isa = PBXResourcesBuildPhase;
			buildActionMask = 2147483647;
			files = (
			);
			runOnlyForDeploymentPostprocessing = 0;
		};
		7E8C04F323714F0800A0C3A6 /* Resources */ = {
			isa = PBXResourcesBuildPhase;
			buildActionMask = 2147483647;
			files = (
			);
			runOnlyForDeploymentPostprocessing = 0;
		};
/* End PBXResourcesBuildPhase section */

/* Begin PBXSourcesBuildPhase section */
		7E8C04D623714F0700A0C3A6 /* Sources */ = {
			isa = PBXSourcesBuildPhase;
			buildActionMask = 2147483647;
			files = (
				7E37A29524C00266005BA1DF /* Model.swift in Sources */,
				7E8C04DE23714F0700A0C3A6 /* AppDelegate.swift in Sources */,
				7EFEE80223B16EA6002928A2 /* TaskAdditionViewController.swift in Sources */,
				7E37A29B24C0293E005BA1DF /* Entry+CoreDataProperties.swift in Sources */,
				7EE427AB24C42EBD002C51F3 /* AutoCompletingComboBox.swift in Sources */,
				7E30B46124C38D91003F3679 /* Atomic.swift in Sources */,
				7EFEE80023B15AA7002928A2 /* MainMenu.swift in Sources */,
				7E37A27424BFF676005BA1DF /* Model.xcdatamodeld in Sources */,
				7E37A29124BFFFCB005BA1DF /* Project+CoreDataProperties.swift in Sources */,
				7E37A29024BFFFCB005BA1DF /* Project+CoreDataClass.swift in Sources */,
				7E37A29A24C0293E005BA1DF /* Entry+CoreDataClass.swift in Sources */,
				7E37A29D24C0293E005BA1DF /* Task+CoreDataProperties.swift in Sources */,
				7EA1DFC024CA99BF003AD2BC /* ScheduledPtnWindowController.swift in Sources */,
				7E37A29C24C0293E005BA1DF /* Task+CoreDataClass.swift in Sources */,
			);
			runOnlyForDeploymentPostprocessing = 0;
		};
		7E8C04E623714F0800A0C3A6 /* Sources */ = {
			isa = PBXSourcesBuildPhase;
			buildActionMask = 2147483647;
			files = (
				7E8C04EF23714F0800A0C3A6 /* wtfdidTests.swift in Sources */,
			);
			runOnlyForDeploymentPostprocessing = 0;
		};
		7E8C04F123714F0800A0C3A6 /* Sources */ = {
			isa = PBXSourcesBuildPhase;
			buildActionMask = 2147483647;
			files = (
				7E8C04FA23714F0800A0C3A6 /* wtfdidUITests.swift in Sources */,
			);
			runOnlyForDeploymentPostprocessing = 0;
		};
/* End PBXSourcesBuildPhase section */

/* Begin PBXTargetDependency section */
		7E8C04EC23714F0800A0C3A6 /* PBXTargetDependency */ = {
			isa = PBXTargetDependency;
			target = 7E8C04D923714F0700A0C3A6 /* wtfdid */;
			targetProxy = 7E8C04EB23714F0800A0C3A6 /* PBXContainerItemProxy */;
		};
		7E8C04F723714F0800A0C3A6 /* PBXTargetDependency */ = {
			isa = PBXTargetDependency;
			target = 7E8C04D923714F0700A0C3A6 /* wtfdid */;
			targetProxy = 7E8C04F623714F0800A0C3A6 /* PBXContainerItemProxy */;
		};
/* End PBXTargetDependency section */

/* Begin PBXVariantGroup section */
		7E8C04E123714F0800A0C3A6 /* MainMenu.xib */ = {
			isa = PBXVariantGroup;
			children = (
				7E8C04E223714F0800A0C3A6 /* Base */,
			);
			name = MainMenu.xib;
			sourceTree = "<group>";
		};
/* End PBXVariantGroup section */

/* Begin XCBuildConfiguration section */
		7E8C04FC23714F0800A0C3A6 /* Debug */ = {
			isa = XCBuildConfiguration;
			buildSettings = {
				ALWAYS_SEARCH_USER_PATHS = NO;
				CLANG_ANALYZER_NONNULL = YES;
				CLANG_ANALYZER_NUMBER_OBJECT_CONVERSION = YES_AGGRESSIVE;
				CLANG_CXX_LANGUAGE_STANDARD = "gnu++14";
				CLANG_CXX_LIBRARY = "libc++";
				CLANG_ENABLE_MODULES = YES;
				CLANG_ENABLE_OBJC_ARC = YES;
				CLANG_ENABLE_OBJC_WEAK = YES;
				CLANG_WARN_BLOCK_CAPTURE_AUTORELEASING = YES;
				CLANG_WARN_BOOL_CONVERSION = YES;
				CLANG_WARN_COMMA = YES;
				CLANG_WARN_CONSTANT_CONVERSION = YES;
				CLANG_WARN_DEPRECATED_OBJC_IMPLEMENTATIONS = YES;
				CLANG_WARN_DIRECT_OBJC_ISA_USAGE = YES_ERROR;
				CLANG_WARN_DOCUMENTATION_COMMENTS = YES;
				CLANG_WARN_EMPTY_BODY = YES;
				CLANG_WARN_ENUM_CONVERSION = YES;
				CLANG_WARN_INFINITE_RECURSION = YES;
				CLANG_WARN_INT_CONVERSION = YES;
				CLANG_WARN_NON_LITERAL_NULL_CONVERSION = YES;
				CLANG_WARN_OBJC_IMPLICIT_RETAIN_SELF = YES;
				CLANG_WARN_OBJC_LITERAL_CONVERSION = YES;
				CLANG_WARN_OBJC_ROOT_CLASS = YES_ERROR;
				CLANG_WARN_RANGE_LOOP_ANALYSIS = YES;
				CLANG_WARN_STRICT_PROTOTYPES = YES;
				CLANG_WARN_SUSPICIOUS_MOVE = YES;
				CLANG_WARN_UNGUARDED_AVAILABILITY = YES_AGGRESSIVE;
				CLANG_WARN_UNREACHABLE_CODE = YES;
				CLANG_WARN__DUPLICATE_METHOD_MATCH = YES;
				COPY_PHASE_STRIP = NO;
				DEBUG_INFORMATION_FORMAT = dwarf;
				ENABLE_STRICT_OBJC_MSGSEND = YES;
				ENABLE_TESTABILITY = YES;
				GCC_C_LANGUAGE_STANDARD = gnu11;
				GCC_DYNAMIC_NO_PIC = NO;
				GCC_NO_COMMON_BLOCKS = YES;
				GCC_OPTIMIZATION_LEVEL = 0;
				GCC_PREPROCESSOR_DEFINITIONS = (
					"DEBUG=1",
					"$(inherited)",
				);
				GCC_WARN_64_TO_32_BIT_CONVERSION = YES;
				GCC_WARN_ABOUT_RETURN_TYPE = YES_ERROR;
				GCC_WARN_UNDECLARED_SELECTOR = YES;
				GCC_WARN_UNINITIALIZED_AUTOS = YES_AGGRESSIVE;
				GCC_WARN_UNUSED_FUNCTION = YES;
				GCC_WARN_UNUSED_VARIABLE = YES;
				MACOSX_DEPLOYMENT_TARGET = 10.15;
				MTL_ENABLE_DEBUG_INFO = INCLUDE_SOURCE;
				MTL_FAST_MATH = YES;
				ONLY_ACTIVE_ARCH = YES;
				SDKROOT = macosx;
				SWIFT_ACTIVE_COMPILATION_CONDITIONS = DEBUG;
				SWIFT_OPTIMIZATION_LEVEL = "-Onone";
			};
			name = Debug;
		};
		7E8C04FD23714F0800A0C3A6 /* Release */ = {
			isa = XCBuildConfiguration;
			buildSettings = {
				ALWAYS_SEARCH_USER_PATHS = NO;
				CLANG_ANALYZER_NONNULL = YES;
				CLANG_ANALYZER_NUMBER_OBJECT_CONVERSION = YES_AGGRESSIVE;
				CLANG_CXX_LANGUAGE_STANDARD = "gnu++14";
				CLANG_CXX_LIBRARY = "libc++";
				CLANG_ENABLE_MODULES = YES;
				CLANG_ENABLE_OBJC_ARC = YES;
				CLANG_ENABLE_OBJC_WEAK = YES;
				CLANG_WARN_BLOCK_CAPTURE_AUTORELEASING = YES;
				CLANG_WARN_BOOL_CONVERSION = YES;
				CLANG_WARN_COMMA = YES;
				CLANG_WARN_CONSTANT_CONVERSION = YES;
				CLANG_WARN_DEPRECATED_OBJC_IMPLEMENTATIONS = YES;
				CLANG_WARN_DIRECT_OBJC_ISA_USAGE = YES_ERROR;
				CLANG_WARN_DOCUMENTATION_COMMENTS = YES;
				CLANG_WARN_EMPTY_BODY = YES;
				CLANG_WARN_ENUM_CONVERSION = YES;
				CLANG_WARN_INFINITE_RECURSION = YES;
				CLANG_WARN_INT_CONVERSION = YES;
				CLANG_WARN_NON_LITERAL_NULL_CONVERSION = YES;
				CLANG_WARN_OBJC_IMPLICIT_RETAIN_SELF = YES;
				CLANG_WARN_OBJC_LITERAL_CONVERSION = YES;
				CLANG_WARN_OBJC_ROOT_CLASS = YES_ERROR;
				CLANG_WARN_RANGE_LOOP_ANALYSIS = YES;
				CLANG_WARN_STRICT_PROTOTYPES = YES;
				CLANG_WARN_SUSPICIOUS_MOVE = YES;
				CLANG_WARN_UNGUARDED_AVAILABILITY = YES_AGGRESSIVE;
				CLANG_WARN_UNREACHABLE_CODE = YES;
				CLANG_WARN__DUPLICATE_METHOD_MATCH = YES;
				COPY_PHASE_STRIP = NO;
				DEBUG_INFORMATION_FORMAT = "dwarf-with-dsym";
				ENABLE_NS_ASSERTIONS = NO;
				ENABLE_STRICT_OBJC_MSGSEND = YES;
				GCC_C_LANGUAGE_STANDARD = gnu11;
				GCC_NO_COMMON_BLOCKS = YES;
				GCC_WARN_64_TO_32_BIT_CONVERSION = YES;
				GCC_WARN_ABOUT_RETURN_TYPE = YES_ERROR;
				GCC_WARN_UNDECLARED_SELECTOR = YES;
				GCC_WARN_UNINITIALIZED_AUTOS = YES_AGGRESSIVE;
				GCC_WARN_UNUSED_FUNCTION = YES;
				GCC_WARN_UNUSED_VARIABLE = YES;
				MACOSX_DEPLOYMENT_TARGET = 10.15;
				MTL_ENABLE_DEBUG_INFO = NO;
				MTL_FAST_MATH = YES;
				SDKROOT = macosx;
				SWIFT_COMPILATION_MODE = wholemodule;
				SWIFT_OPTIMIZATION_LEVEL = "-O";
			};
			name = Release;
		};
		7E8C04FF23714F0800A0C3A6 /* Debug */ = {
			isa = XCBuildConfiguration;
			buildSettings = {
				ASSETCATALOG_COMPILER_APPICON_NAME = AppIcon;
				CODE_SIGN_ENTITLEMENTS = wtfdid/wtfdid.entitlements;
				CODE_SIGN_IDENTITY = "-";
				CODE_SIGN_STYLE = Automatic;
				COMBINE_HIDPI_IMAGES = YES;
				INFOPLIST_FILE = wtfdid/Info.plist;
				LD_RUNPATH_SEARCH_PATHS = (
					"$(inherited)",
					"@executable_path/../Frameworks",
				);
				PRODUCT_BUNDLE_IDENTIFIER = com.yuvalshavit.wtfdid;
				PRODUCT_NAME = "$(TARGET_NAME)";
				SWIFT_VERSION = 5.0;
			};
			name = Debug;
		};
		7E8C050023714F0800A0C3A6 /* Release */ = {
			isa = XCBuildConfiguration;
			buildSettings = {
				ASSETCATALOG_COMPILER_APPICON_NAME = AppIcon;
				CODE_SIGN_ENTITLEMENTS = wtfdid/wtfdid.entitlements;
				CODE_SIGN_IDENTITY = "-";
				CODE_SIGN_STYLE = Automatic;
				COMBINE_HIDPI_IMAGES = YES;
				INFOPLIST_FILE = wtfdid/Info.plist;
				LD_RUNPATH_SEARCH_PATHS = (
					"$(inherited)",
					"@executable_path/../Frameworks",
				);
				PRODUCT_BUNDLE_IDENTIFIER = com.yuvalshavit.wtfdid;
				PRODUCT_NAME = "$(TARGET_NAME)";
				SWIFT_VERSION = 5.0;
			};
			name = Release;
		};
		7E8C050223714F0800A0C3A6 /* Debug */ = {
			isa = XCBuildConfiguration;
			buildSettings = {
				ALWAYS_EMBED_SWIFT_STANDARD_LIBRARIES = YES;
				BUNDLE_LOADER = "$(TEST_HOST)";
				CODE_SIGN_STYLE = Automatic;
				COMBINE_HIDPI_IMAGES = YES;
				INFOPLIST_FILE = wtfdidTests/Info.plist;
				LD_RUNPATH_SEARCH_PATHS = (
					"$(inherited)",
					"@executable_path/../Frameworks",
					"@loader_path/../Frameworks",
				);
				MACOSX_DEPLOYMENT_TARGET = 10.15;
				PRODUCT_BUNDLE_IDENTIFIER = com.yuvalshavit.wtfdidTests;
				PRODUCT_NAME = "$(TARGET_NAME)";
				SWIFT_VERSION = 5.0;
				TEST_HOST = "$(BUILT_PRODUCTS_DIR)/wtfdid.app/Contents/MacOS/wtfdid";
			};
			name = Debug;
		};
		7E8C050323714F0800A0C3A6 /* Release */ = {
			isa = XCBuildConfiguration;
			buildSettings = {
				ALWAYS_EMBED_SWIFT_STANDARD_LIBRARIES = YES;
				BUNDLE_LOADER = "$(TEST_HOST)";
				CODE_SIGN_STYLE = Automatic;
				COMBINE_HIDPI_IMAGES = YES;
				INFOPLIST_FILE = wtfdidTests/Info.plist;
				LD_RUNPATH_SEARCH_PATHS = (
					"$(inherited)",
					"@executable_path/../Frameworks",
					"@loader_path/../Frameworks",
				);
				MACOSX_DEPLOYMENT_TARGET = 10.15;
				PRODUCT_BUNDLE_IDENTIFIER = com.yuvalshavit.wtfdidTests;
				PRODUCT_NAME = "$(TARGET_NAME)";
				SWIFT_VERSION = 5.0;
				TEST_HOST = "$(BUILT_PRODUCTS_DIR)/wtfdid.app/Contents/MacOS/wtfdid";
			};
			name = Release;
		};
		7E8C050523714F0800A0C3A6 /* Debug */ = {
			isa = XCBuildConfiguration;
			buildSettings = {
				ALWAYS_EMBED_SWIFT_STANDARD_LIBRARIES = YES;
				CODE_SIGN_STYLE = Automatic;
				COMBINE_HIDPI_IMAGES = YES;
				INFOPLIST_FILE = wtfdidUITests/Info.plist;
				LD_RUNPATH_SEARCH_PATHS = (
					"$(inherited)",
					"@executable_path/../Frameworks",
					"@loader_path/../Frameworks",
				);
				PRODUCT_BUNDLE_IDENTIFIER = com.yuvalshavit.wtfdidUITests;
				PRODUCT_NAME = "$(TARGET_NAME)";
				SWIFT_VERSION = 5.0;
				TEST_TARGET_NAME = wtfdid;
			};
			name = Debug;
		};
		7E8C050623714F0800A0C3A6 /* Release */ = {
			isa = XCBuildConfiguration;
			buildSettings = {
				ALWAYS_EMBED_SWIFT_STANDARD_LIBRARIES = YES;
				CODE_SIGN_STYLE = Automatic;
				COMBINE_HIDPI_IMAGES = YES;
				INFOPLIST_FILE = wtfdidUITests/Info.plist;
				LD_RUNPATH_SEARCH_PATHS = (
					"$(inherited)",
					"@executable_path/../Frameworks",
					"@loader_path/../Frameworks",
				);
				PRODUCT_BUNDLE_IDENTIFIER = com.yuvalshavit.wtfdidUITests;
				PRODUCT_NAME = "$(TARGET_NAME)";
				SWIFT_VERSION = 5.0;
				TEST_TARGET_NAME = wtfdid;
			};
			name = Release;
		};
/* End XCBuildConfiguration section */

/* Begin XCConfigurationList section */
		7E8C04D523714F0700A0C3A6 /* Build configuration list for PBXProject "wtfdid" */ = {
			isa = XCConfigurationList;
			buildConfigurations = (
				7E8C04FC23714F0800A0C3A6 /* Debug */,
				7E8C04FD23714F0800A0C3A6 /* Release */,
			);
			defaultConfigurationIsVisible = 0;
			defaultConfigurationName = Release;
		};
		7E8C04FE23714F0800A0C3A6 /* Build configuration list for PBXNativeTarget "wtfdid" */ = {
			isa = XCConfigurationList;
			buildConfigurations = (
				7E8C04FF23714F0800A0C3A6 /* Debug */,
				7E8C050023714F0800A0C3A6 /* Release */,
			);
			defaultConfigurationIsVisible = 0;
			defaultConfigurationName = Release;
		};
		7E8C050123714F0800A0C3A6 /* Build configuration list for PBXNativeTarget "wtfdidTests" */ = {
			isa = XCConfigurationList;
			buildConfigurations = (
				7E8C050223714F0800A0C3A6 /* Debug */,
				7E8C050323714F0800A0C3A6 /* Release */,
			);
			defaultConfigurationIsVisible = 0;
			defaultConfigurationName = Release;
		};
		7E8C050423714F0800A0C3A6 /* Build configuration list for PBXNativeTarget "wtfdidUITests" */ = {
			isa = XCConfigurationList;
			buildConfigurations = (
				7E8C050523714F0800A0C3A6 /* Debug */,
				7E8C050623714F0800A0C3A6 /* Release */,
			);
			defaultConfigurationIsVisible = 0;
			defaultConfigurationName = Release;
		};
/* End XCConfigurationList section */

/* Begin XCVersionGroup section */
		7E37A27224BFF676005BA1DF /* Model.xcdatamodeld */ = {
			isa = XCVersionGroup;
			children = (
				7E37A27324BFF676005BA1DF /* Model.xcdatamodel */,
			);
			currentVersion = 7E37A27324BFF676005BA1DF /* Model.xcdatamodel */;
			path = Model.xcdatamodeld;
			sourceTree = "<group>";
			versionGroupType = wrapper.xcdatamodel;
		};
/* End XCVersionGroup section */
	};
	rootObject = 7E8C04D223714F0700A0C3A6 /* Project object */;
}
