// !$*UTF8*$!
{
	archiveVersion = 1;
	classes = {
	};
	objectVersion = 52;
	objects = {

/* Begin PBXBuildFile section */
		7E07C3B824D121770007FD23 /* DayEndReportController.swift in Sources */ = {isa = PBXBuildFile; fileRef = 7E07C3B624D121770007FD23 /* DayEndReportController.swift */; };
		7E07C3B924D121770007FD23 /* DayEndReportController.xib in Resources */ = {isa = PBXBuildFile; fileRef = 7E07C3B724D121770007FD23 /* DayEndReportController.xib */; };
		7E1C2F5124CE43C40070D8CD /* Version.swift in Sources */ = {isa = PBXBuildFile; fileRef = 7E1C2F5024CE43C40070D8CD /* Version.swift */; };
		7E1EE6622612EEF1003314EE /* CloseConfirmer.swift in Sources */ = {isa = PBXBuildFile; fileRef = 7E1EE6612612EEF1003314EE /* CloseConfirmer.swift */; };
		7E1F9060250C5CC500992B7F /* TimeZone+Helpers.swift in Sources */ = {isa = PBXBuildFile; fileRef = 7E51DA08250BF5C60088864F /* TimeZone+Helpers.swift */; };
		7E2159E625301BFE00EE5A11 /* MainLauncher.xib in Resources */ = {isa = PBXBuildFile; fileRef = 7E2159E525301BFE00EE5A11 /* MainLauncher.xib */; };
		7E30B46124C38D91003F3679 /* Atomic.swift in Sources */ = {isa = PBXBuildFile; fileRef = 7E30B46024C38D91003F3679 /* Atomic.swift */; };
		7E37A27424BFF676005BA1DF /* Model.xcdatamodeld in Sources */ = {isa = PBXBuildFile; fileRef = 7E37A27224BFF676005BA1DF /* Model.xcdatamodeld */; };
		7E37A29024BFFFCB005BA1DF /* Project+CoreDataClass.swift in Sources */ = {isa = PBXBuildFile; fileRef = 7E37A28C24BFFFCB005BA1DF /* Project+CoreDataClass.swift */; };
		7E37A29124BFFFCB005BA1DF /* Project+CoreDataProperties.swift in Sources */ = {isa = PBXBuildFile; fileRef = 7E37A28D24BFFFCB005BA1DF /* Project+CoreDataProperties.swift */; };
		7E37A29524C00266005BA1DF /* Model.swift in Sources */ = {isa = PBXBuildFile; fileRef = 7E37A29424C00266005BA1DF /* Model.swift */; };
		7E37A29A24C0293E005BA1DF /* Entry+CoreDataClass.swift in Sources */ = {isa = PBXBuildFile; fileRef = 7E37A29624C0293E005BA1DF /* Entry+CoreDataClass.swift */; };
		7E37A29B24C0293E005BA1DF /* Entry+CoreDataProperties.swift in Sources */ = {isa = PBXBuildFile; fileRef = 7E37A29724C0293E005BA1DF /* Entry+CoreDataProperties.swift */; };
		7E37A29C24C0293E005BA1DF /* Task+CoreDataClass.swift in Sources */ = {isa = PBXBuildFile; fileRef = 7E37A29824C0293E005BA1DF /* Task+CoreDataClass.swift */; };
		7E37A29D24C0293E005BA1DF /* Task+CoreDataProperties.swift in Sources */ = {isa = PBXBuildFile; fileRef = 7E37A29924C0293E005BA1DF /* Task+CoreDataProperties.swift */; };
		7E4778F024F8F177007BAE8C /* AutocompleteFieldHelper.swift in Sources */ = {isa = PBXBuildFile; fileRef = 7E4778EF24F8F177007BAE8C /* AutocompleteFieldHelper.swift */; };
		7E51DA09250BF5C60088864F /* TimeZone+Helpers.swift in Sources */ = {isa = PBXBuildFile; fileRef = 7E51DA08250BF5C60088864F /* TimeZone+Helpers.swift */; };
		7E579F702503E2920055D9F6 /* SystemClockSchedulerTest.swift in Sources */ = {isa = PBXBuildFile; fileRef = 7E579F6F2503E2910055D9F6 /* SystemClockSchedulerTest.swift */; };
		7E5EFA272619B14A00E7834D /* NSTextField+Helpers.swift in Sources */ = {isa = PBXBuildFile; fileRef = 7E5EFA262619B14A00E7834D /* NSTextField+Helpers.swift */; };
		7E64F02B24FAF01700C988C5 /* XCUIElementQuery+Helpers.swift in Sources */ = {isa = PBXBuildFile; fileRef = 7E64F02A24FAF01700C988C5 /* XCUIElementQuery+Helpers.swift */; };
		7E6C98D22503EF4900A712EB /* DelegatingScheduler.swift in Sources */ = {isa = PBXBuildFile; fileRef = 7E6C98D12503EF4900A712EB /* DelegatingScheduler.swift */; };
		7E6C98D42503F5C600A712EB /* DelegatingSchedulerTest.swift in Sources */ = {isa = PBXBuildFile; fileRef = 7E6C98D32503F5C600A712EB /* DelegatingSchedulerTest.swift */; };
		7E6C98D62506B67F00A712EB /* DummyScheduler.swift in Sources */ = {isa = PBXBuildFile; fileRef = 7E6C98D52506B67F00A712EB /* DummyScheduler.swift */; };
		7E6F2E6D24F38D9E008874FE /* XCTestCase+Helpers.swift in Sources */ = {isa = PBXBuildFile; fileRef = 7E6F2E6C24F38D9E008874FE /* XCTestCase+Helpers.swift */; };
		7E6FF19F252D71060071E58C /* AppDelegate.swift in Sources */ = {isa = PBXBuildFile; fileRef = 7E6FF19E252D71060071E58C /* AppDelegate.swift */; };
		7E6FF1C3252D740F0071E58C /* WhatdidLauncher.app in CopyFiles */ = {isa = PBXBuildFile; fileRef = 7E6FF19C252D71060071E58C /* WhatdidLauncher.app */; settings = {ATTRIBUTES = (RemoveHeadersOnCopy, ); }; };
		7E6FF1CA252D745C0071E58C /* ServiceManagement.framework in Frameworks */ = {isa = PBXBuildFile; fileRef = 7E6FF1C9252D745C0071E58C /* ServiceManagement.framework */; };
		7E75D0A0251D9A790002DBA0 /* ModelTest.swift in Sources */ = {isa = PBXBuildFile; fileRef = 7E75D09F251D9A790002DBA0 /* ModelTest.swift */; };
		7E7B7E6124F2F84000460BC3 /* NSStackView+Helpers.swift in Sources */ = {isa = PBXBuildFile; fileRef = 7E7B7E6024F2F84000460BC3 /* NSStackView+Helpers.swift */; };
		7E7C384B24DF2E5E00CFF3E7 /* FlatEntry.swift in Sources */ = {isa = PBXBuildFile; fileRef = 7E7C384A24DF2E5E00CFF3E7 /* FlatEntry.swift */; };
		7E7C384C24DF2E5E00CFF3E7 /* FlatEntry.swift in Sources */ = {isa = PBXBuildFile; fileRef = 7E7C384A24DF2E5E00CFF3E7 /* FlatEntry.swift */; };
		7E7C384E24DF33A000CFF3E7 /* FlatEntry+Serde.swift in Sources */ = {isa = PBXBuildFile; fileRef = 7E7C384D24DF33A000CFF3E7 /* FlatEntry+Serde.swift */; };
		7E7C384F24DF33A000CFF3E7 /* FlatEntry+Serde.swift in Sources */ = {isa = PBXBuildFile; fileRef = 7E7C384D24DF33A000CFF3E7 /* FlatEntry+Serde.swift */; };
		7E7C385224DF36D000CFF3E7 /* FlatEntry+SerdeTest.swift in Sources */ = {isa = PBXBuildFile; fileRef = 7E7C385124DF36D000CFF3E7 /* FlatEntry+SerdeTest.swift */; };
		7E7C385424DF3A0300CFF3E7 /* PtnViewController+UIHook.swift in Sources */ = {isa = PBXBuildFile; fileRef = 7E7C385324DF3A0300CFF3E7 /* PtnViewController+UIHook.swift */; };
		7E88F5AA2529AB46002B2F2E /* Int+Helpers.swift in Sources */ = {isa = PBXBuildFile; fileRef = 7E88F5A92529AB46002B2F2E /* Int+Helpers.swift */; };
		7E8C04DE23714F0700A0C3A6 /* AppDelegate.swift in Sources */ = {isa = PBXBuildFile; fileRef = 7E8C04DD23714F0700A0C3A6 /* AppDelegate.swift */; };
		7E8C04E023714F0800A0C3A6 /* Assets.xcassets in Resources */ = {isa = PBXBuildFile; fileRef = 7E8C04DF23714F0800A0C3A6 /* Assets.xcassets */; };
		7E8C04FA23714F0800A0C3A6 /* ComponentUITests.swift in Sources */ = {isa = PBXBuildFile; fileRef = 7E8C04F923714F0800A0C3A6 /* ComponentUITests.swift */; };
		7E970D6924DA84AF00F634AB /* UiTestWindow.xib in Resources */ = {isa = PBXBuildFile; fileRef = 7E970D6824DA84AF00F634AB /* UiTestWindow.xib */; };
		7E970D6B24DA850D00F634AB /* UiTestWindow.swift in Sources */ = {isa = PBXBuildFile; fileRef = 7E970D6A24DA850D00F634AB /* UiTestWindow.swift */; };
		7E9C5EAE2606BDFB00D839C4 /* GoalsView.swift in Sources */ = {isa = PBXBuildFile; fileRef = 7E9C5EAD2606BDFB00D839C4 /* GoalsView.swift */; };
		7E9C5EBB260C09AA00D839C4 /* Session+CoreDataClass.swift in Sources */ = {isa = PBXBuildFile; fileRef = 7E9C5EB7260C09AA00D839C4 /* Session+CoreDataClass.swift */; };
		7E9C5EBC260C09AA00D839C4 /* Session+CoreDataProperties.swift in Sources */ = {isa = PBXBuildFile; fileRef = 7E9C5EB8260C09AA00D839C4 /* Session+CoreDataProperties.swift */; };
		7E9C5EBD260C09AA00D839C4 /* Goal+CoreDataClass.swift in Sources */ = {isa = PBXBuildFile; fileRef = 7E9C5EB9260C09AA00D839C4 /* Goal+CoreDataClass.swift */; };
		7E9C5EBE260C09AA00D839C4 /* Goal+CoreDataProperties.swift in Sources */ = {isa = PBXBuildFile; fileRef = 7E9C5EBA260C09AA00D839C4 /* Goal+CoreDataProperties.swift */; };
		7EA1DFC024CA99BF003AD2BC /* MainMenu.swift in Sources */ = {isa = PBXBuildFile; fileRef = 7EA1DFBE24CA99BF003AD2BC /* MainMenu.swift */; };
		7EA6E22624BD61FD004B9297 /* MainMenu.xib in Resources */ = {isa = PBXBuildFile; fileRef = 7E8C04E123714F0800A0C3A6 /* MainMenu.xib */; };
		7EA6E22824BD6C5F004B9297 /* PtnViewController.xib in Resources */ = {isa = PBXBuildFile; fileRef = 7EA6E22724BD6C5F004B9297 /* PtnViewController.xib */; };
		7EAB5ECD24DA366600E18097 /* TimeUtilTest.swift in Sources */ = {isa = PBXBuildFile; fileRef = 7EAB5ECC24DA366600E18097 /* TimeUtilTest.swift */; };
		7EB57AA825187549009E85F5 /* NSApperance+Helpers.swift in Sources */ = {isa = PBXBuildFile; fileRef = 7EB57AA725187548009E85F5 /* NSApperance+Helpers.swift */; };
		7EB7495B251699FD001C7DBC /* KeyboardShortcuts in Frameworks */ = {isa = PBXBuildFile; productRef = 7EB7495A251699FD001C7DBC /* KeyboardShortcuts */; };
		7EB7495D25169A44001C7DBC /* GlobalShortcut.swift in Sources */ = {isa = PBXBuildFile; fileRef = 7EB7495C25169A44001C7DBC /* GlobalShortcut.swift */; };
		7EB7495F2516F9C7001C7DBC /* Prefs.swift in Sources */ = {isa = PBXBuildFile; fileRef = 7EB7495E2516F9C7001C7DBC /* Prefs.swift */; };
		7EB7496125170ED6001C7DBC /* PrefsTest.swift in Sources */ = {isa = PBXBuildFile; fileRef = 7EB7496025170ED6001C7DBC /* PrefsTest.swift */; };
		7EBE61F124DD2739000B2CB3 /* PtnViewControllerTest.swift in Sources */ = {isa = PBXBuildFile; fileRef = 7EBE61F024DD2739000B2CB3 /* PtnViewControllerTest.swift */; };
		7EBE61F324DD28F2000B2CB3 /* XCUIElement+Helpers.swift in Sources */ = {isa = PBXBuildFile; fileRef = 7EBE61F224DD28F2000B2CB3 /* XCUIElement+Helpers.swift */; };
		7ECAF0DD250C9C110004647E /* NSButton+Helpers.swift in Sources */ = {isa = PBXBuildFile; fileRef = 7ECAF0DC250C9C110004647E /* NSButton+Helpers.swift */; };
		7ECAF0DF250D75B70004647E /* WhatdidTextField.swift in Sources */ = {isa = PBXBuildFile; fileRef = 7ECAF0DE250D75B70004647E /* WhatdidTextField.swift */; };
		7ECF97A724F1D50100DBF1BF /* NSControl+Helper.swift in Sources */ = {isa = PBXBuildFile; fileRef = 7ECF97A624F1D50100DBF1BF /* NSControl+Helper.swift */; };
		7EDA368F24D54EA300F5E368 /* FlippedView.swift in Sources */ = {isa = PBXBuildFile; fileRef = 7EDA368E24D54EA300F5E368 /* FlippedView.swift */; };
		7EDA369324D60FCD00F5E368 /* ButtonWithClosure.swift in Sources */ = {isa = PBXBuildFile; fileRef = 7EDA369224D60FCD00F5E368 /* ButtonWithClosure.swift */; };
		7EDA369524D6A95B00F5E368 /* TimeUtil.swift in Sources */ = {isa = PBXBuildFile; fileRef = 7EDA369424D6A95B00F5E368 /* TimeUtil.swift */; };
		7EDD2BC62616EFCB005E6A4B /* TutorialTest.swift in Sources */ = {isa = PBXBuildFile; fileRef = 7EDD2BC52616EFCB005E6A4B /* TutorialTest.swift */; };
		7EDD2BCC2616F06A005E6A4B /* ScheduleTest.swift in Sources */ = {isa = PBXBuildFile; fileRef = 7EDD2BCB2616F06A005E6A4B /* ScheduleTest.swift */; };
		7EDDFF5E250097B30027E91A /* Date+Helpers.swift in Sources */ = {isa = PBXBuildFile; fileRef = 7EDDFF5D250097B30027E91A /* Date+Helpers.swift */; };
		7EDDFF5F250097F20027E91A /* Date+Helpers.swift in Sources */ = {isa = PBXBuildFile; fileRef = 7EDDFF5D250097B30027E91A /* Date+Helpers.swift */; };
		7EE0E74024E4DF4A002D03F8 /* SubsequenceMatcher.swift in Sources */ = {isa = PBXBuildFile; fileRef = 7EE0E73F24E4DF4A002D03F8 /* SubsequenceMatcher.swift */; };
		7EE0E74224E4DF8A002D03F8 /* SubsequenceMatcherTest.swift in Sources */ = {isa = PBXBuildFile; fileRef = 7EE0E74124E4DF8A002D03F8 /* SubsequenceMatcherTest.swift */; };
		7EE0E74624E8899E002D03F8 /* AutoCompletingField.swift in Sources */ = {isa = PBXBuildFile; fileRef = 7EE0E74524E8899E002D03F8 /* AutoCompletingField.swift */; };
		7EE0E74824EA1ECD002D03F8 /* String+Helpers.swift in Sources */ = {isa = PBXBuildFile; fileRef = 7EE0E74724EA1ECD002D03F8 /* String+Helpers.swift */; };
		7EE0E74A24EA22E7002D03F8 /* NSView+Helpers.swift in Sources */ = {isa = PBXBuildFile; fileRef = 7EE0E74924EA22E7002D03F8 /* NSView+Helpers.swift */; };
		7EE250BB2515B8FE0067C5E9 /* PrefsViewController.swift in Sources */ = {isa = PBXBuildFile; fileRef = 7EE250B92515B8FE0067C5E9 /* PrefsViewController.swift */; };
		7EE250BC2515B8FE0067C5E9 /* PrefsViewController.xib in Resources */ = {isa = PBXBuildFile; fileRef = 7EE250BA2515B8FE0067C5E9 /* PrefsViewController.xib */; };
		7EE4E39624E24A3F00552AAF /* ManualTickSchedulerWindow.swift in Sources */ = {isa = PBXBuildFile; fileRef = 7EE4E39524E24A3F00552AAF /* ManualTickSchedulerWindow.swift */; };
		7EE4E39824E2523F00552AAF /* SystemClockScheduler.swift in Sources */ = {isa = PBXBuildFile; fileRef = 7EE4E39724E2523F00552AAF /* SystemClockScheduler.swift */; };
		7EE4E39A24E25C0200552AAF /* DefaultScheduler.swift in Sources */ = {isa = PBXBuildFile; fileRef = 7EE4E39924E25C0200552AAF /* DefaultScheduler.swift */; };
		7EEF324624EA542D002E217A /* NSRange+Helpers.swift in Sources */ = {isa = PBXBuildFile; fileRef = 7EEF324524EA542D002E217A /* NSRange+Helpers.swift */; };
		7EEF324824EA54AD002E217A /* NSRange+HelpersTest.swift in Sources */ = {isa = PBXBuildFile; fileRef = 7EEF324724EA54AD002E217A /* NSRange+HelpersTest.swift */; };
		7EEF62D426195C3800528000 /* DailyReportTest.swift in Sources */ = {isa = PBXBuildFile; fileRef = 7EEF62D326195C3800528000 /* DailyReportTest.swift */; };
		7EEF62E2261964C700528000 /* PrefsUITest.swift in Sources */ = {isa = PBXBuildFile; fileRef = 7EEF62E1261964C700528000 /* PrefsUITest.swift */; };
		7EEF62EC2619660600528000 /* LongSessionPromptTest.swift in Sources */ = {isa = PBXBuildFile; fileRef = 7EEF62EB2619660600528000 /* LongSessionPromptTest.swift */; };
		7EF58F8C2580F180002F9604 /* TutorialViewController.swift in Sources */ = {isa = PBXBuildFile; fileRef = 7EF58F8A2580F180002F9604 /* TutorialViewController.swift */; };
		7EF58F8D2580F180002F9604 /* TutorialViewController.xib in Resources */ = {isa = PBXBuildFile; fileRef = 7EF58F8B2580F180002F9604 /* TutorialViewController.xib */; };
		7EF58FA12584972F002F9604 /* UITestCommonConsts.swift in Sources */ = {isa = PBXBuildFile; fileRef = 7EF58FA02584972F002F9604 /* UITestCommonConsts.swift */; };
		7EF58FA22584972F002F9604 /* UITestCommonConsts.swift in Sources */ = {isa = PBXBuildFile; fileRef = 7EF58FA02584972F002F9604 /* UITestCommonConsts.swift */; };
		7EF8579324E094D100867832 /* OpenCloseHelper.swift in Sources */ = {isa = PBXBuildFile; fileRef = 7EF8579224E094D100867832 /* OpenCloseHelper.swift */; };
		7EF8579524E0961E00867832 /* OpenCloseHelperTest.swift in Sources */ = {isa = PBXBuildFile; fileRef = 7EF8579424E0961E00867832 /* OpenCloseHelperTest.swift */; };
		7EF8579B24E220EA00867832 /* OpenReason.swift in Sources */ = {isa = PBXBuildFile; fileRef = 7EF8579A24E220EA00867832 /* OpenReason.swift */; };
		7EF857A124E2420C00867832 /* Scheduler.swift in Sources */ = {isa = PBXBuildFile; fileRef = 7EF857A024E2420C00867832 /* Scheduler.swift */; };
		7EF857A324E242AB00867832 /* ManualTickScheduler.swift in Sources */ = {isa = PBXBuildFile; fileRef = 7EF857A224E242AB00867832 /* ManualTickScheduler.swift */; };
		7EF883EB260C7D9900170330 /* ExpandableTextField.swift in Sources */ = {isa = PBXBuildFile; fileRef = 7EF883EA260C7D9900170330 /* ExpandableTextField.swift */; };
		7EF883FC260D7DD400170330 /* DayStartController.swift in Sources */ = {isa = PBXBuildFile; fileRef = 7EF883FA260D7DD400170330 /* DayStartController.swift */; };
		7EF883FD260D7DD400170330 /* DayStartController.xib in Resources */ = {isa = PBXBuildFile; fileRef = 7EF883FB260D7DD400170330 /* DayStartController.xib */; };
		7EF884112610139B00170330 /* NSViewController+Helper.swift in Sources */ = {isa = PBXBuildFile; fileRef = 7EF884102610139B00170330 /* NSViewController+Helper.swift */; };
		7EF884172610151A00170330 /* TypeAliases.swift in Sources */ = {isa = PBXBuildFile; fileRef = 7EF884162610151A00170330 /* TypeAliases.swift */; };
		7EF8B9E926158E2200834866 /* UITestBase.swift in Sources */ = {isa = PBXBuildFile; fileRef = 7EF8B9E826158E2200834866 /* UITestBase.swift */; };
		7EF8B9FD2616BCEF00834866 /* AppUITestBase.swift in Sources */ = {isa = PBXBuildFile; fileRef = 7EF8B9FC2616BCEF00834866 /* AppUITestBase.swift */; };
		7EF8BA072616C77A00834866 /* GoalsTest.swift in Sources */ = {isa = PBXBuildFile; fileRef = 7EF8BA062616C77A00834866 /* GoalsTest.swift */; };
		7EFEE80223B16EA6002928A2 /* PtnViewController.swift in Sources */ = {isa = PBXBuildFile; fileRef = 7EFEE80123B16EA6002928A2 /* PtnViewController.swift */; };
/* End PBXBuildFile section */

/* Begin PBXContainerItemProxy section */
		7E8C04EB23714F0800A0C3A6 /* PBXContainerItemProxy */ = {
			isa = PBXContainerItemProxy;
			containerPortal = 7E8C04D223714F0700A0C3A6 /* Project object */;
			proxyType = 1;
			remoteGlobalIDString = 7E8C04D923714F0700A0C3A6;
			remoteInfo = whatdid;
		};
		7E8C04F623714F0800A0C3A6 /* PBXContainerItemProxy */ = {
			isa = PBXContainerItemProxy;
			containerPortal = 7E8C04D223714F0700A0C3A6 /* Project object */;
			proxyType = 1;
			remoteGlobalIDString = 7E8C04D923714F0700A0C3A6;
			remoteInfo = whatdid;
		};
/* End PBXContainerItemProxy section */

/* Begin PBXCopyFilesBuildPhase section */
		7E6FF1C2252D73EA0071E58C /* CopyFiles */ = {
			isa = PBXCopyFilesBuildPhase;
			buildActionMask = 2147483647;
			dstPath = Contents/Library/LoginItems;
			dstSubfolderSpec = 1;
			files = (
				7E6FF1C3252D740F0071E58C /* WhatdidLauncher.app in CopyFiles */,
			);
			runOnlyForDeploymentPostprocessing = 0;
		};
/* End PBXCopyFilesBuildPhase section */

/* Begin PBXFileReference section */
		7E07C3B624D121770007FD23 /* DayEndReportController.swift */ = {isa = PBXFileReference; lastKnownFileType = sourcecode.swift; path = DayEndReportController.swift; sourceTree = "<group>"; };
		7E07C3B724D121770007FD23 /* DayEndReportController.xib */ = {isa = PBXFileReference; lastKnownFileType = file.xib; path = DayEndReportController.xib; sourceTree = "<group>"; };
		7E1C2F5024CE43C40070D8CD /* Version.swift */ = {isa = PBXFileReference; lastKnownFileType = sourcecode.swift; path = Version.swift; sourceTree = "<group>"; };
		7E1EE6612612EEF1003314EE /* CloseConfirmer.swift */ = {isa = PBXFileReference; lastKnownFileType = sourcecode.swift; path = CloseConfirmer.swift; sourceTree = "<group>"; };
		7E2159E525301BFE00EE5A11 /* MainLauncher.xib */ = {isa = PBXFileReference; lastKnownFileType = file.xib; path = MainLauncher.xib; sourceTree = "<group>"; };
		7E30B46024C38D91003F3679 /* Atomic.swift */ = {isa = PBXFileReference; lastKnownFileType = sourcecode.swift; path = Atomic.swift; sourceTree = "<group>"; };
		7E37A27324BFF676005BA1DF /* Model.xcdatamodel */ = {isa = PBXFileReference; lastKnownFileType = wrapper.xcdatamodel; path = Model.xcdatamodel; sourceTree = "<group>"; };
		7E37A28C24BFFFCB005BA1DF /* Project+CoreDataClass.swift */ = {isa = PBXFileReference; lastKnownFileType = sourcecode.swift; path = "Project+CoreDataClass.swift"; sourceTree = "<group>"; };
		7E37A28D24BFFFCB005BA1DF /* Project+CoreDataProperties.swift */ = {isa = PBXFileReference; lastKnownFileType = sourcecode.swift; path = "Project+CoreDataProperties.swift"; sourceTree = "<group>"; };
		7E37A29424C00266005BA1DF /* Model.swift */ = {isa = PBXFileReference; lastKnownFileType = sourcecode.swift; path = Model.swift; sourceTree = "<group>"; };
		7E37A29624C0293E005BA1DF /* Entry+CoreDataClass.swift */ = {isa = PBXFileReference; lastKnownFileType = sourcecode.swift; path = "Entry+CoreDataClass.swift"; sourceTree = "<group>"; };
		7E37A29724C0293E005BA1DF /* Entry+CoreDataProperties.swift */ = {isa = PBXFileReference; lastKnownFileType = sourcecode.swift; path = "Entry+CoreDataProperties.swift"; sourceTree = "<group>"; };
		7E37A29824C0293E005BA1DF /* Task+CoreDataClass.swift */ = {isa = PBXFileReference; lastKnownFileType = sourcecode.swift; path = "Task+CoreDataClass.swift"; sourceTree = "<group>"; };
		7E37A29924C0293E005BA1DF /* Task+CoreDataProperties.swift */ = {isa = PBXFileReference; lastKnownFileType = sourcecode.swift; path = "Task+CoreDataProperties.swift"; sourceTree = "<group>"; };
		7E4778EF24F8F177007BAE8C /* AutocompleteFieldHelper.swift */ = {isa = PBXFileReference; lastKnownFileType = sourcecode.swift; path = AutocompleteFieldHelper.swift; sourceTree = "<group>"; };
		7E51DA08250BF5C60088864F /* TimeZone+Helpers.swift */ = {isa = PBXFileReference; lastKnownFileType = sourcecode.swift; path = "TimeZone+Helpers.swift"; sourceTree = "<group>"; };
		7E579F6F2503E2910055D9F6 /* SystemClockSchedulerTest.swift */ = {isa = PBXFileReference; lastKnownFileType = sourcecode.swift; path = SystemClockSchedulerTest.swift; sourceTree = "<group>"; };
		7E5EFA262619B14A00E7834D /* NSTextField+Helpers.swift */ = {isa = PBXFileReference; lastKnownFileType = sourcecode.swift; path = "NSTextField+Helpers.swift"; sourceTree = "<group>"; };
		7E64F02A24FAF01700C988C5 /* XCUIElementQuery+Helpers.swift */ = {isa = PBXFileReference; lastKnownFileType = sourcecode.swift; path = "XCUIElementQuery+Helpers.swift"; sourceTree = "<group>"; };
		7E6C98D12503EF4900A712EB /* DelegatingScheduler.swift */ = {isa = PBXFileReference; lastKnownFileType = sourcecode.swift; path = DelegatingScheduler.swift; sourceTree = "<group>"; };
		7E6C98D32503F5C600A712EB /* DelegatingSchedulerTest.swift */ = {isa = PBXFileReference; lastKnownFileType = sourcecode.swift; path = DelegatingSchedulerTest.swift; sourceTree = "<group>"; };
		7E6C98D52506B67F00A712EB /* DummyScheduler.swift */ = {isa = PBXFileReference; lastKnownFileType = sourcecode.swift; path = DummyScheduler.swift; sourceTree = "<group>"; };
		7E6F2E6C24F38D9E008874FE /* XCTestCase+Helpers.swift */ = {isa = PBXFileReference; lastKnownFileType = sourcecode.swift; path = "XCTestCase+Helpers.swift"; sourceTree = "<group>"; };
		7E6FF19C252D71060071E58C /* WhatdidLauncher.app */ = {isa = PBXFileReference; explicitFileType = wrapper.application; includeInIndex = 0; path = WhatdidLauncher.app; sourceTree = BUILT_PRODUCTS_DIR; };
		7E6FF19E252D71060071E58C /* AppDelegate.swift */ = {isa = PBXFileReference; lastKnownFileType = sourcecode.swift; path = AppDelegate.swift; sourceTree = "<group>"; };
		7E6FF1A5252D71080071E58C /* Info.plist */ = {isa = PBXFileReference; lastKnownFileType = text.plist.xml; path = Info.plist; sourceTree = "<group>"; };
		7E6FF1A6252D71080071E58C /* WhatdidLauncher.entitlements */ = {isa = PBXFileReference; lastKnownFileType = text.plist.entitlements; path = WhatdidLauncher.entitlements; sourceTree = "<group>"; };
		7E6FF1C9252D745C0071E58C /* ServiceManagement.framework */ = {isa = PBXFileReference; lastKnownFileType = wrapper.framework; name = ServiceManagement.framework; path = System/Library/Frameworks/ServiceManagement.framework; sourceTree = SDKROOT; };
		7E75D09F251D9A790002DBA0 /* ModelTest.swift */ = {isa = PBXFileReference; lastKnownFileType = sourcecode.swift; path = ModelTest.swift; sourceTree = "<group>"; };
		7E784C39253193AA00047EBF /* WhatdidLauncherRelease.entitlements */ = {isa = PBXFileReference; lastKnownFileType = text.plist.entitlements; path = WhatdidLauncherRelease.entitlements; sourceTree = "<group>"; };
		7E7B7E6024F2F84000460BC3 /* NSStackView+Helpers.swift */ = {isa = PBXFileReference; lastKnownFileType = sourcecode.swift; path = "NSStackView+Helpers.swift"; sourceTree = "<group>"; };
		7E7C384A24DF2E5E00CFF3E7 /* FlatEntry.swift */ = {isa = PBXFileReference; lastKnownFileType = sourcecode.swift; path = FlatEntry.swift; sourceTree = "<group>"; };
		7E7C384D24DF33A000CFF3E7 /* FlatEntry+Serde.swift */ = {isa = PBXFileReference; lastKnownFileType = sourcecode.swift; path = "FlatEntry+Serde.swift"; sourceTree = "<group>"; };
		7E7C385124DF36D000CFF3E7 /* FlatEntry+SerdeTest.swift */ = {isa = PBXFileReference; lastKnownFileType = sourcecode.swift; path = "FlatEntry+SerdeTest.swift"; sourceTree = "<group>"; };
		7E7C385324DF3A0300CFF3E7 /* PtnViewController+UIHook.swift */ = {isa = PBXFileReference; lastKnownFileType = sourcecode.swift; path = "PtnViewController+UIHook.swift"; sourceTree = "<group>"; };
		7E88F5A92529AB46002B2F2E /* Int+Helpers.swift */ = {isa = PBXFileReference; lastKnownFileType = sourcecode.swift; path = "Int+Helpers.swift"; sourceTree = "<group>"; };
		7E8C04DA23714F0700A0C3A6 /* whatdid.app */ = {isa = PBXFileReference; explicitFileType = wrapper.application; includeInIndex = 0; path = whatdid.app; sourceTree = BUILT_PRODUCTS_DIR; };
		7E8C04DD23714F0700A0C3A6 /* AppDelegate.swift */ = {isa = PBXFileReference; lastKnownFileType = sourcecode.swift; path = AppDelegate.swift; sourceTree = "<group>"; };
		7E8C04DF23714F0800A0C3A6 /* Assets.xcassets */ = {isa = PBXFileReference; lastKnownFileType = folder.assetcatalog; path = Assets.xcassets; sourceTree = "<group>"; };
		7E8C04E223714F0800A0C3A6 /* Base */ = {isa = PBXFileReference; lastKnownFileType = file.xib; name = Base; path = Base.lproj/MainMenu.xib; sourceTree = "<group>"; };
		7E8C04E423714F0800A0C3A6 /* Info.plist */ = {isa = PBXFileReference; lastKnownFileType = text.plist.xml; path = Info.plist; sourceTree = "<group>"; };
		7E8C04E523714F0800A0C3A6 /* whatdid.entitlements */ = {isa = PBXFileReference; lastKnownFileType = text.plist.entitlements; path = whatdid.entitlements; sourceTree = "<group>"; };
		7E8C04EA23714F0800A0C3A6 /* whatdidTests.xctest */ = {isa = PBXFileReference; explicitFileType = wrapper.cfbundle; includeInIndex = 0; path = whatdidTests.xctest; sourceTree = BUILT_PRODUCTS_DIR; };
		7E8C04F023714F0800A0C3A6 /* Info.plist */ = {isa = PBXFileReference; lastKnownFileType = text.plist.xml; path = Info.plist; sourceTree = "<group>"; };
		7E8C04F523714F0800A0C3A6 /* whatdidUITests.xctest */ = {isa = PBXFileReference; explicitFileType = wrapper.cfbundle; includeInIndex = 0; path = whatdidUITests.xctest; sourceTree = BUILT_PRODUCTS_DIR; };
		7E8C04F923714F0800A0C3A6 /* ComponentUITests.swift */ = {isa = PBXFileReference; lastKnownFileType = sourcecode.swift; path = ComponentUITests.swift; sourceTree = "<group>"; };
		7E8C04FB23714F0800A0C3A6 /* Info.plist */ = {isa = PBXFileReference; lastKnownFileType = text.plist.xml; path = Info.plist; sourceTree = "<group>"; };
		7E970D6824DA84AF00F634AB /* UiTestWindow.xib */ = {isa = PBXFileReference; lastKnownFileType = file.xib; path = UiTestWindow.xib; sourceTree = "<group>"; };
		7E970D6A24DA850D00F634AB /* UiTestWindow.swift */ = {isa = PBXFileReference; lastKnownFileType = sourcecode.swift; path = UiTestWindow.swift; sourceTree = "<group>"; };
		7E9C5EAD2606BDFB00D839C4 /* GoalsView.swift */ = {isa = PBXFileReference; lastKnownFileType = sourcecode.swift; path = GoalsView.swift; sourceTree = "<group>"; };
		7E9C5EB7260C09AA00D839C4 /* Session+CoreDataClass.swift */ = {isa = PBXFileReference; lastKnownFileType = sourcecode.swift; path = "Session+CoreDataClass.swift"; sourceTree = "<group>"; };
		7E9C5EB8260C09AA00D839C4 /* Session+CoreDataProperties.swift */ = {isa = PBXFileReference; lastKnownFileType = sourcecode.swift; path = "Session+CoreDataProperties.swift"; sourceTree = "<group>"; };
		7E9C5EB9260C09AA00D839C4 /* Goal+CoreDataClass.swift */ = {isa = PBXFileReference; lastKnownFileType = sourcecode.swift; path = "Goal+CoreDataClass.swift"; sourceTree = "<group>"; };
		7E9C5EBA260C09AA00D839C4 /* Goal+CoreDataProperties.swift */ = {isa = PBXFileReference; lastKnownFileType = sourcecode.swift; path = "Goal+CoreDataProperties.swift"; sourceTree = "<group>"; };
		7EA1DFBE24CA99BF003AD2BC /* MainMenu.swift */ = {isa = PBXFileReference; lastKnownFileType = sourcecode.swift; path = MainMenu.swift; sourceTree = "<group>"; };
		7EA6E22724BD6C5F004B9297 /* PtnViewController.xib */ = {isa = PBXFileReference; lastKnownFileType = file.xib; path = PtnViewController.xib; sourceTree = "<group>"; };
		7EAB5ECC24DA366600E18097 /* TimeUtilTest.swift */ = {isa = PBXFileReference; lastKnownFileType = sourcecode.swift; name = TimeUtilTest.swift; path = whatdidTests/scheduling/TimeUtilTest.swift; sourceTree = SOURCE_ROOT; };
		7EB57AA725187548009E85F5 /* NSApperance+Helpers.swift */ = {isa = PBXFileReference; lastKnownFileType = sourcecode.swift; path = "NSApperance+Helpers.swift"; sourceTree = "<group>"; };
		7EB7495C25169A44001C7DBC /* GlobalShortcut.swift */ = {isa = PBXFileReference; lastKnownFileType = sourcecode.swift; path = GlobalShortcut.swift; sourceTree = "<group>"; };
		7EB7495E2516F9C7001C7DBC /* Prefs.swift */ = {isa = PBXFileReference; lastKnownFileType = sourcecode.swift; path = Prefs.swift; sourceTree = "<group>"; };
		7EB7496025170ED6001C7DBC /* PrefsTest.swift */ = {isa = PBXFileReference; lastKnownFileType = sourcecode.swift; path = PrefsTest.swift; sourceTree = "<group>"; };
		7EBE61F024DD2739000B2CB3 /* PtnViewControllerTest.swift */ = {isa = PBXFileReference; lastKnownFileType = sourcecode.swift; path = PtnViewControllerTest.swift; sourceTree = "<group>"; };
		7EBE61F224DD28F2000B2CB3 /* XCUIElement+Helpers.swift */ = {isa = PBXFileReference; lastKnownFileType = sourcecode.swift; path = "XCUIElement+Helpers.swift"; sourceTree = "<group>"; };
		7ECAF0DC250C9C110004647E /* NSButton+Helpers.swift */ = {isa = PBXFileReference; lastKnownFileType = sourcecode.swift; path = "NSButton+Helpers.swift"; sourceTree = "<group>"; };
		7ECAF0DE250D75B70004647E /* WhatdidTextField.swift */ = {isa = PBXFileReference; lastKnownFileType = sourcecode.swift; path = WhatdidTextField.swift; sourceTree = "<group>"; };
		7ECF97A624F1D50100DBF1BF /* NSControl+Helper.swift */ = {isa = PBXFileReference; lastKnownFileType = sourcecode.swift; path = "NSControl+Helper.swift"; sourceTree = "<group>"; };
		7EDA368E24D54EA300F5E368 /* FlippedView.swift */ = {isa = PBXFileReference; lastKnownFileType = sourcecode.swift; path = FlippedView.swift; sourceTree = "<group>"; };
		7EDA369224D60FCD00F5E368 /* ButtonWithClosure.swift */ = {isa = PBXFileReference; lastKnownFileType = sourcecode.swift; path = ButtonWithClosure.swift; sourceTree = "<group>"; };
		7EDA369424D6A95B00F5E368 /* TimeUtil.swift */ = {isa = PBXFileReference; lastKnownFileType = sourcecode.swift; path = TimeUtil.swift; sourceTree = "<group>"; };
		7EDD2BC52616EFCB005E6A4B /* TutorialTest.swift */ = {isa = PBXFileReference; lastKnownFileType = sourcecode.swift; path = TutorialTest.swift; sourceTree = "<group>"; };
		7EDD2BCB2616F06A005E6A4B /* ScheduleTest.swift */ = {isa = PBXFileReference; lastKnownFileType = sourcecode.swift; path = ScheduleTest.swift; sourceTree = "<group>"; };
		7EDDFF5D250097B30027E91A /* Date+Helpers.swift */ = {isa = PBXFileReference; lastKnownFileType = sourcecode.swift; path = "Date+Helpers.swift"; sourceTree = "<group>"; };
		7EE0E73F24E4DF4A002D03F8 /* SubsequenceMatcher.swift */ = {isa = PBXFileReference; lastKnownFileType = sourcecode.swift; path = SubsequenceMatcher.swift; sourceTree = "<group>"; };
		7EE0E74124E4DF8A002D03F8 /* SubsequenceMatcherTest.swift */ = {isa = PBXFileReference; lastKnownFileType = sourcecode.swift; path = SubsequenceMatcherTest.swift; sourceTree = "<group>"; };
		7EE0E74524E8899E002D03F8 /* AutoCompletingField.swift */ = {isa = PBXFileReference; lastKnownFileType = sourcecode.swift; path = AutoCompletingField.swift; sourceTree = "<group>"; };
		7EE0E74724EA1ECD002D03F8 /* String+Helpers.swift */ = {isa = PBXFileReference; lastKnownFileType = sourcecode.swift; path = "String+Helpers.swift"; sourceTree = "<group>"; };
		7EE0E74924EA22E7002D03F8 /* NSView+Helpers.swift */ = {isa = PBXFileReference; lastKnownFileType = sourcecode.swift; path = "NSView+Helpers.swift"; sourceTree = "<group>"; };
		7EE250B92515B8FE0067C5E9 /* PrefsViewController.swift */ = {isa = PBXFileReference; lastKnownFileType = sourcecode.swift; path = PrefsViewController.swift; sourceTree = "<group>"; };
		7EE250BA2515B8FE0067C5E9 /* PrefsViewController.xib */ = {isa = PBXFileReference; lastKnownFileType = file.xib; path = PrefsViewController.xib; sourceTree = "<group>"; };
		7EE4E39524E24A3F00552AAF /* ManualTickSchedulerWindow.swift */ = {isa = PBXFileReference; lastKnownFileType = sourcecode.swift; path = ManualTickSchedulerWindow.swift; sourceTree = "<group>"; };
		7EE4E39724E2523F00552AAF /* SystemClockScheduler.swift */ = {isa = PBXFileReference; lastKnownFileType = sourcecode.swift; path = SystemClockScheduler.swift; sourceTree = "<group>"; };
		7EE4E39924E25C0200552AAF /* DefaultScheduler.swift */ = {isa = PBXFileReference; lastKnownFileType = sourcecode.swift; path = DefaultScheduler.swift; sourceTree = "<group>"; };
		7EEF324524EA542D002E217A /* NSRange+Helpers.swift */ = {isa = PBXFileReference; lastKnownFileType = sourcecode.swift; path = "NSRange+Helpers.swift"; sourceTree = "<group>"; };
		7EEF324724EA54AD002E217A /* NSRange+HelpersTest.swift */ = {isa = PBXFileReference; lastKnownFileType = sourcecode.swift; path = "NSRange+HelpersTest.swift"; sourceTree = "<group>"; };
		7EEF62D326195C3800528000 /* DailyReportTest.swift */ = {isa = PBXFileReference; lastKnownFileType = sourcecode.swift; path = DailyReportTest.swift; sourceTree = "<group>"; };
		7EEF62E1261964C700528000 /* PrefsUITest.swift */ = {isa = PBXFileReference; lastKnownFileType = sourcecode.swift; path = PrefsUITest.swift; sourceTree = "<group>"; };
		7EEF62EB2619660600528000 /* LongSessionPromptTest.swift */ = {isa = PBXFileReference; lastKnownFileType = sourcecode.swift; path = LongSessionPromptTest.swift; sourceTree = "<group>"; };
		7EF58F8A2580F180002F9604 /* TutorialViewController.swift */ = {isa = PBXFileReference; lastKnownFileType = sourcecode.swift; path = TutorialViewController.swift; sourceTree = "<group>"; };
		7EF58F8B2580F180002F9604 /* TutorialViewController.xib */ = {isa = PBXFileReference; lastKnownFileType = file.xib; path = TutorialViewController.xib; sourceTree = "<group>"; };
		7EF58FA02584972F002F9604 /* UITestCommonConsts.swift */ = {isa = PBXFileReference; lastKnownFileType = sourcecode.swift; path = UITestCommonConsts.swift; sourceTree = "<group>"; };
		7EF8579224E094D100867832 /* OpenCloseHelper.swift */ = {isa = PBXFileReference; lastKnownFileType = sourcecode.swift; path = OpenCloseHelper.swift; sourceTree = "<group>"; };
		7EF8579424E0961E00867832 /* OpenCloseHelperTest.swift */ = {isa = PBXFileReference; lastKnownFileType = sourcecode.swift; path = OpenCloseHelperTest.swift; sourceTree = "<group>"; };
		7EF8579A24E220EA00867832 /* OpenReason.swift */ = {isa = PBXFileReference; lastKnownFileType = sourcecode.swift; path = OpenReason.swift; sourceTree = "<group>"; };
		7EF857A024E2420C00867832 /* Scheduler.swift */ = {isa = PBXFileReference; lastKnownFileType = sourcecode.swift; path = Scheduler.swift; sourceTree = "<group>"; };
		7EF857A224E242AB00867832 /* ManualTickScheduler.swift */ = {isa = PBXFileReference; lastKnownFileType = sourcecode.swift; path = ManualTickScheduler.swift; sourceTree = "<group>"; };
		7EF883EA260C7D9900170330 /* ExpandableTextField.swift */ = {isa = PBXFileReference; lastKnownFileType = sourcecode.swift; path = ExpandableTextField.swift; sourceTree = "<group>"; };
		7EF883FA260D7DD400170330 /* DayStartController.swift */ = {isa = PBXFileReference; lastKnownFileType = sourcecode.swift; path = DayStartController.swift; sourceTree = "<group>"; };
		7EF883FB260D7DD400170330 /* DayStartController.xib */ = {isa = PBXFileReference; lastKnownFileType = file.xib; path = DayStartController.xib; sourceTree = "<group>"; };
		7EF884102610139B00170330 /* NSViewController+Helper.swift */ = {isa = PBXFileReference; lastKnownFileType = sourcecode.swift; path = "NSViewController+Helper.swift"; sourceTree = "<group>"; };
		7EF884162610151A00170330 /* TypeAliases.swift */ = {isa = PBXFileReference; lastKnownFileType = sourcecode.swift; path = TypeAliases.swift; sourceTree = "<group>"; };
		7EF8B9E826158E2200834866 /* UITestBase.swift */ = {isa = PBXFileReference; lastKnownFileType = sourcecode.swift; path = UITestBase.swift; sourceTree = "<group>"; };
		7EF8B9FC2616BCEF00834866 /* AppUITestBase.swift */ = {isa = PBXFileReference; fileEncoding = 4; lastKnownFileType = sourcecode.swift; path = AppUITestBase.swift; sourceTree = "<group>"; };
		7EF8BA062616C77A00834866 /* GoalsTest.swift */ = {isa = PBXFileReference; lastKnownFileType = sourcecode.swift; path = GoalsTest.swift; sourceTree = "<group>"; };
		7EF9BDCD253183B100B7EC6D /* whatdidRelease.entitlements */ = {isa = PBXFileReference; lastKnownFileType = text.plist.entitlements; path = whatdidRelease.entitlements; sourceTree = "<group>"; };
		7EFEE80123B16EA6002928A2 /* PtnViewController.swift */ = {isa = PBXFileReference; lastKnownFileType = sourcecode.swift; path = PtnViewController.swift; sourceTree = "<group>"; };
/* End PBXFileReference section */

/* Begin PBXFrameworksBuildPhase section */
		7E6FF199252D71060071E58C /* Frameworks */ = {
			isa = PBXFrameworksBuildPhase;
			buildActionMask = 2147483647;
			files = (
			);
			runOnlyForDeploymentPostprocessing = 0;
		};
		7E8C04D723714F0700A0C3A6 /* Frameworks */ = {
			isa = PBXFrameworksBuildPhase;
			buildActionMask = 2147483647;
			files = (
				7EB7495B251699FD001C7DBC /* KeyboardShortcuts in Frameworks */,
				7E6FF1CA252D745C0071E58C /* ServiceManagement.framework in Frameworks */,
			);
			runOnlyForDeploymentPostprocessing = 0;
		};
		7E8C04E723714F0800A0C3A6 /* Frameworks */ = {
			isa = PBXFrameworksBuildPhase;
			buildActionMask = 2147483647;
			files = (
			);
			runOnlyForDeploymentPostprocessing = 0;
		};
		7E8C04F223714F0800A0C3A6 /* Frameworks */ = {
			isa = PBXFrameworksBuildPhase;
			buildActionMask = 2147483647;
			files = (
			);
			runOnlyForDeploymentPostprocessing = 0;
		};
/* End PBXFrameworksBuildPhase section */

/* Begin PBXGroup section */
		7E2A11DA24C02D38009B18D2 /* Recovered References */ = {
			isa = PBXGroup;
			children = (
			);
			name = "Recovered References";
			sourceTree = "<group>";
		};
		7E37A27524BFF73E005BA1DF /* model */ = {
			isa = PBXGroup;
			children = (
				7E9C5EB7260C09AA00D839C4 /* Session+CoreDataClass.swift */,
				7E9C5EB8260C09AA00D839C4 /* Session+CoreDataProperties.swift */,
				7E9C5EB9260C09AA00D839C4 /* Goal+CoreDataClass.swift */,
				7E9C5EBA260C09AA00D839C4 /* Goal+CoreDataProperties.swift */,
				7E37A28C24BFFFCB005BA1DF /* Project+CoreDataClass.swift */,
				7E37A28D24BFFFCB005BA1DF /* Project+CoreDataProperties.swift */,
				7E37A29824C0293E005BA1DF /* Task+CoreDataClass.swift */,
				7E37A29924C0293E005BA1DF /* Task+CoreDataProperties.swift */,
				7E37A29624C0293E005BA1DF /* Entry+CoreDataClass.swift */,
				7E37A29724C0293E005BA1DF /* Entry+CoreDataProperties.swift */,
				7E37A27224BFF676005BA1DF /* Model.xcdatamodeld */,
				7E37A29424C00266005BA1DF /* Model.swift */,
				7E7C384A24DF2E5E00CFF3E7 /* FlatEntry.swift */,
				7E7C384D24DF33A000CFF3E7 /* FlatEntry+Serde.swift */,
			);
			path = model;
			sourceTree = "<group>";
		};
		7E579F6E2503E2740055D9F6 /* scheduling */ = {
			isa = PBXGroup;
			children = (
				7E6C98D32503F5C600A712EB /* DelegatingSchedulerTest.swift */,
				7E6C98D52506B67F00A712EB /* DummyScheduler.swift */,
				7EF8579424E0961E00867832 /* OpenCloseHelperTest.swift */,
				7E579F6F2503E2910055D9F6 /* SystemClockSchedulerTest.swift */,
				7EAB5ECC24DA366600E18097 /* TimeUtilTest.swift */,
			);
			path = scheduling;
			sourceTree = "<group>";
		};
		7E6FF19D252D71060071E58C /* WhatdidLauncher */ = {
			isa = PBXGroup;
			children = (
				7E6FF19E252D71060071E58C /* AppDelegate.swift */,
				7E2159E525301BFE00EE5A11 /* MainLauncher.xib */,
				7E6FF1A5252D71080071E58C /* Info.plist */,
				7E6FF1A6252D71080071E58C /* WhatdidLauncher.entitlements */,
				7E784C39253193AA00047EBF /* WhatdidLauncherRelease.entitlements */,
			);
			path = WhatdidLauncher;
			sourceTree = "<group>";
		};
		7E6FF1C8252D745C0071E58C /* Frameworks */ = {
			isa = PBXGroup;
			children = (
				7E6FF1C9252D745C0071E58C /* ServiceManagement.framework */,
			);
			name = Frameworks;
			sourceTree = "<group>";
		};
		7E75D09E251D9A500002DBA0 /* model */ = {
			isa = PBXGroup;
			children = (
				7E75D09F251D9A790002DBA0 /* ModelTest.swift */,
			);
			path = model;
			sourceTree = "<group>";
		};
		7E7C385024DF36B300CFF3E7 /* model */ = {
			isa = PBXGroup;
			children = (
				7E7C385124DF36D000CFF3E7 /* FlatEntry+SerdeTest.swift */,
			);
			path = model;
			sourceTree = "<group>";
		};
		7E8C04D123714F0700A0C3A6 = {
			isa = PBXGroup;
			children = (
				7E8C04DC23714F0700A0C3A6 /* whatdid */,
				7E8C04ED23714F0800A0C3A6 /* whatdidTests */,
				7E8C04F823714F0800A0C3A6 /* whatdidUITests */,
				7E6FF19D252D71060071E58C /* WhatdidLauncher */,
				7E8C04DB23714F0700A0C3A6 /* Products */,
				7E2A11DA24C02D38009B18D2 /* Recovered References */,
				7E6FF1C8252D745C0071E58C /* Frameworks */,
			);
			sourceTree = "<group>";
		};
		7E8C04DB23714F0700A0C3A6 /* Products */ = {
			isa = PBXGroup;
			children = (
				7E8C04DA23714F0700A0C3A6 /* whatdid.app */,
				7E8C04EA23714F0800A0C3A6 /* whatdidTests.xctest */,
				7E8C04F523714F0800A0C3A6 /* whatdidUITests.xctest */,
				7E6FF19C252D71060071E58C /* WhatdidLauncher.app */,
			);
			name = Products;
			sourceTree = "<group>";
		};
		7E8C04DC23714F0700A0C3A6 /* whatdid */ = {
			isa = PBXGroup;
			children = (
				7EAC528A24CFC94700A13B72 /* boilerplate */,
				7EF8B9CC2615777D00834866 /* controllers */,
				7EF8B9CF2615790C00834866 /* extensions */,
				7EF8B9CD261577EE00834866 /* main */,
				7E37A27524BFF73E005BA1DF /* model */,
				7EF8579F24E241E800867832 /* scheduling */,
				7E970D6424DA817B00F634AB /* ui_testhook */,
				7EAC528924CFC90800A13B72 /* util */,
				7EF8B9CE2615786E00834866 /* views */,
			);
			path = whatdid;
			sourceTree = "<group>";
		};
		7E8C04ED23714F0800A0C3A6 /* whatdidTests */ = {
			isa = PBXGroup;
			children = (
				7EF8B9D026157A0700834866 /* extensions */,
				7E8C04F023714F0800A0C3A6 /* Info.plist */,
				7E75D09E251D9A500002DBA0 /* model */,
				7E579F6E2503E2740055D9F6 /* scheduling */,
				7EE9A1C024DA35F200EE0FB1 /* util */,
			);
			path = whatdidTests;
			sourceTree = "<group>";
		};
		7E8C04F823714F0800A0C3A6 /* whatdidUITests */ = {
			isa = PBXGroup;
			children = (
				7EF8B9DC26158D4E00834866 /* app */,
				7EF8B9DD26158D6200834866 /* component */,
				7EF8B9D926158CEF00834866 /* extensions */,
				7E8C04FB23714F0800A0C3A6 /* Info.plist */,
				7E7C385024DF36B300CFF3E7 /* model */,
				7EF8B9E826158E2200834866 /* UITestBase.swift */,
				7EF8B9DA26158D2400834866 /* util */,
			);
			path = whatdidUITests;
			sourceTree = "<group>";
		};
		7E970D6424DA817B00F634AB /* ui_testhook */ = {
			isa = PBXGroup;
			children = (
				7EE4E39524E24A3F00552AAF /* ManualTickSchedulerWindow.swift */,
				7E7C385324DF3A0300CFF3E7 /* PtnViewController+UIHook.swift */,
				7EF58FA02584972F002F9604 /* UITestCommonConsts.swift */,
				7E970D6A24DA850D00F634AB /* UiTestWindow.swift */,
				7E970D6824DA84AF00F634AB /* UiTestWindow.xib */,
			);
			path = ui_testhook;
			sourceTree = "<group>";
		};
		7EAC528924CFC90800A13B72 /* util */ = {
			isa = PBXGroup;
			children = (
				7E30B46024C38D91003F3679 /* Atomic.swift */,
				7EB7495E2516F9C7001C7DBC /* Prefs.swift */,
				7EE0E73F24E4DF4A002D03F8 /* SubsequenceMatcher.swift */,
				7EF884162610151A00170330 /* TypeAliases.swift */,
				7E1C2F5024CE43C40070D8CD /* Version.swift */,
			);
			path = util;
			sourceTree = "<group>";
		};
		7EAC528A24CFC94700A13B72 /* boilerplate */ = {
			isa = PBXGroup;
			children = (
				7E8C04DF23714F0800A0C3A6 /* Assets.xcassets */,
				7E8C04E423714F0800A0C3A6 /* Info.plist */,
				7E8C04E523714F0800A0C3A6 /* whatdid.entitlements */,
				7EF9BDCD253183B100B7EC6D /* whatdidRelease.entitlements */,
			);
			name = boilerplate;
			sourceTree = "<group>";
		};
		7EE9A1C024DA35F200EE0FB1 /* util */ = {
			isa = PBXGroup;
			children = (
				7EB7496025170ED6001C7DBC /* PrefsTest.swift */,
				7EE0E74124E4DF8A002D03F8 /* SubsequenceMatcherTest.swift */,
			);
			path = util;
			sourceTree = "<group>";
		};
		7EF8579F24E241E800867832 /* scheduling */ = {
			isa = PBXGroup;
			children = (
				7EE4E39924E25C0200552AAF /* DefaultScheduler.swift */,
				7E6C98D12503EF4900A712EB /* DelegatingScheduler.swift */,
				7EF857A224E242AB00867832 /* ManualTickScheduler.swift */,
				7EF8579224E094D100867832 /* OpenCloseHelper.swift */,
				7EF8579A24E220EA00867832 /* OpenReason.swift */,
				7EF857A024E2420C00867832 /* Scheduler.swift */,
				7EE4E39724E2523F00552AAF /* SystemClockScheduler.swift */,
				7EDA369424D6A95B00F5E368 /* TimeUtil.swift */,
			);
			path = scheduling;
			sourceTree = "<group>";
		};
		7EF8B9CC2615777D00834866 /* controllers */ = {
			isa = PBXGroup;
			children = (
				7E1EE6612612EEF1003314EE /* CloseConfirmer.swift */,
				7E07C3B624D121770007FD23 /* DayEndReportController.swift */,
				7E07C3B724D121770007FD23 /* DayEndReportController.xib */,
				7EF883FA260D7DD400170330 /* DayStartController.swift */,
				7EF883FB260D7DD400170330 /* DayStartController.xib */,
				7EE250B92515B8FE0067C5E9 /* PrefsViewController.swift */,
				7EE250BA2515B8FE0067C5E9 /* PrefsViewController.xib */,
				7EFEE80123B16EA6002928A2 /* PtnViewController.swift */,
				7EA6E22724BD6C5F004B9297 /* PtnViewController.xib */,
				7EF58F8A2580F180002F9604 /* TutorialViewController.swift */,
				7EF58F8B2580F180002F9604 /* TutorialViewController.xib */,
			);
			path = controllers;
			sourceTree = "<group>";
		};
		7EF8B9CD261577EE00834866 /* main */ = {
			isa = PBXGroup;
			children = (
				7E8C04DD23714F0700A0C3A6 /* AppDelegate.swift */,
				7EE0E74524E8899E002D03F8 /* AutoCompletingField.swift */,
				7EB7495C25169A44001C7DBC /* GlobalShortcut.swift */,
				7EA1DFBE24CA99BF003AD2BC /* MainMenu.swift */,
				7E8C04E123714F0800A0C3A6 /* MainMenu.xib */,
			);
			path = main;
			sourceTree = "<group>";
		};
		7EF8B9CE2615786E00834866 /* views */ = {
			isa = PBXGroup;
			children = (
				7EDA369224D60FCD00F5E368 /* ButtonWithClosure.swift */,
				7EF883EA260C7D9900170330 /* ExpandableTextField.swift */,
				7EDA368E24D54EA300F5E368 /* FlippedView.swift */,
				7E9C5EAD2606BDFB00D839C4 /* GoalsView.swift */,
				7ECAF0DE250D75B70004647E /* WhatdidTextField.swift */,
			);
			path = views;
			sourceTree = "<group>";
		};
		7EF8B9CF2615790C00834866 /* extensions */ = {
			isa = PBXGroup;
			children = (
				7EDDFF5D250097B30027E91A /* Date+Helpers.swift */,
				7E88F5A92529AB46002B2F2E /* Int+Helpers.swift */,
				7EB57AA725187548009E85F5 /* NSApperance+Helpers.swift */,
				7ECAF0DC250C9C110004647E /* NSButton+Helpers.swift */,
				7ECF97A624F1D50100DBF1BF /* NSControl+Helper.swift */,
				7EEF324524EA542D002E217A /* NSRange+Helpers.swift */,
				7E7B7E6024F2F84000460BC3 /* NSStackView+Helpers.swift */,
				7E5EFA262619B14A00E7834D /* NSTextField+Helpers.swift */,
				7EE0E74924EA22E7002D03F8 /* NSView+Helpers.swift */,
				7EF884102610139B00170330 /* NSViewController+Helper.swift */,
				7EE0E74724EA1ECD002D03F8 /* String+Helpers.swift */,
				7E51DA08250BF5C60088864F /* TimeZone+Helpers.swift */,
			);
			path = extensions;
			sourceTree = "<group>";
		};
		7EF8B9D026157A0700834866 /* extensions */ = {
			isa = PBXGroup;
			children = (
				7EEF324724EA54AD002E217A /* NSRange+HelpersTest.swift */,
			);
			path = extensions;
			sourceTree = "<group>";
		};
		7EF8B9D926158CEF00834866 /* extensions */ = {
			isa = PBXGroup;
			children = (
				7E6F2E6C24F38D9E008874FE /* XCTestCase+Helpers.swift */,
				7EBE61F224DD28F2000B2CB3 /* XCUIElement+Helpers.swift */,
				7E64F02A24FAF01700C988C5 /* XCUIElementQuery+Helpers.swift */,
			);
			path = extensions;
			sourceTree = "<group>";
		};
		7EF8B9DA26158D2400834866 /* util */ = {
			isa = PBXGroup;
			children = (
				7E4778EF24F8F177007BAE8C /* AutocompleteFieldHelper.swift */,
			);
			path = util;
			sourceTree = "<group>";
		};
		7EF8B9DC26158D4E00834866 /* app */ = {
			isa = PBXGroup;
			children = (
				7EF8B9FC2616BCEF00834866 /* AppUITestBase.swift */,
				7EEF62D326195C3800528000 /* DailyReportTest.swift */,
				7EF8BA062616C77A00834866 /* GoalsTest.swift */,
				7EEF62EB2619660600528000 /* LongSessionPromptTest.swift */,
				7EEF62E1261964C700528000 /* PrefsUITest.swift */,
				7EBE61F024DD2739000B2CB3 /* PtnViewControllerTest.swift */,
				7EDD2BCB2616F06A005E6A4B /* ScheduleTest.swift */,
				7EDD2BC52616EFCB005E6A4B /* TutorialTest.swift */,
			);
			path = app;
			sourceTree = "<group>";
		};
		7EF8B9DD26158D6200834866 /* component */ = {
			isa = PBXGroup;
			children = (
				7E8C04F923714F0800A0C3A6 /* ComponentUITests.swift */,
			);
			path = component;
			sourceTree = "<group>";
		};
/* End PBXGroup section */

/* Begin PBXNativeTarget section */
		7E6FF19B252D71060071E58C /* WhatdidLauncher */ = {
			isa = PBXNativeTarget;
			buildConfigurationList = 7E6FF1AA252D71080071E58C /* Build configuration list for PBXNativeTarget "WhatdidLauncher" */;
			buildPhases = (
				7E6FF198252D71060071E58C /* Sources */,
				7E6FF199252D71060071E58C /* Frameworks */,
				7E6FF19A252D71060071E58C /* Resources */,
			);
			buildRules = (
			);
			dependencies = (
			);
			name = WhatdidLauncher;
			productName = WhatdidLauncher;
			productReference = 7E6FF19C252D71060071E58C /* WhatdidLauncher.app */;
			productType = "com.apple.product-type.application";
		};
		7E8C04D923714F0700A0C3A6 /* whatdid */ = {
			isa = PBXNativeTarget;
			buildConfigurationList = 7E8C04FE23714F0800A0C3A6 /* Build configuration list for PBXNativeTarget "whatdid" */;
			buildPhases = (
				7E8C04D623714F0700A0C3A6 /* Sources */,
				7E8C04D723714F0700A0C3A6 /* Frameworks */,
				7E8C04D823714F0700A0C3A6 /* Resources */,
				7E1C2F4F24CE33780070D8CD /* Set gitsha in Info.plist */,
				7E6FF1C2252D73EA0071E58C /* CopyFiles */,
			);
			buildRules = (
			);
			dependencies = (
			);
			name = whatdid;
			packageProductDependencies = (
				7EB7495A251699FD001C7DBC /* KeyboardShortcuts */,
			);
			productName = whatdid;
			productReference = 7E8C04DA23714F0700A0C3A6 /* whatdid.app */;
			productType = "com.apple.product-type.application";
		};
		7E8C04E923714F0800A0C3A6 /* whatdidTests */ = {
			isa = PBXNativeTarget;
			buildConfigurationList = 7E8C050123714F0800A0C3A6 /* Build configuration list for PBXNativeTarget "whatdidTests" */;
			buildPhases = (
				7E8C04E623714F0800A0C3A6 /* Sources */,
				7E8C04E723714F0800A0C3A6 /* Frameworks */,
				7E8C04E823714F0800A0C3A6 /* Resources */,
			);
			buildRules = (
			);
			dependencies = (
				7E8C04EC23714F0800A0C3A6 /* PBXTargetDependency */,
			);
			name = whatdidTests;
			productName = whatdidTests;
			productReference = 7E8C04EA23714F0800A0C3A6 /* whatdidTests.xctest */;
			productType = "com.apple.product-type.bundle.unit-test";
		};
		7E8C04F423714F0800A0C3A6 /* whatdidUITests */ = {
			isa = PBXNativeTarget;
			buildConfigurationList = 7E8C050423714F0800A0C3A6 /* Build configuration list for PBXNativeTarget "whatdidUITests" */;
			buildPhases = (
				7E8C04F123714F0800A0C3A6 /* Sources */,
				7E8C04F223714F0800A0C3A6 /* Frameworks */,
				7E8C04F323714F0800A0C3A6 /* Resources */,
			);
			buildRules = (
			);
			dependencies = (
				7E8C04F723714F0800A0C3A6 /* PBXTargetDependency */,
			);
			name = whatdidUITests;
			productName = whatdidUITests;
			productReference = 7E8C04F523714F0800A0C3A6 /* whatdidUITests.xctest */;
			productType = "com.apple.product-type.bundle.ui-testing";
		};
/* End PBXNativeTarget section */

/* Begin PBXProject section */
		7E8C04D223714F0700A0C3A6 /* Project object */ = {
			isa = PBXProject;
			attributes = {
				LastSwiftUpdateCheck = 1200;
				LastUpgradeCheck = 1150;
				ORGANIZATIONNAME = "Yuval Shavit";
				TargetAttributes = {
					7E6FF19B252D71060071E58C = {
						CreatedOnToolsVersion = 12.0.1;
					};
					7E8C04D923714F0700A0C3A6 = {
						CreatedOnToolsVersion = 11.2;
					};
					7E8C04E923714F0800A0C3A6 = {
						CreatedOnToolsVersion = 11.2;
						TestTargetID = 7E8C04D923714F0700A0C3A6;
					};
					7E8C04F423714F0800A0C3A6 = {
						CreatedOnToolsVersion = 11.2;
						TestTargetID = 7E8C04D923714F0700A0C3A6;
					};
				};
			};
			buildConfigurationList = 7E8C04D523714F0700A0C3A6 /* Build configuration list for PBXProject "whatdid" */;
			compatibilityVersion = "Xcode 9.3";
			developmentRegion = en;
			hasScannedForEncodings = 0;
			knownRegions = (
				en,
				Base,
			);
			mainGroup = 7E8C04D123714F0700A0C3A6;
			packageReferences = (
				7EB74959251699FD001C7DBC /* XCRemoteSwiftPackageReference "KeyboardShortcuts" */,
			);
			productRefGroup = 7E8C04DB23714F0700A0C3A6 /* Products */;
			projectDirPath = "";
			projectRoot = "";
			targets = (
				7E8C04D923714F0700A0C3A6 /* whatdid */,
				7E8C04E923714F0800A0C3A6 /* whatdidTests */,
				7E8C04F423714F0800A0C3A6 /* whatdidUITests */,
				7E6FF19B252D71060071E58C /* WhatdidLauncher */,
			);
		};
/* End PBXProject section */

/* Begin PBXResourcesBuildPhase section */
		7E6FF19A252D71060071E58C /* Resources */ = {
			isa = PBXResourcesBuildPhase;
			buildActionMask = 2147483647;
			files = (
				7E2159E625301BFE00EE5A11 /* MainLauncher.xib in Resources */,
			);
			runOnlyForDeploymentPostprocessing = 0;
		};
		7E8C04D823714F0700A0C3A6 /* Resources */ = {
			isa = PBXResourcesBuildPhase;
			buildActionMask = 2147483647;
			files = (
				7E07C3B924D121770007FD23 /* DayEndReportController.xib in Resources */,
				7EE250BC2515B8FE0067C5E9 /* PrefsViewController.xib in Resources */,
				7E8C04E023714F0800A0C3A6 /* Assets.xcassets in Resources */,
				7EF58F8D2580F180002F9604 /* TutorialViewController.xib in Resources */,
				7EA6E22824BD6C5F004B9297 /* PtnViewController.xib in Resources */,
				7EA6E22624BD61FD004B9297 /* MainMenu.xib in Resources */,
				7E970D6924DA84AF00F634AB /* UiTestWindow.xib in Resources */,
				7EF883FD260D7DD400170330 /* DayStartController.xib in Resources */,
			);
			runOnlyForDeploymentPostprocessing = 0;
		};
		7E8C04E823714F0800A0C3A6 /* Resources */ = {
			isa = PBXResourcesBuildPhase;
			buildActionMask = 2147483647;
			files = (
			);
			runOnlyForDeploymentPostprocessing = 0;
		};
		7E8C04F323714F0800A0C3A6 /* Resources */ = {
			isa = PBXResourcesBuildPhase;
			buildActionMask = 2147483647;
			files = (
			);
			runOnlyForDeploymentPostprocessing = 0;
		};
/* End PBXResourcesBuildPhase section */

/* Begin PBXShellScriptBuildPhase section */
		7E1C2F4F24CE33780070D8CD /* Set gitsha in Info.plist */ = {
			isa = PBXShellScriptBuildPhase;
			buildActionMask = 2147483647;
			files = (
			);
			inputFileListPaths = (
			);
			inputPaths = (
			);
			name = "Set gitsha in Info.plist";
			outputFileListPaths = (
			);
			outputPaths = (
			);
			runOnlyForDeploymentPostprocessing = 0;
			shellPath = /bin/sh;
			shellScript = "$SRCROOT/buildscripts/set_plist_build.sh\n";
		};
/* End PBXShellScriptBuildPhase section */

/* Begin PBXSourcesBuildPhase section */
		7E6FF198252D71060071E58C /* Sources */ = {
			isa = PBXSourcesBuildPhase;
			buildActionMask = 2147483647;
			files = (
				7E6FF19F252D71060071E58C /* AppDelegate.swift in Sources */,
			);
			runOnlyForDeploymentPostprocessing = 0;
		};
		7E8C04D623714F0700A0C3A6 /* Sources */ = {
			isa = PBXSourcesBuildPhase;
			buildActionMask = 2147483647;
			files = (
				7EDDFF5E250097B30027E91A /* Date+Helpers.swift in Sources */,
				7E37A29524C00266005BA1DF /* Model.swift in Sources */,
				7E8C04DE23714F0700A0C3A6 /* AppDelegate.swift in Sources */,
				7EDA368F24D54EA300F5E368 /* FlippedView.swift in Sources */,
				7EB7495D25169A44001C7DBC /* GlobalShortcut.swift in Sources */,
				7EF857A324E242AB00867832 /* ManualTickScheduler.swift in Sources */,
				7E7C384E24DF33A000CFF3E7 /* FlatEntry+Serde.swift in Sources */,
				7EE4E39824E2523F00552AAF /* SystemClockScheduler.swift in Sources */,
				7EEF324624EA542D002E217A /* NSRange+Helpers.swift in Sources */,
				7EFEE80223B16EA6002928A2 /* PtnViewController.swift in Sources */,
				7EE0E74A24EA22E7002D03F8 /* NSView+Helpers.swift in Sources */,
				7EDA369324D60FCD00F5E368 /* ButtonWithClosure.swift in Sources */,
				7E7C385424DF3A0300CFF3E7 /* PtnViewController+UIHook.swift in Sources */,
				7EF883FC260D7DD400170330 /* DayStartController.swift in Sources */,
				7EE250BB2515B8FE0067C5E9 /* PrefsViewController.swift in Sources */,
				7E37A29B24C0293E005BA1DF /* Entry+CoreDataProperties.swift in Sources */,
				7E9C5EAE2606BDFB00D839C4 /* GoalsView.swift in Sources */,
				7ECAF0DF250D75B70004647E /* WhatdidTextField.swift in Sources */,
				7EE4E39624E24A3F00552AAF /* ManualTickSchedulerWindow.swift in Sources */,
				7E9C5EBC260C09AA00D839C4 /* Session+CoreDataProperties.swift in Sources */,
				7ECF97A724F1D50100DBF1BF /* NSControl+Helper.swift in Sources */,
				7EE0E74624E8899E002D03F8 /* AutoCompletingField.swift in Sources */,
				7EF8579324E094D100867832 /* OpenCloseHelper.swift in Sources */,
				7EF883EB260C7D9900170330 /* ExpandableTextField.swift in Sources */,
				7E51DA09250BF5C60088864F /* TimeZone+Helpers.swift in Sources */,
				7EB7495F2516F9C7001C7DBC /* Prefs.swift in Sources */,
				7E1C2F5124CE43C40070D8CD /* Version.swift in Sources */,
				7ECAF0DD250C9C110004647E /* NSButton+Helpers.swift in Sources */,
				7E07C3B824D121770007FD23 /* DayEndReportController.swift in Sources */,
				7E30B46124C38D91003F3679 /* Atomic.swift in Sources */,
				7E7B7E6124F2F84000460BC3 /* NSStackView+Helpers.swift in Sources */,
				7E37A27424BFF676005BA1DF /* Model.xcdatamodeld in Sources */,
				7EE0E74824EA1ECD002D03F8 /* String+Helpers.swift in Sources */,
				7E88F5AA2529AB46002B2F2E /* Int+Helpers.swift in Sources */,
				7E7C384B24DF2E5E00CFF3E7 /* FlatEntry.swift in Sources */,
				7EE4E39A24E25C0200552AAF /* DefaultScheduler.swift in Sources */,
				7E9C5EBE260C09AA00D839C4 /* Goal+CoreDataProperties.swift in Sources */,
				7E37A29124BFFFCB005BA1DF /* Project+CoreDataProperties.swift in Sources */,
				7EF857A124E2420C00867832 /* Scheduler.swift in Sources */,
				7EF58F8C2580F180002F9604 /* TutorialViewController.swift in Sources */,
				7EF884172610151A00170330 /* TypeAliases.swift in Sources */,
				7E37A29024BFFFCB005BA1DF /* Project+CoreDataClass.swift in Sources */,
				7E5EFA272619B14A00E7834D /* NSTextField+Helpers.swift in Sources */,
				7E9C5EBD260C09AA00D839C4 /* Goal+CoreDataClass.swift in Sources */,
				7EF8579B24E220EA00867832 /* OpenReason.swift in Sources */,
				7EF884112610139B00170330 /* NSViewController+Helper.swift in Sources */,
				7E37A29A24C0293E005BA1DF /* Entry+CoreDataClass.swift in Sources */,
				7EE0E74024E4DF4A002D03F8 /* SubsequenceMatcher.swift in Sources */,
				7E970D6B24DA850D00F634AB /* UiTestWindow.swift in Sources */,
				7E6C98D22503EF4900A712EB /* DelegatingScheduler.swift in Sources */,
				7EB57AA825187549009E85F5 /* NSApperance+Helpers.swift in Sources */,
				7E1EE6622612EEF1003314EE /* CloseConfirmer.swift in Sources */,
				7EDA369524D6A95B00F5E368 /* TimeUtil.swift in Sources */,
				7E37A29D24C0293E005BA1DF /* Task+CoreDataProperties.swift in Sources */,
				7EF58FA12584972F002F9604 /* UITestCommonConsts.swift in Sources */,
				7EA1DFC024CA99BF003AD2BC /* MainMenu.swift in Sources */,
				7E9C5EBB260C09AA00D839C4 /* Session+CoreDataClass.swift in Sources */,
				7E37A29C24C0293E005BA1DF /* Task+CoreDataClass.swift in Sources */,
			);
			runOnlyForDeploymentPostprocessing = 0;
		};
		7E8C04E623714F0800A0C3A6 /* Sources */ = {
			isa = PBXSourcesBuildPhase;
			buildActionMask = 2147483647;
			files = (
				7EEF324824EA54AD002E217A /* NSRange+HelpersTest.swift in Sources */,
				7E6C98D62506B67F00A712EB /* DummyScheduler.swift in Sources */,
				7EB7496125170ED6001C7DBC /* PrefsTest.swift in Sources */,
				7E6C98D42503F5C600A712EB /* DelegatingSchedulerTest.swift in Sources */,
				7EE0E74224E4DF8A002D03F8 /* SubsequenceMatcherTest.swift in Sources */,
				7E579F702503E2920055D9F6 /* SystemClockSchedulerTest.swift in Sources */,
				7E75D0A0251D9A790002DBA0 /* ModelTest.swift in Sources */,
				7EF8579524E0961E00867832 /* OpenCloseHelperTest.swift in Sources */,
				7EAB5ECD24DA366600E18097 /* TimeUtilTest.swift in Sources */,
			);
			runOnlyForDeploymentPostprocessing = 0;
		};
		7E8C04F123714F0800A0C3A6 /* Sources */ = {
			isa = PBXSourcesBuildPhase;
			buildActionMask = 2147483647;
			files = (
				7EF58FA22584972F002F9604 /* UITestCommonConsts.swift in Sources */,
				7EDD2BC62616EFCB005E6A4B /* TutorialTest.swift in Sources */,
				7EF8B9FD2616BCEF00834866 /* AppUITestBase.swift in Sources */,
				7EEF62E2261964C700528000 /* PrefsUITest.swift in Sources */,
				7EEF62EC2619660600528000 /* LongSessionPromptTest.swift in Sources */,
				7E7C384F24DF33A000CFF3E7 /* FlatEntry+Serde.swift in Sources */,
				7EBE61F324DD28F2000B2CB3 /* XCUIElement+Helpers.swift in Sources */,
				7E7C384C24DF2E5E00CFF3E7 /* FlatEntry.swift in Sources */,
				7E64F02B24FAF01700C988C5 /* XCUIElementQuery+Helpers.swift in Sources */,
				7EF8BA072616C77A00834866 /* GoalsTest.swift in Sources */,
				7E8C04FA23714F0800A0C3A6 /* ComponentUITests.swift in Sources */,
				7E1F9060250C5CC500992B7F /* TimeZone+Helpers.swift in Sources */,
				7EBE61F124DD2739000B2CB3 /* PtnViewControllerTest.swift in Sources */,
				7E6F2E6D24F38D9E008874FE /* XCTestCase+Helpers.swift in Sources */,
				7E4778F024F8F177007BAE8C /* AutocompleteFieldHelper.swift in Sources */,
				7EDD2BCC2616F06A005E6A4B /* ScheduleTest.swift in Sources */,
				7E7C385224DF36D000CFF3E7 /* FlatEntry+SerdeTest.swift in Sources */,
				7EDDFF5F250097F20027E91A /* Date+Helpers.swift in Sources */,
				7EF8B9E926158E2200834866 /* UITestBase.swift in Sources */,
				7EEF62D426195C3800528000 /* DailyReportTest.swift in Sources */,
			);
			runOnlyForDeploymentPostprocessing = 0;
		};
/* End PBXSourcesBuildPhase section */

/* Begin PBXTargetDependency section */
		7E8C04EC23714F0800A0C3A6 /* PBXTargetDependency */ = {
			isa = PBXTargetDependency;
			target = 7E8C04D923714F0700A0C3A6 /* whatdid */;
			targetProxy = 7E8C04EB23714F0800A0C3A6 /* PBXContainerItemProxy */;
		};
		7E8C04F723714F0800A0C3A6 /* PBXTargetDependency */ = {
			isa = PBXTargetDependency;
			target = 7E8C04D923714F0700A0C3A6 /* whatdid */;
			targetProxy = 7E8C04F623714F0800A0C3A6 /* PBXContainerItemProxy */;
		};
/* End PBXTargetDependency section */

/* Begin PBXVariantGroup section */
		7E8C04E123714F0800A0C3A6 /* MainMenu.xib */ = {
			isa = PBXVariantGroup;
			children = (
				7E8C04E223714F0800A0C3A6 /* Base */,
			);
			name = MainMenu.xib;
			sourceTree = "<group>";
		};
/* End PBXVariantGroup section */

/* Begin XCBuildConfiguration section */
		7E6FF1A7252D71080071E58C /* Debug */ = {
			isa = XCBuildConfiguration;
			buildSettings = {
				ASSETCATALOG_COMPILER_APPICON_NAME = AppIcon;
				ASSETCATALOG_COMPILER_GLOBAL_ACCENT_COLOR_NAME = AccentColor;
				CLANG_WARN_QUOTED_INCLUDE_IN_FRAMEWORK_HEADER = YES;
				CODE_SIGN_ENTITLEMENTS = WhatdidLauncher/WhatdidLauncher.entitlements;
				CODE_SIGN_IDENTITY = "-";
				CODE_SIGN_STYLE = Automatic;
				COMBINE_HIDPI_IMAGES = YES;
				DEVELOPMENT_TEAM = "";
				ENABLE_HARDENED_RUNTIME = YES;
				INFOPLIST_FILE = WhatdidLauncher/Info.plist;
				LD_RUNPATH_SEARCH_PATHS = (
					"$(inherited)",
					"@executable_path/../Frameworks",
				);
				MACOSX_DEPLOYMENT_TARGET = 10.15;
				PRODUCT_BUNDLE_IDENTIFIER = com.yuvalshavit.WhatdidLauncher;
				PRODUCT_NAME = "$(TARGET_NAME)";
				SKIP_INSTALL = YES;
				SWIFT_VERSION = 5.0;
			};
			name = Debug;
		};
		7E6FF1A8252D71080071E58C /* UI Test */ = {
			isa = XCBuildConfiguration;
			buildSettings = {
				ASSETCATALOG_COMPILER_APPICON_NAME = AppIcon;
				ASSETCATALOG_COMPILER_GLOBAL_ACCENT_COLOR_NAME = AccentColor;
				CLANG_WARN_QUOTED_INCLUDE_IN_FRAMEWORK_HEADER = YES;
				CODE_SIGN_ENTITLEMENTS = WhatdidLauncher/WhatdidLauncher.entitlements;
				CODE_SIGN_IDENTITY = "-";
				CODE_SIGN_STYLE = Automatic;
				COMBINE_HIDPI_IMAGES = YES;
				DEVELOPMENT_TEAM = "";
				ENABLE_HARDENED_RUNTIME = YES;
				INFOPLIST_FILE = WhatdidLauncher/Info.plist;
				LD_RUNPATH_SEARCH_PATHS = (
					"$(inherited)",
					"@executable_path/../Frameworks",
				);
				MACOSX_DEPLOYMENT_TARGET = 10.15;
				PRODUCT_BUNDLE_IDENTIFIER = com.yuvalshavit.WhatdidLauncher;
				PRODUCT_NAME = "$(TARGET_NAME)";
				SKIP_INSTALL = YES;
				SWIFT_VERSION = 5.0;
			};
			name = "UI Test";
		};
		7E6FF1A9252D71080071E58C /* Release */ = {
			isa = XCBuildConfiguration;
			buildSettings = {
				ASSETCATALOG_COMPILER_APPICON_NAME = AppIcon;
				ASSETCATALOG_COMPILER_GLOBAL_ACCENT_COLOR_NAME = AccentColor;
				CLANG_WARN_QUOTED_INCLUDE_IN_FRAMEWORK_HEADER = YES;
				CODE_SIGN_ENTITLEMENTS = WhatdidLauncher/WhatdidLauncherRelease.entitlements;
				CODE_SIGN_IDENTITY = "Developer ID Application";
				CODE_SIGN_STYLE = Manual;
				COMBINE_HIDPI_IMAGES = YES;
				DEVELOPMENT_TEAM = CUJYAXXM6G;
				ENABLE_HARDENED_RUNTIME = YES;
				INFOPLIST_FILE = WhatdidLauncher/Info.plist;
				LD_RUNPATH_SEARCH_PATHS = (
					"$(inherited)",
					"@executable_path/../Frameworks",
				);
				MACOSX_DEPLOYMENT_TARGET = 10.15;
				PRODUCT_BUNDLE_IDENTIFIER = com.yuvalshavit.WhatdidLauncher;
				PRODUCT_NAME = "$(TARGET_NAME)";
				PROVISIONING_PROFILE_SPECIFIER = "";
				SKIP_INSTALL = YES;
				SWIFT_VERSION = 5.0;
			};
			name = Release;
		};
		7E8C04FC23714F0800A0C3A6 /* Debug */ = {
			isa = XCBuildConfiguration;
			buildSettings = {
				ALWAYS_SEARCH_USER_PATHS = NO;
				CLANG_ANALYZER_NONNULL = YES;
				CLANG_ANALYZER_NUMBER_OBJECT_CONVERSION = YES_AGGRESSIVE;
				CLANG_CXX_LANGUAGE_STANDARD = "gnu++14";
				CLANG_CXX_LIBRARY = "libc++";
				CLANG_ENABLE_MODULES = YES;
				CLANG_ENABLE_OBJC_ARC = YES;
				CLANG_ENABLE_OBJC_WEAK = YES;
				CLANG_WARN_BLOCK_CAPTURE_AUTORELEASING = YES;
				CLANG_WARN_BOOL_CONVERSION = YES;
				CLANG_WARN_COMMA = YES;
				CLANG_WARN_CONSTANT_CONVERSION = YES;
				CLANG_WARN_DEPRECATED_OBJC_IMPLEMENTATIONS = YES;
				CLANG_WARN_DIRECT_OBJC_ISA_USAGE = YES_ERROR;
				CLANG_WARN_DOCUMENTATION_COMMENTS = YES;
				CLANG_WARN_EMPTY_BODY = YES;
				CLANG_WARN_ENUM_CONVERSION = YES;
				CLANG_WARN_INFINITE_RECURSION = YES;
				CLANG_WARN_INT_CONVERSION = YES;
				CLANG_WARN_NON_LITERAL_NULL_CONVERSION = YES;
				CLANG_WARN_OBJC_IMPLICIT_RETAIN_SELF = YES;
				CLANG_WARN_OBJC_LITERAL_CONVERSION = YES;
				CLANG_WARN_OBJC_ROOT_CLASS = YES_ERROR;
				CLANG_WARN_RANGE_LOOP_ANALYSIS = YES;
				CLANG_WARN_STRICT_PROTOTYPES = YES;
				CLANG_WARN_SUSPICIOUS_MOVE = YES;
				CLANG_WARN_UNGUARDED_AVAILABILITY = YES_AGGRESSIVE;
				CLANG_WARN_UNREACHABLE_CODE = YES;
				CLANG_WARN__DUPLICATE_METHOD_MATCH = YES;
				COPY_PHASE_STRIP = NO;
				DEBUG_INFORMATION_FORMAT = dwarf;
				ENABLE_STRICT_OBJC_MSGSEND = YES;
				ENABLE_TESTABILITY = YES;
				GCC_C_LANGUAGE_STANDARD = gnu11;
				GCC_DYNAMIC_NO_PIC = NO;
				GCC_NO_COMMON_BLOCKS = YES;
				GCC_OPTIMIZATION_LEVEL = 0;
				GCC_PREPROCESSOR_DEFINITIONS = (
					"DEBUG=1",
					"$(inherited)",
				);
				GCC_WARN_64_TO_32_BIT_CONVERSION = YES;
				GCC_WARN_ABOUT_RETURN_TYPE = YES_ERROR;
				GCC_WARN_UNDECLARED_SELECTOR = YES;
				GCC_WARN_UNINITIALIZED_AUTOS = YES_AGGRESSIVE;
				GCC_WARN_UNUSED_FUNCTION = YES;
				GCC_WARN_UNUSED_VARIABLE = YES;
				MACOSX_DEPLOYMENT_TARGET = 10.14;
				MTL_ENABLE_DEBUG_INFO = INCLUDE_SOURCE;
				MTL_FAST_MATH = YES;
				ONLY_ACTIVE_ARCH = YES;
				SDKROOT = macosx;
				SWIFT_ACTIVE_COMPILATION_CONDITIONS = DEBUG;
				SWIFT_OPTIMIZATION_LEVEL = "-Onone";
			};
			name = Debug;
		};
		7E8C04FD23714F0800A0C3A6 /* Release */ = {
			isa = XCBuildConfiguration;
			buildSettings = {
				ALWAYS_SEARCH_USER_PATHS = NO;
				CLANG_ANALYZER_NONNULL = YES;
				CLANG_ANALYZER_NUMBER_OBJECT_CONVERSION = YES_AGGRESSIVE;
				CLANG_CXX_LANGUAGE_STANDARD = "gnu++14";
				CLANG_CXX_LIBRARY = "libc++";
				CLANG_ENABLE_MODULES = YES;
				CLANG_ENABLE_OBJC_ARC = YES;
				CLANG_ENABLE_OBJC_WEAK = YES;
				CLANG_WARN_BLOCK_CAPTURE_AUTORELEASING = YES;
				CLANG_WARN_BOOL_CONVERSION = YES;
				CLANG_WARN_COMMA = YES;
				CLANG_WARN_CONSTANT_CONVERSION = YES;
				CLANG_WARN_DEPRECATED_OBJC_IMPLEMENTATIONS = YES;
				CLANG_WARN_DIRECT_OBJC_ISA_USAGE = YES_ERROR;
				CLANG_WARN_DOCUMENTATION_COMMENTS = YES;
				CLANG_WARN_EMPTY_BODY = YES;
				CLANG_WARN_ENUM_CONVERSION = YES;
				CLANG_WARN_INFINITE_RECURSION = YES;
				CLANG_WARN_INT_CONVERSION = YES;
				CLANG_WARN_NON_LITERAL_NULL_CONVERSION = YES;
				CLANG_WARN_OBJC_IMPLICIT_RETAIN_SELF = YES;
				CLANG_WARN_OBJC_LITERAL_CONVERSION = YES;
				CLANG_WARN_OBJC_ROOT_CLASS = YES_ERROR;
				CLANG_WARN_RANGE_LOOP_ANALYSIS = YES;
				CLANG_WARN_STRICT_PROTOTYPES = YES;
				CLANG_WARN_SUSPICIOUS_MOVE = YES;
				CLANG_WARN_UNGUARDED_AVAILABILITY = YES_AGGRESSIVE;
				CLANG_WARN_UNREACHABLE_CODE = YES;
				CLANG_WARN__DUPLICATE_METHOD_MATCH = YES;
				COPY_PHASE_STRIP = NO;
				DEBUG_INFORMATION_FORMAT = "dwarf-with-dsym";
				ENABLE_NS_ASSERTIONS = NO;
				ENABLE_STRICT_OBJC_MSGSEND = YES;
				GCC_C_LANGUAGE_STANDARD = gnu11;
				GCC_NO_COMMON_BLOCKS = YES;
				GCC_WARN_64_TO_32_BIT_CONVERSION = YES;
				GCC_WARN_ABOUT_RETURN_TYPE = YES_ERROR;
				GCC_WARN_UNDECLARED_SELECTOR = YES;
				GCC_WARN_UNINITIALIZED_AUTOS = YES_AGGRESSIVE;
				GCC_WARN_UNUSED_FUNCTION = YES;
				GCC_WARN_UNUSED_VARIABLE = YES;
				MACOSX_DEPLOYMENT_TARGET = 10.14;
				MTL_ENABLE_DEBUG_INFO = NO;
				MTL_FAST_MATH = YES;
				SDKROOT = macosx;
				SWIFT_COMPILATION_MODE = wholemodule;
				SWIFT_OPTIMIZATION_LEVEL = "-O";
			};
			name = Release;
		};
		7E8C04FF23714F0800A0C3A6 /* Debug */ = {
			isa = XCBuildConfiguration;
			buildSettings = {
				ASSETCATALOG_COMPILER_APPICON_NAME = AppIcon;
				CODE_SIGN_ENTITLEMENTS = whatdid/whatdid.entitlements;
				CODE_SIGN_IDENTITY = "-";
				CODE_SIGN_STYLE = Automatic;
				COMBINE_HIDPI_IMAGES = YES;
				DEVELOPMENT_TEAM = "";
				INFOPLIST_FILE = whatdid/Info.plist;
				LD_RUNPATH_SEARCH_PATHS = (
					"$(inherited)",
					"@executable_path/../Frameworks",
				);
				MACOSX_DEPLOYMENT_TARGET = 10.14;
				MARKETING_VERSION = 0.1;
				PRODUCT_BUNDLE_IDENTIFIER = com.yuvalshavit.whatdid;
				PRODUCT_NAME = "$(TARGET_NAME)";
				PROVISIONING_PROFILE_SPECIFIER = "";
				SWIFT_VERSION = 5.0;
			};
			name = Debug;
		};
		7E8C050023714F0800A0C3A6 /* Release */ = {
			isa = XCBuildConfiguration;
			buildSettings = {
				ASSETCATALOG_COMPILER_APPICON_NAME = AppIcon;
				CODE_SIGN_ENTITLEMENTS = whatdid/whatdidRelease.entitlements;
				CODE_SIGN_IDENTITY = "Developer ID Application";
				CODE_SIGN_STYLE = Manual;
				COMBINE_HIDPI_IMAGES = YES;
				DEVELOPMENT_TEAM = CUJYAXXM6G;
				ENABLE_HARDENED_RUNTIME = YES;
				INFOPLIST_FILE = whatdid/Info.plist;
				LD_RUNPATH_SEARCH_PATHS = (
					"$(inherited)",
					"@executable_path/../Frameworks",
				);
				MACOSX_DEPLOYMENT_TARGET = 10.14;
				MARKETING_VERSION = 0.1;
				PRODUCT_BUNDLE_IDENTIFIER = com.yuvalshavit.whatdid;
				PRODUCT_NAME = "$(TARGET_NAME)";
				PROVISIONING_PROFILE_SPECIFIER = "";
				SWIFT_VERSION = 5.0;
			};
			name = Release;
		};
		7E8C050223714F0800A0C3A6 /* Debug */ = {
			isa = XCBuildConfiguration;
			buildSettings = {
				ALWAYS_EMBED_SWIFT_STANDARD_LIBRARIES = YES;
				BUNDLE_LOADER = "$(TEST_HOST)";
				CODE_SIGN_STYLE = Automatic;
				COMBINE_HIDPI_IMAGES = YES;
				INFOPLIST_FILE = whatdidTests/Info.plist;
				LD_RUNPATH_SEARCH_PATHS = (
					"$(inherited)",
					"@executable_path/../Frameworks",
					"@loader_path/../Frameworks",
				);
				MACOSX_DEPLOYMENT_TARGET = 10.14;
				PRODUCT_BUNDLE_IDENTIFIER = com.yuvalshavit.whatdidTests;
				PRODUCT_NAME = "$(TARGET_NAME)";
				SWIFT_VERSION = 5.0;
				TEST_HOST = "$(BUILT_PRODUCTS_DIR)/whatdid.app/Contents/MacOS/whatdid";
			};
			name = Debug;
		};
		7E8C050323714F0800A0C3A6 /* Release */ = {
			isa = XCBuildConfiguration;
			buildSettings = {
				ALWAYS_EMBED_SWIFT_STANDARD_LIBRARIES = YES;
				BUNDLE_LOADER = "$(TEST_HOST)";
				CODE_SIGN_STYLE = Automatic;
				COMBINE_HIDPI_IMAGES = YES;
				INFOPLIST_FILE = whatdidTests/Info.plist;
				LD_RUNPATH_SEARCH_PATHS = (
					"$(inherited)",
					"@executable_path/../Frameworks",
					"@loader_path/../Frameworks",
				);
				MACOSX_DEPLOYMENT_TARGET = 10.14;
				PRODUCT_BUNDLE_IDENTIFIER = com.yuvalshavit.whatdidTests;
				PRODUCT_NAME = "$(TARGET_NAME)";
				SWIFT_VERSION = 5.0;
				TEST_HOST = "$(BUILT_PRODUCTS_DIR)/whatdid.app/Contents/MacOS/whatdid";
			};
			name = Release;
		};
		7E8C050523714F0800A0C3A6 /* Debug */ = {
			isa = XCBuildConfiguration;
			buildSettings = {
				ALWAYS_EMBED_SWIFT_STANDARD_LIBRARIES = YES;
				CODE_SIGN_STYLE = Automatic;
				COMBINE_HIDPI_IMAGES = YES;
				INFOPLIST_FILE = whatdidUITests/Info.plist;
				LD_RUNPATH_SEARCH_PATHS = (
					"$(inherited)",
					"@executable_path/../Frameworks",
					"@loader_path/../Frameworks",
				);
				PRODUCT_BUNDLE_IDENTIFIER = com.yuvalshavit.whatdidUITests;
				PRODUCT_NAME = "$(TARGET_NAME)";
				SWIFT_VERSION = 5.0;
				TEST_TARGET_NAME = whatdid;
			};
			name = Debug;
		};
		7E8C050623714F0800A0C3A6 /* Release */ = {
			isa = XCBuildConfiguration;
			buildSettings = {
				ALWAYS_EMBED_SWIFT_STANDARD_LIBRARIES = YES;
				CODE_SIGN_STYLE = Automatic;
				COMBINE_HIDPI_IMAGES = YES;
				INFOPLIST_FILE = whatdidUITests/Info.plist;
				LD_RUNPATH_SEARCH_PATHS = (
					"$(inherited)",
					"@executable_path/../Frameworks",
					"@loader_path/../Frameworks",
				);
				PRODUCT_BUNDLE_IDENTIFIER = com.yuvalshavit.whatdidUITests;
				PRODUCT_NAME = "$(TARGET_NAME)";
				SWIFT_VERSION = 5.0;
				TEST_TARGET_NAME = whatdid;
			};
			name = Release;
		};
		7E99A85E24DA7A6900E6A3F6 /* UI Test */ = {
			isa = XCBuildConfiguration;
			buildSettings = {
				ALWAYS_SEARCH_USER_PATHS = NO;
				CLANG_ANALYZER_NONNULL = YES;
				CLANG_ANALYZER_NUMBER_OBJECT_CONVERSION = YES_AGGRESSIVE;
				CLANG_CXX_LANGUAGE_STANDARD = "gnu++14";
				CLANG_CXX_LIBRARY = "libc++";
				CLANG_ENABLE_MODULES = YES;
				CLANG_ENABLE_OBJC_ARC = YES;
				CLANG_ENABLE_OBJC_WEAK = YES;
				CLANG_WARN_BLOCK_CAPTURE_AUTORELEASING = YES;
				CLANG_WARN_BOOL_CONVERSION = YES;
				CLANG_WARN_COMMA = YES;
				CLANG_WARN_CONSTANT_CONVERSION = YES;
				CLANG_WARN_DEPRECATED_OBJC_IMPLEMENTATIONS = YES;
				CLANG_WARN_DIRECT_OBJC_ISA_USAGE = YES_ERROR;
				CLANG_WARN_DOCUMENTATION_COMMENTS = YES;
				CLANG_WARN_EMPTY_BODY = YES;
				CLANG_WARN_ENUM_CONVERSION = YES;
				CLANG_WARN_INFINITE_RECURSION = YES;
				CLANG_WARN_INT_CONVERSION = YES;
				CLANG_WARN_NON_LITERAL_NULL_CONVERSION = YES;
				CLANG_WARN_OBJC_IMPLICIT_RETAIN_SELF = YES;
				CLANG_WARN_OBJC_LITERAL_CONVERSION = YES;
				CLANG_WARN_OBJC_ROOT_CLASS = YES_ERROR;
				CLANG_WARN_RANGE_LOOP_ANALYSIS = YES;
				CLANG_WARN_STRICT_PROTOTYPES = YES;
				CLANG_WARN_SUSPICIOUS_MOVE = YES;
				CLANG_WARN_UNGUARDED_AVAILABILITY = YES_AGGRESSIVE;
				CLANG_WARN_UNREACHABLE_CODE = YES;
				CLANG_WARN__DUPLICATE_METHOD_MATCH = YES;
				COPY_PHASE_STRIP = NO;
				DEBUG_INFORMATION_FORMAT = dwarf;
				ENABLE_STRICT_OBJC_MSGSEND = YES;
				ENABLE_TESTABILITY = YES;
				GCC_C_LANGUAGE_STANDARD = gnu11;
				GCC_DYNAMIC_NO_PIC = NO;
				GCC_NO_COMMON_BLOCKS = YES;
				GCC_OPTIMIZATION_LEVEL = 0;
				GCC_PREPROCESSOR_DEFINITIONS = (
					"DEBUG=1",
					"$(inherited)",
				);
				GCC_WARN_64_TO_32_BIT_CONVERSION = YES;
				GCC_WARN_ABOUT_RETURN_TYPE = YES_ERROR;
				GCC_WARN_UNDECLARED_SELECTOR = YES;
				GCC_WARN_UNINITIALIZED_AUTOS = YES_AGGRESSIVE;
				GCC_WARN_UNUSED_FUNCTION = YES;
				GCC_WARN_UNUSED_VARIABLE = YES;
				MACOSX_DEPLOYMENT_TARGET = 10.14;
				MTL_ENABLE_DEBUG_INFO = INCLUDE_SOURCE;
				MTL_FAST_MATH = YES;
				ONLY_ACTIVE_ARCH = YES;
				SDKROOT = macosx;
				SWIFT_ACTIVE_COMPILATION_CONDITIONS = "DEBUG UI_TEST";
				SWIFT_OPTIMIZATION_LEVEL = "-Onone";
			};
			name = "UI Test";
		};
		7E99A85F24DA7A6900E6A3F6 /* UI Test */ = {
			isa = XCBuildConfiguration;
			buildSettings = {
				ASSETCATALOG_COMPILER_APPICON_NAME = AppIcon;
				CODE_SIGN_ENTITLEMENTS = whatdid/whatdid.entitlements;
				CODE_SIGN_IDENTITY = "-";
				CODE_SIGN_STYLE = Automatic;
				COMBINE_HIDPI_IMAGES = YES;
				DEVELOPMENT_TEAM = "";
				INFOPLIST_FILE = whatdid/Info.plist;
				LD_RUNPATH_SEARCH_PATHS = (
					"$(inherited)",
					"@executable_path/../Frameworks",
				);
				MACOSX_DEPLOYMENT_TARGET = 10.14;
				MARKETING_VERSION = 0.1;
				PRODUCT_BUNDLE_IDENTIFIER = com.yuvalshavit.whatdid;
				PRODUCT_NAME = "$(TARGET_NAME)";
				PROVISIONING_PROFILE_SPECIFIER = "";
				SWIFT_VERSION = 5.0;
			};
			name = "UI Test";
		};
		7E99A86024DA7A6900E6A3F6 /* UI Test */ = {
			isa = XCBuildConfiguration;
			buildSettings = {
				ALWAYS_EMBED_SWIFT_STANDARD_LIBRARIES = YES;
				BUNDLE_LOADER = "$(TEST_HOST)";
				CODE_SIGN_STYLE = Automatic;
				COMBINE_HIDPI_IMAGES = YES;
				INFOPLIST_FILE = whatdidTests/Info.plist;
				LD_RUNPATH_SEARCH_PATHS = (
					"$(inherited)",
					"@executable_path/../Frameworks",
					"@loader_path/../Frameworks",
				);
				MACOSX_DEPLOYMENT_TARGET = 10.14;
				PRODUCT_BUNDLE_IDENTIFIER = com.yuvalshavit.whatdidTests;
				PRODUCT_NAME = "$(TARGET_NAME)";
				SWIFT_VERSION = 5.0;
				TEST_HOST = "$(BUILT_PRODUCTS_DIR)/whatdid.app/Contents/MacOS/whatdid";
			};
			name = "UI Test";
		};
		7E99A86124DA7A6900E6A3F6 /* UI Test */ = {
			isa = XCBuildConfiguration;
			buildSettings = {
				ALWAYS_EMBED_SWIFT_STANDARD_LIBRARIES = YES;
				CODE_SIGN_STYLE = Automatic;
				COMBINE_HIDPI_IMAGES = YES;
				INFOPLIST_FILE = whatdidUITests/Info.plist;
				LD_RUNPATH_SEARCH_PATHS = (
					"$(inherited)",
					"@executable_path/../Frameworks",
					"@loader_path/../Frameworks",
				);
				PRODUCT_BUNDLE_IDENTIFIER = com.yuvalshavit.whatdidUITests;
				PRODUCT_NAME = "$(TARGET_NAME)";
				SWIFT_VERSION = 5.0;
				TEST_TARGET_NAME = whatdid;
			};
			name = "UI Test";
		};
/* End XCBuildConfiguration section */

/* Begin XCConfigurationList section */
		7E6FF1AA252D71080071E58C /* Build configuration list for PBXNativeTarget "WhatdidLauncher" */ = {
			isa = XCConfigurationList;
			buildConfigurations = (
				7E6FF1A7252D71080071E58C /* Debug */,
				7E6FF1A8252D71080071E58C /* UI Test */,
				7E6FF1A9252D71080071E58C /* Release */,
			);
			defaultConfigurationIsVisible = 0;
			defaultConfigurationName = Release;
		};
		7E8C04D523714F0700A0C3A6 /* Build configuration list for PBXProject "whatdid" */ = {
			isa = XCConfigurationList;
			buildConfigurations = (
				7E8C04FC23714F0800A0C3A6 /* Debug */,
				7E99A85E24DA7A6900E6A3F6 /* UI Test */,
				7E8C04FD23714F0800A0C3A6 /* Release */,
			);
			defaultConfigurationIsVisible = 0;
			defaultConfigurationName = Release;
		};
		7E8C04FE23714F0800A0C3A6 /* Build configuration list for PBXNativeTarget "whatdid" */ = {
			isa = XCConfigurationList;
			buildConfigurations = (
				7E8C04FF23714F0800A0C3A6 /* Debug */,
				7E99A85F24DA7A6900E6A3F6 /* UI Test */,
				7E8C050023714F0800A0C3A6 /* Release */,
			);
			defaultConfigurationIsVisible = 0;
			defaultConfigurationName = Release;
		};
		7E8C050123714F0800A0C3A6 /* Build configuration list for PBXNativeTarget "whatdidTests" */ = {
			isa = XCConfigurationList;
			buildConfigurations = (
				7E8C050223714F0800A0C3A6 /* Debug */,
				7E99A86024DA7A6900E6A3F6 /* UI Test */,
				7E8C050323714F0800A0C3A6 /* Release */,
			);
			defaultConfigurationIsVisible = 0;
			defaultConfigurationName = Release;
		};
		7E8C050423714F0800A0C3A6 /* Build configuration list for PBXNativeTarget "whatdidUITests" */ = {
			isa = XCConfigurationList;
			buildConfigurations = (
				7E8C050523714F0800A0C3A6 /* Debug */,
				7E99A86124DA7A6900E6A3F6 /* UI Test */,
				7E8C050623714F0800A0C3A6 /* Release */,
			);
			defaultConfigurationIsVisible = 0;
			defaultConfigurationName = Release;
		};
/* End XCConfigurationList section */

/* Begin XCRemoteSwiftPackageReference section */
		7EB74959251699FD001C7DBC /* XCRemoteSwiftPackageReference "KeyboardShortcuts" */ = {
			isa = XCRemoteSwiftPackageReference;
			repositoryURL = "https://github.com/sindresorhus/KeyboardShortcuts";
			requirement = {
				kind = upToNextMajorVersion;
				minimumVersion = 0.5.0;
			};
		};
/* End XCRemoteSwiftPackageReference section */

/* Begin XCSwiftPackageProductDependency section */
		7EB7495A251699FD001C7DBC /* KeyboardShortcuts */ = {
			isa = XCSwiftPackageProductDependency;
			package = 7EB74959251699FD001C7DBC /* XCRemoteSwiftPackageReference "KeyboardShortcuts" */;
			productName = KeyboardShortcuts;
		};
/* End XCSwiftPackageProductDependency section */

/* Begin XCVersionGroup section */
		7E37A27224BFF676005BA1DF /* Model.xcdatamodeld */ = {
			isa = XCVersionGroup;
			children = (
				7E37A27324BFF676005BA1DF /* Model.xcdatamodel */,
			);
			currentVersion = 7E37A27324BFF676005BA1DF /* Model.xcdatamodel */;
			path = Model.xcdatamodeld;
			sourceTree = "<group>";
			versionGroupType = wrapper.xcdatamodel;
		};
/* End XCVersionGroup section */
	};
	rootObject = 7E8C04D223714F0700A0C3A6 /* Project object */;
}
