// !$*UTF8*$!
{
	archiveVersion = 1;
	classes = {
	};
	objectVersion = 52;
	objects = {

/* Begin PBXBuildFile section */
		7E07C3B824D121770007FD23 /* DayEndReportController.swift in Sources */ = {isa = PBXBuildFile; fileRef = 7E07C3B624D121770007FD23 /* DayEndReportController.swift */; };
		7E07C3B924D121770007FD23 /* DayEndReportController.xib in Resources */ = {isa = PBXBuildFile; fileRef = 7E07C3B724D121770007FD23 /* DayEndReportController.xib */; };
		7E10088B24CB5FE100D0BAE6 /* HotKey in Frameworks */ = {isa = PBXBuildFile; productRef = 7E10088A24CB5FE100D0BAE6 /* HotKey */; };
		7E1C2F5124CE43C40070D8CD /* Version.swift in Sources */ = {isa = PBXBuildFile; fileRef = 7E1C2F5024CE43C40070D8CD /* Version.swift */; };
		7E30B46124C38D91003F3679 /* Atomic.swift in Sources */ = {isa = PBXBuildFile; fileRef = 7E30B46024C38D91003F3679 /* Atomic.swift */; };
		7E37A27424BFF676005BA1DF /* Model.xcdatamodeld in Sources */ = {isa = PBXBuildFile; fileRef = 7E37A27224BFF676005BA1DF /* Model.xcdatamodeld */; };
		7E37A29024BFFFCB005BA1DF /* Project+CoreDataClass.swift in Sources */ = {isa = PBXBuildFile; fileRef = 7E37A28C24BFFFCB005BA1DF /* Project+CoreDataClass.swift */; };
		7E37A29124BFFFCB005BA1DF /* Project+CoreDataProperties.swift in Sources */ = {isa = PBXBuildFile; fileRef = 7E37A28D24BFFFCB005BA1DF /* Project+CoreDataProperties.swift */; };
		7E37A29524C00266005BA1DF /* Model.swift in Sources */ = {isa = PBXBuildFile; fileRef = 7E37A29424C00266005BA1DF /* Model.swift */; };
		7E37A29A24C0293E005BA1DF /* Entry+CoreDataClass.swift in Sources */ = {isa = PBXBuildFile; fileRef = 7E37A29624C0293E005BA1DF /* Entry+CoreDataClass.swift */; };
		7E37A29B24C0293E005BA1DF /* Entry+CoreDataProperties.swift in Sources */ = {isa = PBXBuildFile; fileRef = 7E37A29724C0293E005BA1DF /* Entry+CoreDataProperties.swift */; };
		7E37A29C24C0293E005BA1DF /* Task+CoreDataClass.swift in Sources */ = {isa = PBXBuildFile; fileRef = 7E37A29824C0293E005BA1DF /* Task+CoreDataClass.swift */; };
		7E37A29D24C0293E005BA1DF /* Task+CoreDataProperties.swift in Sources */ = {isa = PBXBuildFile; fileRef = 7E37A29924C0293E005BA1DF /* Task+CoreDataProperties.swift */; };
		7E7C384B24DF2E5E00CFF3E7 /* FlatEntry.swift in Sources */ = {isa = PBXBuildFile; fileRef = 7E7C384A24DF2E5E00CFF3E7 /* FlatEntry.swift */; };
		7E7C384C24DF2E5E00CFF3E7 /* FlatEntry.swift in Sources */ = {isa = PBXBuildFile; fileRef = 7E7C384A24DF2E5E00CFF3E7 /* FlatEntry.swift */; };
		7E7C384E24DF33A000CFF3E7 /* FlatEntry+Serde.swift in Sources */ = {isa = PBXBuildFile; fileRef = 7E7C384D24DF33A000CFF3E7 /* FlatEntry+Serde.swift */; };
		7E7C384F24DF33A000CFF3E7 /* FlatEntry+Serde.swift in Sources */ = {isa = PBXBuildFile; fileRef = 7E7C384D24DF33A000CFF3E7 /* FlatEntry+Serde.swift */; };
		7E7C385224DF36D000CFF3E7 /* FlatEntry+SerdeTest.swift in Sources */ = {isa = PBXBuildFile; fileRef = 7E7C385124DF36D000CFF3E7 /* FlatEntry+SerdeTest.swift */; };
		7E7C385424DF3A0300CFF3E7 /* PtnViewController+UIHook.swift in Sources */ = {isa = PBXBuildFile; fileRef = 7E7C385324DF3A0300CFF3E7 /* PtnViewController+UIHook.swift */; };
		7E7C385624DF3D2600CFF3E7 /* Model+UIHook.swift in Sources */ = {isa = PBXBuildFile; fileRef = 7E7C385524DF3D2600CFF3E7 /* Model+UIHook.swift */; };
		7E8C04DE23714F0700A0C3A6 /* AppDelegate.swift in Sources */ = {isa = PBXBuildFile; fileRef = 7E8C04DD23714F0700A0C3A6 /* AppDelegate.swift */; };
		7E8C04E023714F0800A0C3A6 /* Assets.xcassets in Resources */ = {isa = PBXBuildFile; fileRef = 7E8C04DF23714F0800A0C3A6 /* Assets.xcassets */; };
		7E8C04FA23714F0800A0C3A6 /* whatdidUITests.swift in Sources */ = {isa = PBXBuildFile; fileRef = 7E8C04F923714F0800A0C3A6 /* whatdidUITests.swift */; };
		7E970D6324DA7C6B00F634AB /* DebugMode.swift in Sources */ = {isa = PBXBuildFile; fileRef = 7EBFC7BF24DA4CB4007D5CAE /* DebugMode.swift */; };
		7E970D6924DA84AF00F634AB /* UiTestWindow.xib in Resources */ = {isa = PBXBuildFile; fileRef = 7E970D6824DA84AF00F634AB /* UiTestWindow.xib */; };
		7E970D6B24DA850D00F634AB /* UiTestWindow.swift in Sources */ = {isa = PBXBuildFile; fileRef = 7E970D6A24DA850D00F634AB /* UiTestWindow.swift */; };
		7EA1DFC024CA99BF003AD2BC /* MainMenu.swift in Sources */ = {isa = PBXBuildFile; fileRef = 7EA1DFBE24CA99BF003AD2BC /* MainMenu.swift */; };
		7EA6E22624BD61FD004B9297 /* MainMenu.xib in Resources */ = {isa = PBXBuildFile; fileRef = 7E8C04E123714F0800A0C3A6 /* MainMenu.xib */; };
		7EA6E22824BD6C5F004B9297 /* PtnViewController.xib in Resources */ = {isa = PBXBuildFile; fileRef = 7EA6E22724BD6C5F004B9297 /* PtnViewController.xib */; };
		7EAB5ECD24DA366600E18097 /* TimeUtilTest.swift in Sources */ = {isa = PBXBuildFile; fileRef = 7EAB5ECC24DA366600E18097 /* TimeUtilTest.swift */; };
		7EBE61E724DBED5A000B2CB3 /* DebugModeTest.swift in Sources */ = {isa = PBXBuildFile; fileRef = 7EBFC7C124DA71B6007D5CAE /* DebugModeTest.swift */; };
		7EBE61F124DD2739000B2CB3 /* PtnViewControllerTest.swift in Sources */ = {isa = PBXBuildFile; fileRef = 7EBE61F024DD2739000B2CB3 /* PtnViewControllerTest.swift */; };
		7EBE61F324DD28F2000B2CB3 /* XCUIElement+Helpers.swift in Sources */ = {isa = PBXBuildFile; fileRef = 7EBE61F224DD28F2000B2CB3 /* XCUIElement+Helpers.swift */; };
		7EBFC7C024DA4CB4007D5CAE /* DebugMode.swift in Sources */ = {isa = PBXBuildFile; fileRef = 7EBFC7BF24DA4CB4007D5CAE /* DebugMode.swift */; };
		7EDA368F24D54EA300F5E368 /* FlippedView.swift in Sources */ = {isa = PBXBuildFile; fileRef = 7EDA368E24D54EA300F5E368 /* FlippedView.swift */; };
		7EDA369324D60FCD00F5E368 /* ButtonWithClosure.swift in Sources */ = {isa = PBXBuildFile; fileRef = 7EDA369224D60FCD00F5E368 /* ButtonWithClosure.swift */; };
		7EDA369524D6A95B00F5E368 /* TimeUtil.swift in Sources */ = {isa = PBXBuildFile; fileRef = 7EDA369424D6A95B00F5E368 /* TimeUtil.swift */; };
		7EE427AB24C42EBD002C51F3 /* AutoCompletingComboBox.swift in Sources */ = {isa = PBXBuildFile; fileRef = 7EE427AA24C42EBD002C51F3 /* AutoCompletingComboBox.swift */; };
		7EF8579324E094D100867832 /* OpenCloseHelper.swift in Sources */ = {isa = PBXBuildFile; fileRef = 7EF8579224E094D100867832 /* OpenCloseHelper.swift */; };
		7EF8579524E0961E00867832 /* OpenCloseHelperTest.swift in Sources */ = {isa = PBXBuildFile; fileRef = 7EF8579424E0961E00867832 /* OpenCloseHelperTest.swift */; };
		7EF8579B24E220EA00867832 /* OpenReason.swift in Sources */ = {isa = PBXBuildFile; fileRef = 7EF8579A24E220EA00867832 /* OpenReason.swift */; };
		7EFEE80223B16EA6002928A2 /* PtnViewController.swift in Sources */ = {isa = PBXBuildFile; fileRef = 7EFEE80123B16EA6002928A2 /* PtnViewController.swift */; };
/* End PBXBuildFile section */

/* Begin PBXContainerItemProxy section */
		7E8C04EB23714F0800A0C3A6 /* PBXContainerItemProxy */ = {
			isa = PBXContainerItemProxy;
			containerPortal = 7E8C04D223714F0700A0C3A6 /* Project object */;
			proxyType = 1;
			remoteGlobalIDString = 7E8C04D923714F0700A0C3A6;
			remoteInfo = whatdid;
		};
		7E8C04F623714F0800A0C3A6 /* PBXContainerItemProxy */ = {
			isa = PBXContainerItemProxy;
			containerPortal = 7E8C04D223714F0700A0C3A6 /* Project object */;
			proxyType = 1;
			remoteGlobalIDString = 7E8C04D923714F0700A0C3A6;
			remoteInfo = whatdid;
		};
/* End PBXContainerItemProxy section */

/* Begin PBXFileReference section */
		7E07C3B624D121770007FD23 /* DayEndReportController.swift */ = {isa = PBXFileReference; lastKnownFileType = sourcecode.swift; path = DayEndReportController.swift; sourceTree = "<group>"; };
		7E07C3B724D121770007FD23 /* DayEndReportController.xib */ = {isa = PBXFileReference; lastKnownFileType = file.xib; path = DayEndReportController.xib; sourceTree = "<group>"; };
		7E1C2F5024CE43C40070D8CD /* Version.swift */ = {isa = PBXFileReference; lastKnownFileType = sourcecode.swift; path = Version.swift; sourceTree = "<group>"; };
		7E30B46024C38D91003F3679 /* Atomic.swift */ = {isa = PBXFileReference; lastKnownFileType = sourcecode.swift; path = Atomic.swift; sourceTree = "<group>"; };
		7E37A27324BFF676005BA1DF /* Model.xcdatamodel */ = {isa = PBXFileReference; lastKnownFileType = wrapper.xcdatamodel; path = Model.xcdatamodel; sourceTree = "<group>"; };
		7E37A28C24BFFFCB005BA1DF /* Project+CoreDataClass.swift */ = {isa = PBXFileReference; lastKnownFileType = sourcecode.swift; path = "Project+CoreDataClass.swift"; sourceTree = "<group>"; };
		7E37A28D24BFFFCB005BA1DF /* Project+CoreDataProperties.swift */ = {isa = PBXFileReference; lastKnownFileType = sourcecode.swift; path = "Project+CoreDataProperties.swift"; sourceTree = "<group>"; };
		7E37A29424C00266005BA1DF /* Model.swift */ = {isa = PBXFileReference; lastKnownFileType = sourcecode.swift; path = Model.swift; sourceTree = "<group>"; };
		7E37A29624C0293E005BA1DF /* Entry+CoreDataClass.swift */ = {isa = PBXFileReference; lastKnownFileType = sourcecode.swift; path = "Entry+CoreDataClass.swift"; sourceTree = "<group>"; };
		7E37A29724C0293E005BA1DF /* Entry+CoreDataProperties.swift */ = {isa = PBXFileReference; lastKnownFileType = sourcecode.swift; path = "Entry+CoreDataProperties.swift"; sourceTree = "<group>"; };
		7E37A29824C0293E005BA1DF /* Task+CoreDataClass.swift */ = {isa = PBXFileReference; lastKnownFileType = sourcecode.swift; path = "Task+CoreDataClass.swift"; sourceTree = "<group>"; };
		7E37A29924C0293E005BA1DF /* Task+CoreDataProperties.swift */ = {isa = PBXFileReference; lastKnownFileType = sourcecode.swift; path = "Task+CoreDataProperties.swift"; sourceTree = "<group>"; };
		7E7C384A24DF2E5E00CFF3E7 /* FlatEntry.swift */ = {isa = PBXFileReference; lastKnownFileType = sourcecode.swift; path = FlatEntry.swift; sourceTree = "<group>"; };
		7E7C384D24DF33A000CFF3E7 /* FlatEntry+Serde.swift */ = {isa = PBXFileReference; lastKnownFileType = sourcecode.swift; path = "FlatEntry+Serde.swift"; sourceTree = "<group>"; };
		7E7C385124DF36D000CFF3E7 /* FlatEntry+SerdeTest.swift */ = {isa = PBXFileReference; lastKnownFileType = sourcecode.swift; path = "FlatEntry+SerdeTest.swift"; sourceTree = "<group>"; };
		7E7C385324DF3A0300CFF3E7 /* PtnViewController+UIHook.swift */ = {isa = PBXFileReference; lastKnownFileType = sourcecode.swift; path = "PtnViewController+UIHook.swift"; sourceTree = "<group>"; };
		7E7C385524DF3D2600CFF3E7 /* Model+UIHook.swift */ = {isa = PBXFileReference; lastKnownFileType = sourcecode.swift; path = "Model+UIHook.swift"; sourceTree = "<group>"; };
		7E8C04DA23714F0700A0C3A6 /* whatdid.app */ = {isa = PBXFileReference; explicitFileType = wrapper.application; includeInIndex = 0; path = whatdid.app; sourceTree = BUILT_PRODUCTS_DIR; };
		7E8C04DD23714F0700A0C3A6 /* AppDelegate.swift */ = {isa = PBXFileReference; lastKnownFileType = sourcecode.swift; path = AppDelegate.swift; sourceTree = "<group>"; };
		7E8C04DF23714F0800A0C3A6 /* Assets.xcassets */ = {isa = PBXFileReference; lastKnownFileType = folder.assetcatalog; path = Assets.xcassets; sourceTree = "<group>"; };
		7E8C04E223714F0800A0C3A6 /* Base */ = {isa = PBXFileReference; lastKnownFileType = file.xib; name = Base; path = Base.lproj/MainMenu.xib; sourceTree = "<group>"; };
		7E8C04E423714F0800A0C3A6 /* Info.plist */ = {isa = PBXFileReference; lastKnownFileType = text.plist.xml; path = Info.plist; sourceTree = "<group>"; };
		7E8C04E523714F0800A0C3A6 /* whatdid.entitlements */ = {isa = PBXFileReference; lastKnownFileType = text.plist.entitlements; path = whatdid.entitlements; sourceTree = "<group>"; };
		7E8C04EA23714F0800A0C3A6 /* whatdidTests.xctest */ = {isa = PBXFileReference; explicitFileType = wrapper.cfbundle; includeInIndex = 0; path = whatdidTests.xctest; sourceTree = BUILT_PRODUCTS_DIR; };
		7E8C04F023714F0800A0C3A6 /* Info.plist */ = {isa = PBXFileReference; lastKnownFileType = text.plist.xml; path = Info.plist; sourceTree = "<group>"; };
		7E8C04F523714F0800A0C3A6 /* whatdidUITests.xctest */ = {isa = PBXFileReference; explicitFileType = wrapper.cfbundle; includeInIndex = 0; path = whatdidUITests.xctest; sourceTree = BUILT_PRODUCTS_DIR; };
		7E8C04F923714F0800A0C3A6 /* whatdidUITests.swift */ = {isa = PBXFileReference; lastKnownFileType = sourcecode.swift; path = whatdidUITests.swift; sourceTree = "<group>"; };
		7E8C04FB23714F0800A0C3A6 /* Info.plist */ = {isa = PBXFileReference; lastKnownFileType = text.plist.xml; path = Info.plist; sourceTree = "<group>"; };
		7E970D6824DA84AF00F634AB /* UiTestWindow.xib */ = {isa = PBXFileReference; lastKnownFileType = file.xib; path = UiTestWindow.xib; sourceTree = "<group>"; };
		7E970D6A24DA850D00F634AB /* UiTestWindow.swift */ = {isa = PBXFileReference; lastKnownFileType = sourcecode.swift; path = UiTestWindow.swift; sourceTree = "<group>"; };
		7EA1DFBE24CA99BF003AD2BC /* MainMenu.swift */ = {isa = PBXFileReference; lastKnownFileType = sourcecode.swift; path = MainMenu.swift; sourceTree = "<group>"; };
		7EA6E22724BD6C5F004B9297 /* PtnViewController.xib */ = {isa = PBXFileReference; lastKnownFileType = file.xib; path = PtnViewController.xib; sourceTree = "<group>"; };
		7EAB5ECC24DA366600E18097 /* TimeUtilTest.swift */ = {isa = PBXFileReference; lastKnownFileType = sourcecode.swift; name = TimeUtilTest.swift; path = whatdidTests/util/TimeUtilTest.swift; sourceTree = SOURCE_ROOT; };
		7EBE61F024DD2739000B2CB3 /* PtnViewControllerTest.swift */ = {isa = PBXFileReference; lastKnownFileType = sourcecode.swift; path = PtnViewControllerTest.swift; sourceTree = "<group>"; };
		7EBE61F224DD28F2000B2CB3 /* XCUIElement+Helpers.swift */ = {isa = PBXFileReference; lastKnownFileType = sourcecode.swift; path = "XCUIElement+Helpers.swift"; sourceTree = "<group>"; };
		7EBFC7BF24DA4CB4007D5CAE /* DebugMode.swift */ = {isa = PBXFileReference; lastKnownFileType = sourcecode.swift; path = DebugMode.swift; sourceTree = "<group>"; };
		7EBFC7C124DA71B6007D5CAE /* DebugModeTest.swift */ = {isa = PBXFileReference; lastKnownFileType = sourcecode.swift; path = DebugModeTest.swift; sourceTree = "<group>"; };
		7EDA368E24D54EA300F5E368 /* FlippedView.swift */ = {isa = PBXFileReference; lastKnownFileType = sourcecode.swift; path = FlippedView.swift; sourceTree = "<group>"; };
		7EDA369224D60FCD00F5E368 /* ButtonWithClosure.swift */ = {isa = PBXFileReference; lastKnownFileType = sourcecode.swift; path = ButtonWithClosure.swift; sourceTree = "<group>"; };
		7EDA369424D6A95B00F5E368 /* TimeUtil.swift */ = {isa = PBXFileReference; lastKnownFileType = sourcecode.swift; path = TimeUtil.swift; sourceTree = "<group>"; };
		7EE427AA24C42EBD002C51F3 /* AutoCompletingComboBox.swift */ = {isa = PBXFileReference; lastKnownFileType = sourcecode.swift; path = AutoCompletingComboBox.swift; sourceTree = "<group>"; };
		7EF8579224E094D100867832 /* OpenCloseHelper.swift */ = {isa = PBXFileReference; lastKnownFileType = sourcecode.swift; path = OpenCloseHelper.swift; sourceTree = "<group>"; };
		7EF8579424E0961E00867832 /* OpenCloseHelperTest.swift */ = {isa = PBXFileReference; lastKnownFileType = sourcecode.swift; path = OpenCloseHelperTest.swift; sourceTree = "<group>"; };
		7EF8579A24E220EA00867832 /* OpenReason.swift */ = {isa = PBXFileReference; lastKnownFileType = sourcecode.swift; path = OpenReason.swift; sourceTree = "<group>"; };
		7EFEE80123B16EA6002928A2 /* PtnViewController.swift */ = {isa = PBXFileReference; lastKnownFileType = sourcecode.swift; path = PtnViewController.swift; sourceTree = "<group>"; };
/* End PBXFileReference section */

/* Begin PBXFrameworksBuildPhase section */
		7E8C04D723714F0700A0C3A6 /* Frameworks */ = {
			isa = PBXFrameworksBuildPhase;
			buildActionMask = 2147483647;
			files = (
				7E10088B24CB5FE100D0BAE6 /* HotKey in Frameworks */,
			);
			runOnlyForDeploymentPostprocessing = 0;
		};
		7E8C04E723714F0800A0C3A6 /* Frameworks */ = {
			isa = PBXFrameworksBuildPhase;
			buildActionMask = 2147483647;
			files = (
			);
			runOnlyForDeploymentPostprocessing = 0;
		};
		7E8C04F223714F0800A0C3A6 /* Frameworks */ = {
			isa = PBXFrameworksBuildPhase;
			buildActionMask = 2147483647;
			files = (
			);
			runOnlyForDeploymentPostprocessing = 0;
		};
/* End PBXFrameworksBuildPhase section */

/* Begin PBXGroup section */
		7E2A11DA24C02D38009B18D2 /* Recovered References */ = {
			isa = PBXGroup;
			children = (
			);
			name = "Recovered References";
			sourceTree = "<group>";
		};
		7E37A27524BFF73E005BA1DF /* model */ = {
			isa = PBXGroup;
			children = (
				7E37A28C24BFFFCB005BA1DF /* Project+CoreDataClass.swift */,
				7E37A28D24BFFFCB005BA1DF /* Project+CoreDataProperties.swift */,
				7E37A29824C0293E005BA1DF /* Task+CoreDataClass.swift */,
				7E37A29924C0293E005BA1DF /* Task+CoreDataProperties.swift */,
				7E37A29624C0293E005BA1DF /* Entry+CoreDataClass.swift */,
				7E37A29724C0293E005BA1DF /* Entry+CoreDataProperties.swift */,
				7E37A27224BFF676005BA1DF /* Model.xcdatamodeld */,
				7E37A29424C00266005BA1DF /* Model.swift */,
				7E7C385524DF3D2600CFF3E7 /* Model+UIHook.swift */,
				7E7C384A24DF2E5E00CFF3E7 /* FlatEntry.swift */,
				7E7C384D24DF33A000CFF3E7 /* FlatEntry+Serde.swift */,
			);
			path = model;
			sourceTree = "<group>";
		};
		7E7C385024DF36B300CFF3E7 /* model */ = {
			isa = PBXGroup;
			children = (
				7E7C385124DF36D000CFF3E7 /* FlatEntry+SerdeTest.swift */,
			);
			path = model;
			sourceTree = "<group>";
		};
		7E8C04D123714F0700A0C3A6 = {
			isa = PBXGroup;
			children = (
				7E8C04DC23714F0700A0C3A6 /* whatdid */,
				7E8C04ED23714F0800A0C3A6 /* whatdidTests */,
				7E8C04F823714F0800A0C3A6 /* whatdidUITests */,
				7E8C04DB23714F0700A0C3A6 /* Products */,
				7E2A11DA24C02D38009B18D2 /* Recovered References */,
			);
			sourceTree = "<group>";
		};
		7E8C04DB23714F0700A0C3A6 /* Products */ = {
			isa = PBXGroup;
			children = (
				7E8C04DA23714F0700A0C3A6 /* whatdid.app */,
				7E8C04EA23714F0800A0C3A6 /* whatdidTests.xctest */,
				7E8C04F523714F0800A0C3A6 /* whatdidUITests.xctest */,
			);
			name = Products;
			sourceTree = "<group>";
		};
		7E8C04DC23714F0700A0C3A6 /* whatdid */ = {
			isa = PBXGroup;
			children = (
				7E8C04DD23714F0700A0C3A6 /* AppDelegate.swift */,
				7EE427AA24C42EBD002C51F3 /* AutoCompletingComboBox.swift */,
				7E07C3B624D121770007FD23 /* DayEndReportController.swift */,
				7E07C3B724D121770007FD23 /* DayEndReportController.xib */,
				7EA1DFBE24CA99BF003AD2BC /* MainMenu.swift */,
				7E8C04E123714F0800A0C3A6 /* MainMenu.xib */,
				7EFEE80123B16EA6002928A2 /* PtnViewController.swift */,
				7EA6E22724BD6C5F004B9297 /* PtnViewController.xib */,
				7E7C385324DF3A0300CFF3E7 /* PtnViewController+UIHook.swift */,
				7EAC528A24CFC94700A13B72 /* boilerplate */,
				7E37A27524BFF73E005BA1DF /* model */,
				7E970D6424DA817B00F634AB /* ui_testhook */,
				7EAC528924CFC90800A13B72 /* util */,
			);
			path = whatdid;
			sourceTree = "<group>";
		};
		7E8C04ED23714F0800A0C3A6 /* whatdidTests */ = {
			isa = PBXGroup;
			children = (
				7E970D6524DA81A400F634AB /* ui_testhook */,
				7EE9A1C024DA35F200EE0FB1 /* util */,
				7E8C04F023714F0800A0C3A6 /* Info.plist */,
			);
			path = whatdidTests;
			sourceTree = "<group>";
		};
		7E8C04F823714F0800A0C3A6 /* whatdidUITests */ = {
			isa = PBXGroup;
			children = (
				7E7C385024DF36B300CFF3E7 /* model */,
				7EBE61E624DBECD8000B2CB3 /* util */,
				7E8C04F923714F0800A0C3A6 /* whatdidUITests.swift */,
				7E8C04FB23714F0800A0C3A6 /* Info.plist */,
				7EBE61F024DD2739000B2CB3 /* PtnViewControllerTest.swift */,
				7EBE61F224DD28F2000B2CB3 /* XCUIElement+Helpers.swift */,
			);
			path = whatdidUITests;
			sourceTree = "<group>";
		};
		7E970D6424DA817B00F634AB /* ui_testhook */ = {
			isa = PBXGroup;
			children = (
				7EBFC7BF24DA4CB4007D5CAE /* DebugMode.swift */,
				7E970D6A24DA850D00F634AB /* UiTestWindow.swift */,
				7E970D6824DA84AF00F634AB /* UiTestWindow.xib */,
			);
			path = ui_testhook;
			sourceTree = "<group>";
		};
		7E970D6524DA81A400F634AB /* ui_testhook */ = {
			isa = PBXGroup;
			children = (
			);
			path = ui_testhook;
			sourceTree = "<group>";
		};
		7EAC528924CFC90800A13B72 /* util */ = {
			isa = PBXGroup;
			children = (
				7E30B46024C38D91003F3679 /* Atomic.swift */,
				7E1C2F5024CE43C40070D8CD /* Version.swift */,
				7EDA368E24D54EA300F5E368 /* FlippedView.swift */,
				7EDA369224D60FCD00F5E368 /* ButtonWithClosure.swift */,
				7EDA369424D6A95B00F5E368 /* TimeUtil.swift */,
				7EF8579224E094D100867832 /* OpenCloseHelper.swift */,
				7EF8579A24E220EA00867832 /* OpenReason.swift */,
			);
			path = util;
			sourceTree = "<group>";
		};
		7EAC528A24CFC94700A13B72 /* boilerplate */ = {
			isa = PBXGroup;
			children = (
				7E8C04E423714F0800A0C3A6 /* Info.plist */,
				7E8C04E523714F0800A0C3A6 /* whatdid.entitlements */,
				7E8C04DF23714F0800A0C3A6 /* Assets.xcassets */,
			);
			name = boilerplate;
			sourceTree = "<group>";
		};
		7EBE61E624DBECD8000B2CB3 /* util */ = {
			isa = PBXGroup;
			children = (
				7EBFC7C124DA71B6007D5CAE /* DebugModeTest.swift */,
			);
			path = util;
			sourceTree = "<group>";
		};
		7EE9A1C024DA35F200EE0FB1 /* util */ = {
			isa = PBXGroup;
			children = (
				7EAB5ECC24DA366600E18097 /* TimeUtilTest.swift */,
				7EF8579424E0961E00867832 /* OpenCloseHelperTest.swift */,
			);
			path = util;
			sourceTree = "<group>";
		};
/* End PBXGroup section */

/* Begin PBXNativeTarget section */
		7E8C04D923714F0700A0C3A6 /* whatdid */ = {
			isa = PBXNativeTarget;
			buildConfigurationList = 7E8C04FE23714F0800A0C3A6 /* Build configuration list for PBXNativeTarget "whatdid" */;
			buildPhases = (
				7E8C04D623714F0700A0C3A6 /* Sources */,
				7E8C04D723714F0700A0C3A6 /* Frameworks */,
				7E8C04D823714F0700A0C3A6 /* Resources */,
				7E1C2F4F24CE33780070D8CD /* Set gitsha in Info.plist */,
			);
			buildRules = (
			);
			dependencies = (
			);
			name = whatdid;
			packageProductDependencies = (
				7E10088A24CB5FE100D0BAE6 /* HotKey */,
			);
			productName = whatdid;
			productReference = 7E8C04DA23714F0700A0C3A6 /* whatdid.app */;
			productType = "com.apple.product-type.application";
		};
		7E8C04E923714F0800A0C3A6 /* whatdidTests */ = {
			isa = PBXNativeTarget;
			buildConfigurationList = 7E8C050123714F0800A0C3A6 /* Build configuration list for PBXNativeTarget "whatdidTests" */;
			buildPhases = (
				7E8C04E623714F0800A0C3A6 /* Sources */,
				7E8C04E723714F0800A0C3A6 /* Frameworks */,
				7E8C04E823714F0800A0C3A6 /* Resources */,
			);
			buildRules = (
			);
			dependencies = (
				7E8C04EC23714F0800A0C3A6 /* PBXTargetDependency */,
			);
			name = whatdidTests;
			productName = whatdidTests;
			productReference = 7E8C04EA23714F0800A0C3A6 /* whatdidTests.xctest */;
			productType = "com.apple.product-type.bundle.unit-test";
		};
		7E8C04F423714F0800A0C3A6 /* whatdidUITests */ = {
			isa = PBXNativeTarget;
			buildConfigurationList = 7E8C050423714F0800A0C3A6 /* Build configuration list for PBXNativeTarget "whatdidUITests" */;
			buildPhases = (
				7E8C04F123714F0800A0C3A6 /* Sources */,
				7E8C04F223714F0800A0C3A6 /* Frameworks */,
				7E8C04F323714F0800A0C3A6 /* Resources */,
			);
			buildRules = (
			);
			dependencies = (
				7E8C04F723714F0800A0C3A6 /* PBXTargetDependency */,
			);
			name = whatdidUITests;
			productName = whatdidUITests;
			productReference = 7E8C04F523714F0800A0C3A6 /* whatdidUITests.xctest */;
			productType = "com.apple.product-type.bundle.ui-testing";
		};
/* End PBXNativeTarget section */

/* Begin PBXProject section */
		7E8C04D223714F0700A0C3A6 /* Project object */ = {
			isa = PBXProject;
			attributes = {
				LastSwiftUpdateCheck = 1120;
				LastUpgradeCheck = 1150;
				ORGANIZATIONNAME = "Yuval Shavit";
				TargetAttributes = {
					7E8C04D923714F0700A0C3A6 = {
						CreatedOnToolsVersion = 11.2;
					};
					7E8C04E923714F0800A0C3A6 = {
						CreatedOnToolsVersion = 11.2;
						TestTargetID = 7E8C04D923714F0700A0C3A6;
					};
					7E8C04F423714F0800A0C3A6 = {
						CreatedOnToolsVersion = 11.2;
						TestTargetID = 7E8C04D923714F0700A0C3A6;
					};
				};
			};
			buildConfigurationList = 7E8C04D523714F0700A0C3A6 /* Build configuration list for PBXProject "whatdid" */;
			compatibilityVersion = "Xcode 9.3";
			developmentRegion = en;
			hasScannedForEncodings = 0;
			knownRegions = (
				en,
				Base,
			);
			mainGroup = 7E8C04D123714F0700A0C3A6;
			packageReferences = (
				7E10088924CB5FE100D0BAE6 /* XCRemoteSwiftPackageReference "HotKey" */,
			);
			productRefGroup = 7E8C04DB23714F0700A0C3A6 /* Products */;
			projectDirPath = "";
			projectRoot = "";
			targets = (
				7E8C04D923714F0700A0C3A6 /* whatdid */,
				7E8C04E923714F0800A0C3A6 /* whatdidTests */,
				7E8C04F423714F0800A0C3A6 /* whatdidUITests */,
			);
		};
/* End PBXProject section */

/* Begin PBXResourcesBuildPhase section */
		7E8C04D823714F0700A0C3A6 /* Resources */ = {
			isa = PBXResourcesBuildPhase;
			buildActionMask = 2147483647;
			files = (
				7E07C3B924D121770007FD23 /* DayEndReportController.xib in Resources */,
				7E8C04E023714F0800A0C3A6 /* Assets.xcassets in Resources */,
				7EA6E22824BD6C5F004B9297 /* PtnViewController.xib in Resources */,
				7EA6E22624BD61FD004B9297 /* MainMenu.xib in Resources */,
				7E970D6924DA84AF00F634AB /* UiTestWindow.xib in Resources */,
			);
			runOnlyForDeploymentPostprocessing = 0;
		};
		7E8C04E823714F0800A0C3A6 /* Resources */ = {
			isa = PBXResourcesBuildPhase;
			buildActionMask = 2147483647;
			files = (
			);
			runOnlyForDeploymentPostprocessing = 0;
		};
		7E8C04F323714F0800A0C3A6 /* Resources */ = {
			isa = PBXResourcesBuildPhase;
			buildActionMask = 2147483647;
			files = (
			);
			runOnlyForDeploymentPostprocessing = 0;
		};
/* End PBXResourcesBuildPhase section */

/* Begin PBXShellScriptBuildPhase section */
		7E1C2F4F24CE33780070D8CD /* Set gitsha in Info.plist */ = {
			isa = PBXShellScriptBuildPhase;
			buildActionMask = 2147483647;
			files = (
			);
			inputFileListPaths = (
			);
			inputPaths = (
			);
			name = "Set gitsha in Info.plist";
			outputFileListPaths = (
			);
			outputPaths = (
			);
			runOnlyForDeploymentPostprocessing = 0;
			shellPath = /bin/sh;
			shellScript = "$SRCROOT/buildscripts/set_plist_build.sh\n";
		};
/* End PBXShellScriptBuildPhase section */

/* Begin PBXSourcesBuildPhase section */
		7E8C04D623714F0700A0C3A6 /* Sources */ = {
			isa = PBXSourcesBuildPhase;
			buildActionMask = 2147483647;
			files = (
				7E7C385624DF3D2600CFF3E7 /* Model+UIHook.swift in Sources */,
				7E37A29524C00266005BA1DF /* Model.swift in Sources */,
				7E8C04DE23714F0700A0C3A6 /* AppDelegate.swift in Sources */,
				7EDA368F24D54EA300F5E368 /* FlippedView.swift in Sources */,
				7E7C384E24DF33A000CFF3E7 /* FlatEntry+Serde.swift in Sources */,
				7EBFC7C024DA4CB4007D5CAE /* DebugMode.swift in Sources */,
				7EFEE80223B16EA6002928A2 /* PtnViewController.swift in Sources */,
				7EDA369324D60FCD00F5E368 /* ButtonWithClosure.swift in Sources */,
				7E7C385424DF3A0300CFF3E7 /* PtnViewController+UIHook.swift in Sources */,
				7E37A29B24C0293E005BA1DF /* Entry+CoreDataProperties.swift in Sources */,
				7EF8579324E094D100867832 /* OpenCloseHelper.swift in Sources */,
				7E1C2F5124CE43C40070D8CD /* Version.swift in Sources */,
				7E07C3B824D121770007FD23 /* DayEndReportController.swift in Sources */,
				7EE427AB24C42EBD002C51F3 /* AutoCompletingComboBox.swift in Sources */,
				7E30B46124C38D91003F3679 /* Atomic.swift in Sources */,
				7E37A27424BFF676005BA1DF /* Model.xcdatamodeld in Sources */,
				7E7C384B24DF2E5E00CFF3E7 /* FlatEntry.swift in Sources */,
				7E37A29124BFFFCB005BA1DF /* Project+CoreDataProperties.swift in Sources */,
				7E37A29024BFFFCB005BA1DF /* Project+CoreDataClass.swift in Sources */,
				7EF8579B24E220EA00867832 /* OpenReason.swift in Sources */,
				7E37A29A24C0293E005BA1DF /* Entry+CoreDataClass.swift in Sources */,
				7E970D6B24DA850D00F634AB /* UiTestWindow.swift in Sources */,
				7EDA369524D6A95B00F5E368 /* TimeUtil.swift in Sources */,
				7E37A29D24C0293E005BA1DF /* Task+CoreDataProperties.swift in Sources */,
				7EA1DFC024CA99BF003AD2BC /* MainMenu.swift in Sources */,
				7E37A29C24C0293E005BA1DF /* Task+CoreDataClass.swift in Sources */,
			);
			runOnlyForDeploymentPostprocessing = 0;
		};
		7E8C04E623714F0800A0C3A6 /* Sources */ = {
			isa = PBXSourcesBuildPhase;
			buildActionMask = 2147483647;
			files = (
				7EF8579524E0961E00867832 /* OpenCloseHelperTest.swift in Sources */,
				7EAB5ECD24DA366600E18097 /* TimeUtilTest.swift in Sources */,
			);
			runOnlyForDeploymentPostprocessing = 0;
		};
		7E8C04F123714F0800A0C3A6 /* Sources */ = {
			isa = PBXSourcesBuildPhase;
			buildActionMask = 2147483647;
			files = (
				7EBE61E724DBED5A000B2CB3 /* DebugModeTest.swift in Sources */,
				7E7C384F24DF33A000CFF3E7 /* FlatEntry+Serde.swift in Sources */,
				7E970D6324DA7C6B00F634AB /* DebugMode.swift in Sources */,
				7EBE61F324DD28F2000B2CB3 /* XCUIElement+Helpers.swift in Sources */,
				7E7C384C24DF2E5E00CFF3E7 /* FlatEntry.swift in Sources */,
				7E8C04FA23714F0800A0C3A6 /* whatdidUITests.swift in Sources */,
				7EBE61F124DD2739000B2CB3 /* PtnViewControllerTest.swift in Sources */,
				7E7C385224DF36D000CFF3E7 /* FlatEntry+SerdeTest.swift in Sources */,
			);
			runOnlyForDeploymentPostprocessing = 0;
		};
/* End PBXSourcesBuildPhase section */

/* Begin PBXTargetDependency section */
		7E8C04EC23714F0800A0C3A6 /* PBXTargetDependency */ = {
			isa = PBXTargetDependency;
			target = 7E8C04D923714F0700A0C3A6 /* whatdid */;
			targetProxy = 7E8C04EB23714F0800A0C3A6 /* PBXContainerItemProxy */;
		};
		7E8C04F723714F0800A0C3A6 /* PBXTargetDependency */ = {
			isa = PBXTargetDependency;
			target = 7E8C04D923714F0700A0C3A6 /* whatdid */;
			targetProxy = 7E8C04F623714F0800A0C3A6 /* PBXContainerItemProxy */;
		};
/* End PBXTargetDependency section */

/* Begin PBXVariantGroup section */
		7E8C04E123714F0800A0C3A6 /* MainMenu.xib */ = {
			isa = PBXVariantGroup;
			children = (
				7E8C04E223714F0800A0C3A6 /* Base */,
			);
			name = MainMenu.xib;
			sourceTree = "<group>";
		};
/* End PBXVariantGroup section */

/* Begin XCBuildConfiguration section */
		7E8C04FC23714F0800A0C3A6 /* Debug */ = {
			isa = XCBuildConfiguration;
			buildSettings = {
				ALWAYS_SEARCH_USER_PATHS = NO;
				CLANG_ANALYZER_NONNULL = YES;
				CLANG_ANALYZER_NUMBER_OBJECT_CONVERSION = YES_AGGRESSIVE;
				CLANG_CXX_LANGUAGE_STANDARD = "gnu++14";
				CLANG_CXX_LIBRARY = "libc++";
				CLANG_ENABLE_MODULES = YES;
				CLANG_ENABLE_OBJC_ARC = YES;
				CLANG_ENABLE_OBJC_WEAK = YES;
				CLANG_WARN_BLOCK_CAPTURE_AUTORELEASING = YES;
				CLANG_WARN_BOOL_CONVERSION = YES;
				CLANG_WARN_COMMA = YES;
				CLANG_WARN_CONSTANT_CONVERSION = YES;
				CLANG_WARN_DEPRECATED_OBJC_IMPLEMENTATIONS = YES;
				CLANG_WARN_DIRECT_OBJC_ISA_USAGE = YES_ERROR;
				CLANG_WARN_DOCUMENTATION_COMMENTS = YES;
				CLANG_WARN_EMPTY_BODY = YES;
				CLANG_WARN_ENUM_CONVERSION = YES;
				CLANG_WARN_INFINITE_RECURSION = YES;
				CLANG_WARN_INT_CONVERSION = YES;
				CLANG_WARN_NON_LITERAL_NULL_CONVERSION = YES;
				CLANG_WARN_OBJC_IMPLICIT_RETAIN_SELF = YES;
				CLANG_WARN_OBJC_LITERAL_CONVERSION = YES;
				CLANG_WARN_OBJC_ROOT_CLASS = YES_ERROR;
				CLANG_WARN_RANGE_LOOP_ANALYSIS = YES;
				CLANG_WARN_STRICT_PROTOTYPES = YES;
				CLANG_WARN_SUSPICIOUS_MOVE = YES;
				CLANG_WARN_UNGUARDED_AVAILABILITY = YES_AGGRESSIVE;
				CLANG_WARN_UNREACHABLE_CODE = YES;
				CLANG_WARN__DUPLICATE_METHOD_MATCH = YES;
				COPY_PHASE_STRIP = NO;
				DEBUG_INFORMATION_FORMAT = dwarf;
				ENABLE_STRICT_OBJC_MSGSEND = YES;
				ENABLE_TESTABILITY = YES;
				GCC_C_LANGUAGE_STANDARD = gnu11;
				GCC_DYNAMIC_NO_PIC = NO;
				GCC_NO_COMMON_BLOCKS = YES;
				GCC_OPTIMIZATION_LEVEL = 0;
				GCC_PREPROCESSOR_DEFINITIONS = (
					"DEBUG=1",
					"$(inherited)",
				);
				GCC_WARN_64_TO_32_BIT_CONVERSION = YES;
				GCC_WARN_ABOUT_RETURN_TYPE = YES_ERROR;
				GCC_WARN_UNDECLARED_SELECTOR = YES;
				GCC_WARN_UNINITIALIZED_AUTOS = YES_AGGRESSIVE;
				GCC_WARN_UNUSED_FUNCTION = YES;
				GCC_WARN_UNUSED_VARIABLE = YES;
				MACOSX_DEPLOYMENT_TARGET = 10.14;
				MTL_ENABLE_DEBUG_INFO = INCLUDE_SOURCE;
				MTL_FAST_MATH = YES;
				ONLY_ACTIVE_ARCH = YES;
				SDKROOT = macosx;
				SWIFT_ACTIVE_COMPILATION_CONDITIONS = DEBUG;
				SWIFT_OPTIMIZATION_LEVEL = "-Onone";
			};
			name = Debug;
		};
		7E8C04FD23714F0800A0C3A6 /* Release */ = {
			isa = XCBuildConfiguration;
			buildSettings = {
				ALWAYS_SEARCH_USER_PATHS = NO;
				CLANG_ANALYZER_NONNULL = YES;
				CLANG_ANALYZER_NUMBER_OBJECT_CONVERSION = YES_AGGRESSIVE;
				CLANG_CXX_LANGUAGE_STANDARD = "gnu++14";
				CLANG_CXX_LIBRARY = "libc++";
				CLANG_ENABLE_MODULES = YES;
				CLANG_ENABLE_OBJC_ARC = YES;
				CLANG_ENABLE_OBJC_WEAK = YES;
				CLANG_WARN_BLOCK_CAPTURE_AUTORELEASING = YES;
				CLANG_WARN_BOOL_CONVERSION = YES;
				CLANG_WARN_COMMA = YES;
				CLANG_WARN_CONSTANT_CONVERSION = YES;
				CLANG_WARN_DEPRECATED_OBJC_IMPLEMENTATIONS = YES;
				CLANG_WARN_DIRECT_OBJC_ISA_USAGE = YES_ERROR;
				CLANG_WARN_DOCUMENTATION_COMMENTS = YES;
				CLANG_WARN_EMPTY_BODY = YES;
				CLANG_WARN_ENUM_CONVERSION = YES;
				CLANG_WARN_INFINITE_RECURSION = YES;
				CLANG_WARN_INT_CONVERSION = YES;
				CLANG_WARN_NON_LITERAL_NULL_CONVERSION = YES;
				CLANG_WARN_OBJC_IMPLICIT_RETAIN_SELF = YES;
				CLANG_WARN_OBJC_LITERAL_CONVERSION = YES;
				CLANG_WARN_OBJC_ROOT_CLASS = YES_ERROR;
				CLANG_WARN_RANGE_LOOP_ANALYSIS = YES;
				CLANG_WARN_STRICT_PROTOTYPES = YES;
				CLANG_WARN_SUSPICIOUS_MOVE = YES;
				CLANG_WARN_UNGUARDED_AVAILABILITY = YES_AGGRESSIVE;
				CLANG_WARN_UNREACHABLE_CODE = YES;
				CLANG_WARN__DUPLICATE_METHOD_MATCH = YES;
				COPY_PHASE_STRIP = NO;
				DEBUG_INFORMATION_FORMAT = "dwarf-with-dsym";
				ENABLE_NS_ASSERTIONS = NO;
				ENABLE_STRICT_OBJC_MSGSEND = YES;
				GCC_C_LANGUAGE_STANDARD = gnu11;
				GCC_NO_COMMON_BLOCKS = YES;
				GCC_WARN_64_TO_32_BIT_CONVERSION = YES;
				GCC_WARN_ABOUT_RETURN_TYPE = YES_ERROR;
				GCC_WARN_UNDECLARED_SELECTOR = YES;
				GCC_WARN_UNINITIALIZED_AUTOS = YES_AGGRESSIVE;
				GCC_WARN_UNUSED_FUNCTION = YES;
				GCC_WARN_UNUSED_VARIABLE = YES;
				MACOSX_DEPLOYMENT_TARGET = 10.14;
				MTL_ENABLE_DEBUG_INFO = NO;
				MTL_FAST_MATH = YES;
				SDKROOT = macosx;
				SWIFT_COMPILATION_MODE = wholemodule;
				SWIFT_OPTIMIZATION_LEVEL = "-O";
			};
			name = Release;
		};
		7E8C04FF23714F0800A0C3A6 /* Debug */ = {
			isa = XCBuildConfiguration;
			buildSettings = {
				ASSETCATALOG_COMPILER_APPICON_NAME = AppIcon;
				CODE_SIGN_ENTITLEMENTS = whatdid/whatdid.entitlements;
				CODE_SIGN_IDENTITY = "-";
				CODE_SIGN_STYLE = Automatic;
				COMBINE_HIDPI_IMAGES = YES;
				DEVELOPMENT_TEAM = "";
				INFOPLIST_FILE = whatdid/Info.plist;
				LD_RUNPATH_SEARCH_PATHS = (
					"$(inherited)",
					"@executable_path/../Frameworks",
				);
				MACOSX_DEPLOYMENT_TARGET = 10.14;
				MARKETING_VERSION = 0.1;
				PRODUCT_BUNDLE_IDENTIFIER = com.yuvalshavit.whatdid;
				PRODUCT_NAME = "$(TARGET_NAME)";
				PROVISIONING_PROFILE_SPECIFIER = "";
				SWIFT_VERSION = 5.0;
			};
			name = Debug;
		};
		7E8C050023714F0800A0C3A6 /* Release */ = {
			isa = XCBuildConfiguration;
			buildSettings = {
				ASSETCATALOG_COMPILER_APPICON_NAME = AppIcon;
				CODE_SIGN_ENTITLEMENTS = whatdid/whatdid.entitlements;
				CODE_SIGN_IDENTITY = "-";
				CODE_SIGN_STYLE = Automatic;
				COMBINE_HIDPI_IMAGES = YES;
				DEVELOPMENT_TEAM = "";
				INFOPLIST_FILE = whatdid/Info.plist;
				LD_RUNPATH_SEARCH_PATHS = (
					"$(inherited)",
					"@executable_path/../Frameworks",
				);
				MACOSX_DEPLOYMENT_TARGET = 10.14;
				MARKETING_VERSION = 0.1;
				PRODUCT_BUNDLE_IDENTIFIER = com.yuvalshavit.whatdid;
				PRODUCT_NAME = "$(TARGET_NAME)";
				PROVISIONING_PROFILE_SPECIFIER = "";
				SWIFT_VERSION = 5.0;
			};
			name = Release;
		};
		7E8C050223714F0800A0C3A6 /* Debug */ = {
			isa = XCBuildConfiguration;
			buildSettings = {
				ALWAYS_EMBED_SWIFT_STANDARD_LIBRARIES = YES;
				BUNDLE_LOADER = "$(TEST_HOST)";
				CODE_SIGN_STYLE = Automatic;
				COMBINE_HIDPI_IMAGES = YES;
				INFOPLIST_FILE = whatdidTests/Info.plist;
				LD_RUNPATH_SEARCH_PATHS = (
					"$(inherited)",
					"@executable_path/../Frameworks",
					"@loader_path/../Frameworks",
				);
				MACOSX_DEPLOYMENT_TARGET = 10.14;
				PRODUCT_BUNDLE_IDENTIFIER = com.yuvalshavit.whatdidTests;
				PRODUCT_NAME = "$(TARGET_NAME)";
				SWIFT_VERSION = 5.0;
				TEST_HOST = "$(BUILT_PRODUCTS_DIR)/whatdid.app/Contents/MacOS/whatdid";
			};
			name = Debug;
		};
		7E8C050323714F0800A0C3A6 /* Release */ = {
			isa = XCBuildConfiguration;
			buildSettings = {
				ALWAYS_EMBED_SWIFT_STANDARD_LIBRARIES = YES;
				BUNDLE_LOADER = "$(TEST_HOST)";
				CODE_SIGN_STYLE = Automatic;
				COMBINE_HIDPI_IMAGES = YES;
				INFOPLIST_FILE = whatdidTests/Info.plist;
				LD_RUNPATH_SEARCH_PATHS = (
					"$(inherited)",
					"@executable_path/../Frameworks",
					"@loader_path/../Frameworks",
				);
				MACOSX_DEPLOYMENT_TARGET = 10.14;
				PRODUCT_BUNDLE_IDENTIFIER = com.yuvalshavit.whatdidTests;
				PRODUCT_NAME = "$(TARGET_NAME)";
				SWIFT_VERSION = 5.0;
				TEST_HOST = "$(BUILT_PRODUCTS_DIR)/whatdid.app/Contents/MacOS/whatdid";
			};
			name = Release;
		};
		7E8C050523714F0800A0C3A6 /* Debug */ = {
			isa = XCBuildConfiguration;
			buildSettings = {
				ALWAYS_EMBED_SWIFT_STANDARD_LIBRARIES = YES;
				CODE_SIGN_STYLE = Automatic;
				COMBINE_HIDPI_IMAGES = YES;
				INFOPLIST_FILE = whatdidUITests/Info.plist;
				LD_RUNPATH_SEARCH_PATHS = (
					"$(inherited)",
					"@executable_path/../Frameworks",
					"@loader_path/../Frameworks",
				);
				PRODUCT_BUNDLE_IDENTIFIER = com.yuvalshavit.whatdidUITests;
				PRODUCT_NAME = "$(TARGET_NAME)";
				SWIFT_VERSION = 5.0;
				TEST_TARGET_NAME = whatdid;
			};
			name = Debug;
		};
		7E8C050623714F0800A0C3A6 /* Release */ = {
			isa = XCBuildConfiguration;
			buildSettings = {
				ALWAYS_EMBED_SWIFT_STANDARD_LIBRARIES = YES;
				CODE_SIGN_STYLE = Automatic;
				COMBINE_HIDPI_IMAGES = YES;
				INFOPLIST_FILE = whatdidUITests/Info.plist;
				LD_RUNPATH_SEARCH_PATHS = (
					"$(inherited)",
					"@executable_path/../Frameworks",
					"@loader_path/../Frameworks",
				);
				PRODUCT_BUNDLE_IDENTIFIER = com.yuvalshavit.whatdidUITests;
				PRODUCT_NAME = "$(TARGET_NAME)";
				SWIFT_VERSION = 5.0;
				TEST_TARGET_NAME = whatdid;
			};
			name = Release;
		};
		7E99A85E24DA7A6900E6A3F6 /* UI Test */ = {
			isa = XCBuildConfiguration;
			buildSettings = {
				ALWAYS_SEARCH_USER_PATHS = NO;
				CLANG_ANALYZER_NONNULL = YES;
				CLANG_ANALYZER_NUMBER_OBJECT_CONVERSION = YES_AGGRESSIVE;
				CLANG_CXX_LANGUAGE_STANDARD = "gnu++14";
				CLANG_CXX_LIBRARY = "libc++";
				CLANG_ENABLE_MODULES = YES;
				CLANG_ENABLE_OBJC_ARC = YES;
				CLANG_ENABLE_OBJC_WEAK = YES;
				CLANG_WARN_BLOCK_CAPTURE_AUTORELEASING = YES;
				CLANG_WARN_BOOL_CONVERSION = YES;
				CLANG_WARN_COMMA = YES;
				CLANG_WARN_CONSTANT_CONVERSION = YES;
				CLANG_WARN_DEPRECATED_OBJC_IMPLEMENTATIONS = YES;
				CLANG_WARN_DIRECT_OBJC_ISA_USAGE = YES_ERROR;
				CLANG_WARN_DOCUMENTATION_COMMENTS = YES;
				CLANG_WARN_EMPTY_BODY = YES;
				CLANG_WARN_ENUM_CONVERSION = YES;
				CLANG_WARN_INFINITE_RECURSION = YES;
				CLANG_WARN_INT_CONVERSION = YES;
				CLANG_WARN_NON_LITERAL_NULL_CONVERSION = YES;
				CLANG_WARN_OBJC_IMPLICIT_RETAIN_SELF = YES;
				CLANG_WARN_OBJC_LITERAL_CONVERSION = YES;
				CLANG_WARN_OBJC_ROOT_CLASS = YES_ERROR;
				CLANG_WARN_RANGE_LOOP_ANALYSIS = YES;
				CLANG_WARN_STRICT_PROTOTYPES = YES;
				CLANG_WARN_SUSPICIOUS_MOVE = YES;
				CLANG_WARN_UNGUARDED_AVAILABILITY = YES_AGGRESSIVE;
				CLANG_WARN_UNREACHABLE_CODE = YES;
				CLANG_WARN__DUPLICATE_METHOD_MATCH = YES;
				COPY_PHASE_STRIP = NO;
				DEBUG_INFORMATION_FORMAT = dwarf;
				ENABLE_STRICT_OBJC_MSGSEND = YES;
				ENABLE_TESTABILITY = YES;
				GCC_C_LANGUAGE_STANDARD = gnu11;
				GCC_DYNAMIC_NO_PIC = NO;
				GCC_NO_COMMON_BLOCKS = YES;
				GCC_OPTIMIZATION_LEVEL = 0;
				GCC_PREPROCESSOR_DEFINITIONS = (
					"DEBUG=1",
					"$(inherited)",
				);
				GCC_WARN_64_TO_32_BIT_CONVERSION = YES;
				GCC_WARN_ABOUT_RETURN_TYPE = YES_ERROR;
				GCC_WARN_UNDECLARED_SELECTOR = YES;
				GCC_WARN_UNINITIALIZED_AUTOS = YES_AGGRESSIVE;
				GCC_WARN_UNUSED_FUNCTION = YES;
				GCC_WARN_UNUSED_VARIABLE = YES;
				MACOSX_DEPLOYMENT_TARGET = 10.14;
				MTL_ENABLE_DEBUG_INFO = INCLUDE_SOURCE;
				MTL_FAST_MATH = YES;
				ONLY_ACTIVE_ARCH = YES;
				SDKROOT = macosx;
				SWIFT_ACTIVE_COMPILATION_CONDITIONS = "DEBUG UI_TEST";
				SWIFT_OPTIMIZATION_LEVEL = "-Onone";
			};
			name = "UI Test";
		};
		7E99A85F24DA7A6900E6A3F6 /* UI Test */ = {
			isa = XCBuildConfiguration;
			buildSettings = {
				ASSETCATALOG_COMPILER_APPICON_NAME = AppIcon;
				CODE_SIGN_ENTITLEMENTS = whatdid/whatdid.entitlements;
				CODE_SIGN_IDENTITY = "-";
				CODE_SIGN_STYLE = Automatic;
				COMBINE_HIDPI_IMAGES = YES;
				DEVELOPMENT_TEAM = "";
				INFOPLIST_FILE = whatdid/Info.plist;
				LD_RUNPATH_SEARCH_PATHS = (
					"$(inherited)",
					"@executable_path/../Frameworks",
				);
				MACOSX_DEPLOYMENT_TARGET = 10.14;
				MARKETING_VERSION = 0.1;
				PRODUCT_BUNDLE_IDENTIFIER = com.yuvalshavit.whatdid;
				PRODUCT_NAME = "$(TARGET_NAME)";
				PROVISIONING_PROFILE_SPECIFIER = "";
				SWIFT_VERSION = 5.0;
			};
			name = "UI Test";
		};
		7E99A86024DA7A6900E6A3F6 /* UI Test */ = {
			isa = XCBuildConfiguration;
			buildSettings = {
				ALWAYS_EMBED_SWIFT_STANDARD_LIBRARIES = YES;
				BUNDLE_LOADER = "$(TEST_HOST)";
				CODE_SIGN_STYLE = Automatic;
				COMBINE_HIDPI_IMAGES = YES;
				INFOPLIST_FILE = whatdidTests/Info.plist;
				LD_RUNPATH_SEARCH_PATHS = (
					"$(inherited)",
					"@executable_path/../Frameworks",
					"@loader_path/../Frameworks",
				);
				MACOSX_DEPLOYMENT_TARGET = 10.14;
				PRODUCT_BUNDLE_IDENTIFIER = com.yuvalshavit.whatdidTests;
				PRODUCT_NAME = "$(TARGET_NAME)";
				SWIFT_VERSION = 5.0;
				TEST_HOST = "$(BUILT_PRODUCTS_DIR)/whatdid.app/Contents/MacOS/whatdid";
			};
			name = "UI Test";
		};
		7E99A86124DA7A6900E6A3F6 /* UI Test */ = {
			isa = XCBuildConfiguration;
			buildSettings = {
				ALWAYS_EMBED_SWIFT_STANDARD_LIBRARIES = YES;
				CODE_SIGN_STYLE = Automatic;
				COMBINE_HIDPI_IMAGES = YES;
				INFOPLIST_FILE = whatdidUITests/Info.plist;
				LD_RUNPATH_SEARCH_PATHS = (
					"$(inherited)",
					"@executable_path/../Frameworks",
					"@loader_path/../Frameworks",
				);
				PRODUCT_BUNDLE_IDENTIFIER = com.yuvalshavit.whatdidUITests;
				PRODUCT_NAME = "$(TARGET_NAME)";
				SWIFT_VERSION = 5.0;
				TEST_TARGET_NAME = whatdid;
			};
			name = "UI Test";
		};
/* End XCBuildConfiguration section */

/* Begin XCConfigurationList section */
		7E8C04D523714F0700A0C3A6 /* Build configuration list for PBXProject "whatdid" */ = {
			isa = XCConfigurationList;
			buildConfigurations = (
				7E8C04FC23714F0800A0C3A6 /* Debug */,
				7E99A85E24DA7A6900E6A3F6 /* UI Test */,
				7E8C04FD23714F0800A0C3A6 /* Release */,
			);
			defaultConfigurationIsVisible = 0;
			defaultConfigurationName = Release;
		};
		7E8C04FE23714F0800A0C3A6 /* Build configuration list for PBXNativeTarget "whatdid" */ = {
			isa = XCConfigurationList;
			buildConfigurations = (
				7E8C04FF23714F0800A0C3A6 /* Debug */,
				7E99A85F24DA7A6900E6A3F6 /* UI Test */,
				7E8C050023714F0800A0C3A6 /* Release */,
			);
			defaultConfigurationIsVisible = 0;
			defaultConfigurationName = Release;
		};
		7E8C050123714F0800A0C3A6 /* Build configuration list for PBXNativeTarget "whatdidTests" */ = {
			isa = XCConfigurationList;
			buildConfigurations = (
				7E8C050223714F0800A0C3A6 /* Debug */,
				7E99A86024DA7A6900E6A3F6 /* UI Test */,
				7E8C050323714F0800A0C3A6 /* Release */,
			);
			defaultConfigurationIsVisible = 0;
			defaultConfigurationName = Release;
		};
		7E8C050423714F0800A0C3A6 /* Build configuration list for PBXNativeTarget "whatdidUITests" */ = {
			isa = XCConfigurationList;
			buildConfigurations = (
				7E8C050523714F0800A0C3A6 /* Debug */,
				7E99A86124DA7A6900E6A3F6 /* UI Test */,
				7E8C050623714F0800A0C3A6 /* Release */,
			);
			defaultConfigurationIsVisible = 0;
			defaultConfigurationName = Release;
		};
/* End XCConfigurationList section */

/* Begin XCRemoteSwiftPackageReference section */
		7E10088924CB5FE100D0BAE6 /* XCRemoteSwiftPackageReference "HotKey" */ = {
			isa = XCRemoteSwiftPackageReference;
			repositoryURL = "https://github.com/soffes/HotKey";
			requirement = {
				kind = upToNextMajorVersion;
				minimumVersion = 0.1.2;
			};
		};
/* End XCRemoteSwiftPackageReference section */

/* Begin XCSwiftPackageProductDependency section */
		7E10088A24CB5FE100D0BAE6 /* HotKey */ = {
			isa = XCSwiftPackageProductDependency;
			package = 7E10088924CB5FE100D0BAE6 /* XCRemoteSwiftPackageReference "HotKey" */;
			productName = HotKey;
		};
/* End XCSwiftPackageProductDependency section */

/* Begin XCVersionGroup section */
		7E37A27224BFF676005BA1DF /* Model.xcdatamodeld */ = {
			isa = XCVersionGroup;
			children = (
				7E37A27324BFF676005BA1DF /* Model.xcdatamodel */,
			);
			currentVersion = 7E37A27324BFF676005BA1DF /* Model.xcdatamodel */;
			path = Model.xcdatamodeld;
			sourceTree = "<group>";
			versionGroupType = wrapper.xcdatamodel;
		};
/* End XCVersionGroup section */
	};
	rootObject = 7E8C04D223714F0700A0C3A6 /* Project object */;
}
